
Microsoft Visual Studio Solution File, Format Version 12.00
# Visual Studio 14
VisualStudioVersion = 14.0.25420.1
MinimumVisualStudioVersion = 10.0.40219.1
Project("{FAE04EC0-301F-11D3-BF4B-00C04F79EFBC}") = "Acr.Bluetooth", "Acr.Bluetooth\Acr.Bluetooth.csproj", "{4C6339CE-EA4E-46A5-B2E9-7E7C07DDBDED}"
EndProject
Project("{FAE04EC0-301F-11D3-BF4B-00C04F79EFBC}") = "Acr.Bluetooth.Android", "Acr.Bluetooth.Android\Acr.Bluetooth.Android.csproj", "{579CC70E-87BC-4A62-8D83-63CED16B38B0}"
EndProject
Project("{FAE04EC0-301F-11D3-BF4B-00C04F79EFBC}") = "Acr.Bluetooth.Uwp", "Acr.Bluetooth.Uwp\Acr.Bluetooth.Uwp.csproj", "{7C198F0C-15D7-4E46-B6E4-1561E78320B3}"
EndProject
Project("{FAE04EC0-301F-11D3-BF4B-00C04F79EFBC}") = "Acr.Bluetooth.Interface", "Acr.Bluetooth.Interface\Acr.Bluetooth.Interface.csproj", "{AF6CF861-C154-40A4-8B42-715493981F1C}"
EndProject
Project("{2150E333-8FDC-42A3-9474-1A3956D46DE8}") = "Solution Items", "Solution Items", "{CB45572F-4288-4D54-98BB-B2807C2A8C54}"
	ProjectSection(SolutionItems) = preProject
		nuspec\Acr.Beacons.nuspec = nuspec\Acr.Beacons.nuspec
		nuspec\Acr.Ble.nuspec = nuspec\Acr.Ble.nuspec
		nuspec\Acr.Ble.Server.nuspec = nuspec\Acr.Ble.Server.nuspec
		nuspec\Acr.Bluetooth.nuspec = nuspec\Acr.Bluetooth.nuspec
		bootbuild.ps1 = bootbuild.ps1
		bootbuild.sh = bootbuild.sh
		build.cake = build.cake
		license.txt = license.txt
		readme.md = readme.md
	EndProjectSection
EndProject
Project("{D954291E-2A0B-460D-934E-DC6B0785DB48}") = "Acr.Bluetooth.Shared", "Acr.Bluetooth.Shared\Acr.Bluetooth.Shared.shproj", "{86B895C4-C56C-4B0F-A31E-2AF766D55407}"
EndProject
Project("{2150E333-8FDC-42A3-9474-1A3956D46DE8}") = "bluetooth", "bluetooth", "{41253608-E3FE-4F75-BC58-6EA61340B651}"
EndProject
Project("{2150E333-8FDC-42A3-9474-1A3956D46DE8}") = "ble", "ble", "{23AECB80-2C05-4826-845E-B2669CF1A4B6}"
EndProject
Project("{D954291E-2A0B-460D-934E-DC6B0785DB48}") = "Acr.Ble.Shared", "Acr.Ble.Shared\Acr.Ble.Shared.shproj", "{B6CFBF05-04E5-4AE6-8516-C6527C7A2BE8}"
EndProject
Project("{FAE04EC0-301F-11D3-BF4B-00C04F79EFBC}") = "Acr.Ble", "Acr.Ble\Acr.Ble.csproj", "{F44FEBBA-7EA7-4B92-BF25-EBDCC1DB1830}"
EndProject
Project("{FAE04EC0-301F-11D3-BF4B-00C04F79EFBC}") = "Acr.Ble.iOS", "Acr.Ble.iOS\Acr.Ble.iOS.csproj", "{57D5FF44-345D-4229-AEFC-E3F7F260A665}"
EndProject
Project("{FAE04EC0-301F-11D3-BF4B-00C04F79EFBC}") = "Acr.Ble.Android", "Acr.Ble.Android\Acr.Ble.Android.csproj", "{89F4B2DB-539D-467D-B9B1-74608E636349}"
EndProject
Project("{FAE04EC0-301F-11D3-BF4B-00C04F79EFBC}") = "Acr.Ble.Uwp", "Acr.Ble.Uwp\Acr.Ble.Uwp.csproj", "{74399318-B10F-47DC-9500-1F5B9E337DBC}"
EndProject
Project("{FAE04EC0-301F-11D3-BF4B-00C04F79EFBC}") = "Acr.Ble.Interfaces", "Acr.Ble.Interfaces\Acr.Ble.Interfaces.csproj", "{01D11EF2-074C-4BC0-9C05-5A6A9F974E05}"
EndProject
Project("{FAE04EC0-301F-11D3-BF4B-00C04F79EFBC}") = "Acr.Bluetooth.iOS", "Acr.Bluetooth.iOS\Acr.Bluetooth.iOS.csproj", "{3DB549B2-0E0C-417B-94B5-949D0859EA5D}"
EndProject
Global
	GlobalSection(SharedMSBuildProjectFiles) = preSolution
		Acr.Bluetooth.Shared\Acr.Bluetooth.Shared.projitems*{4c6339ce-ea4e-46a5-b2e9-7e7c07ddbded}*SharedItemsImports = 4
		Acr.Bluetooth.Shared\Acr.Bluetooth.Shared.projitems*{579cc70e-87bc-4a62-8d83-63ced16b38b0}*SharedItemsImports = 4
		Acr.Ble.Shared\Acr.Ble.Shared.projitems*{57d5ff44-345d-4229-aefc-e3f7f260a665}*SharedItemsImports = 4
		Acr.Ble.Shared\Acr.Ble.Shared.projitems*{74399318-b10f-47dc-9500-1f5b9e337dbc}*SharedItemsImports = 4
		Acr.Bluetooth.Shared\Acr.Bluetooth.Shared.projitems*{7c198f0c-15d7-4e46-b6e4-1561e78320b3}*SharedItemsImports = 4
		Acr.Bluetooth.Shared\Acr.Bluetooth.Shared.projitems*{86b895c4-c56c-4b0f-a31e-2af766d55407}*SharedItemsImports = 13
		Acr.Ble.Shared\Acr.Ble.Shared.projitems*{89f4b2db-539d-467d-b9b1-74608e636349}*SharedItemsImports = 4
		Acr.Ble.Shared\Acr.Ble.Shared.projitems*{b6cfbf05-04e5-4ae6-8516-c6527c7a2be8}*SharedItemsImports = 13
		Acr.Ble.Shared\Acr.Ble.Shared.projitems*{f44febba-7ea7-4b92-bf25-ebdcc1db1830}*SharedItemsImports = 4
	EndGlobalSection
	GlobalSection(SolutionConfigurationPlatforms) = preSolution
		Ad-Hoc|Any CPU = Ad-Hoc|Any CPU
		Ad-Hoc|ARM = Ad-Hoc|ARM
		Ad-Hoc|iPhone = Ad-Hoc|iPhone
		Ad-Hoc|iPhoneSimulator = Ad-Hoc|iPhoneSimulator
		Ad-Hoc|x64 = Ad-Hoc|x64
		Ad-Hoc|x86 = Ad-Hoc|x86
		AppStore|Any CPU = AppStore|Any CPU
		AppStore|ARM = AppStore|ARM
		AppStore|iPhone = AppStore|iPhone
		AppStore|iPhoneSimulator = AppStore|iPhoneSimulator
		AppStore|x64 = AppStore|x64
		AppStore|x86 = AppStore|x86
		Debug|Any CPU = Debug|Any CPU
		Debug|ARM = Debug|ARM
		Debug|iPhone = Debug|iPhone
		Debug|iPhoneSimulator = Debug|iPhoneSimulator
		Debug|x64 = Debug|x64
		Debug|x86 = Debug|x86
		Release|Any CPU = Release|Any CPU
		Release|ARM = Release|ARM
		Release|iPhone = Release|iPhone
		Release|iPhoneSimulator = Release|iPhoneSimulator
		Release|x64 = Release|x64
		Release|x86 = Release|x86
	EndGlobalSection
	GlobalSection(ProjectConfigurationPlatforms) = postSolution
		{4C6339CE-EA4E-46A5-B2E9-7E7C07DDBDED}.Ad-Hoc|Any CPU.ActiveCfg = Release|Any CPU
		{4C6339CE-EA4E-46A5-B2E9-7E7C07DDBDED}.Ad-Hoc|Any CPU.Build.0 = Release|Any CPU
		{4C6339CE-EA4E-46A5-B2E9-7E7C07DDBDED}.Ad-Hoc|ARM.ActiveCfg = Release|Any CPU
		{4C6339CE-EA4E-46A5-B2E9-7E7C07DDBDED}.Ad-Hoc|ARM.Build.0 = Release|Any CPU
		{4C6339CE-EA4E-46A5-B2E9-7E7C07DDBDED}.Ad-Hoc|iPhone.ActiveCfg = Release|Any CPU
		{4C6339CE-EA4E-46A5-B2E9-7E7C07DDBDED}.Ad-Hoc|iPhone.Build.0 = Release|Any CPU
		{4C6339CE-EA4E-46A5-B2E9-7E7C07DDBDED}.Ad-Hoc|iPhoneSimulator.ActiveCfg = Release|Any CPU
		{4C6339CE-EA4E-46A5-B2E9-7E7C07DDBDED}.Ad-Hoc|iPhoneSimulator.Build.0 = Release|Any CPU
		{4C6339CE-EA4E-46A5-B2E9-7E7C07DDBDED}.Ad-Hoc|x64.ActiveCfg = Release|Any CPU
		{4C6339CE-EA4E-46A5-B2E9-7E7C07DDBDED}.Ad-Hoc|x64.Build.0 = Release|Any CPU
		{4C6339CE-EA4E-46A5-B2E9-7E7C07DDBDED}.Ad-Hoc|x86.ActiveCfg = Release|Any CPU
		{4C6339CE-EA4E-46A5-B2E9-7E7C07DDBDED}.Ad-Hoc|x86.Build.0 = Release|Any CPU
		{4C6339CE-EA4E-46A5-B2E9-7E7C07DDBDED}.AppStore|Any CPU.ActiveCfg = Release|Any CPU
		{4C6339CE-EA4E-46A5-B2E9-7E7C07DDBDED}.AppStore|Any CPU.Build.0 = Release|Any CPU
		{4C6339CE-EA4E-46A5-B2E9-7E7C07DDBDED}.AppStore|ARM.ActiveCfg = Release|Any CPU
		{4C6339CE-EA4E-46A5-B2E9-7E7C07DDBDED}.AppStore|ARM.Build.0 = Release|Any CPU
		{4C6339CE-EA4E-46A5-B2E9-7E7C07DDBDED}.AppStore|iPhone.ActiveCfg = Release|Any CPU
		{4C6339CE-EA4E-46A5-B2E9-7E7C07DDBDED}.AppStore|iPhone.Build.0 = Release|Any CPU
		{4C6339CE-EA4E-46A5-B2E9-7E7C07DDBDED}.AppStore|iPhoneSimulator.ActiveCfg = Release|Any CPU
		{4C6339CE-EA4E-46A5-B2E9-7E7C07DDBDED}.AppStore|iPhoneSimulator.Build.0 = Release|Any CPU
		{4C6339CE-EA4E-46A5-B2E9-7E7C07DDBDED}.AppStore|x64.ActiveCfg = Release|Any CPU
		{4C6339CE-EA4E-46A5-B2E9-7E7C07DDBDED}.AppStore|x64.Build.0 = Release|Any CPU
		{4C6339CE-EA4E-46A5-B2E9-7E7C07DDBDED}.AppStore|x86.ActiveCfg = Release|Any CPU
		{4C6339CE-EA4E-46A5-B2E9-7E7C07DDBDED}.AppStore|x86.Build.0 = Release|Any CPU
		{4C6339CE-EA4E-46A5-B2E9-7E7C07DDBDED}.Debug|Any CPU.ActiveCfg = Debug|Any CPU
		{4C6339CE-EA4E-46A5-B2E9-7E7C07DDBDED}.Debug|Any CPU.Build.0 = Debug|Any CPU
		{4C6339CE-EA4E-46A5-B2E9-7E7C07DDBDED}.Debug|ARM.ActiveCfg = Debug|Any CPU
		{4C6339CE-EA4E-46A5-B2E9-7E7C07DDBDED}.Debug|ARM.Build.0 = Debug|Any CPU
		{4C6339CE-EA4E-46A5-B2E9-7E7C07DDBDED}.Debug|iPhone.ActiveCfg = Debug|Any CPU
		{4C6339CE-EA4E-46A5-B2E9-7E7C07DDBDED}.Debug|iPhone.Build.0 = Debug|Any CPU
		{4C6339CE-EA4E-46A5-B2E9-7E7C07DDBDED}.Debug|iPhoneSimulator.ActiveCfg = Debug|Any CPU
		{4C6339CE-EA4E-46A5-B2E9-7E7C07DDBDED}.Debug|iPhoneSimulator.Build.0 = Debug|Any CPU
		{4C6339CE-EA4E-46A5-B2E9-7E7C07DDBDED}.Debug|x64.ActiveCfg = Debug|Any CPU
		{4C6339CE-EA4E-46A5-B2E9-7E7C07DDBDED}.Debug|x64.Build.0 = Debug|Any CPU
		{4C6339CE-EA4E-46A5-B2E9-7E7C07DDBDED}.Debug|x86.ActiveCfg = Debug|Any CPU
		{4C6339CE-EA4E-46A5-B2E9-7E7C07DDBDED}.Debug|x86.Build.0 = Debug|Any CPU
		{4C6339CE-EA4E-46A5-B2E9-7E7C07DDBDED}.Release|Any CPU.ActiveCfg = Release|Any CPU
		{4C6339CE-EA4E-46A5-B2E9-7E7C07DDBDED}.Release|Any CPU.Build.0 = Release|Any CPU
		{4C6339CE-EA4E-46A5-B2E9-7E7C07DDBDED}.Release|ARM.ActiveCfg = Release|Any CPU
		{4C6339CE-EA4E-46A5-B2E9-7E7C07DDBDED}.Release|ARM.Build.0 = Release|Any CPU
		{4C6339CE-EA4E-46A5-B2E9-7E7C07DDBDED}.Release|iPhone.ActiveCfg = Release|Any CPU
		{4C6339CE-EA4E-46A5-B2E9-7E7C07DDBDED}.Release|iPhone.Build.0 = Release|Any CPU
		{4C6339CE-EA4E-46A5-B2E9-7E7C07DDBDED}.Release|iPhoneSimulator.ActiveCfg = Release|Any CPU
		{4C6339CE-EA4E-46A5-B2E9-7E7C07DDBDED}.Release|iPhoneSimulator.Build.0 = Release|Any CPU
		{4C6339CE-EA4E-46A5-B2E9-7E7C07DDBDED}.Release|x64.ActiveCfg = Release|Any CPU
		{4C6339CE-EA4E-46A5-B2E9-7E7C07DDBDED}.Release|x64.Build.0 = Release|Any CPU
		{4C6339CE-EA4E-46A5-B2E9-7E7C07DDBDED}.Release|x86.ActiveCfg = Release|Any CPU
		{4C6339CE-EA4E-46A5-B2E9-7E7C07DDBDED}.Release|x86.Build.0 = Release|Any CPU
		{579CC70E-87BC-4A62-8D83-63CED16B38B0}.Ad-Hoc|Any CPU.ActiveCfg = Release|Any CPU
		{579CC70E-87BC-4A62-8D83-63CED16B38B0}.Ad-Hoc|Any CPU.Build.0 = Release|Any CPU
		{579CC70E-87BC-4A62-8D83-63CED16B38B0}.Ad-Hoc|ARM.ActiveCfg = Release|Any CPU
		{579CC70E-87BC-4A62-8D83-63CED16B38B0}.Ad-Hoc|ARM.Build.0 = Release|Any CPU
		{579CC70E-87BC-4A62-8D83-63CED16B38B0}.Ad-Hoc|iPhone.ActiveCfg = Release|Any CPU
		{579CC70E-87BC-4A62-8D83-63CED16B38B0}.Ad-Hoc|iPhone.Build.0 = Release|Any CPU
		{579CC70E-87BC-4A62-8D83-63CED16B38B0}.Ad-Hoc|iPhoneSimulator.ActiveCfg = Release|Any CPU
		{579CC70E-87BC-4A62-8D83-63CED16B38B0}.Ad-Hoc|iPhoneSimulator.Build.0 = Release|Any CPU
		{579CC70E-87BC-4A62-8D83-63CED16B38B0}.Ad-Hoc|x64.ActiveCfg = Release|Any CPU
		{579CC70E-87BC-4A62-8D83-63CED16B38B0}.Ad-Hoc|x64.Build.0 = Release|Any CPU
		{579CC70E-87BC-4A62-8D83-63CED16B38B0}.Ad-Hoc|x86.ActiveCfg = Release|Any CPU
		{579CC70E-87BC-4A62-8D83-63CED16B38B0}.Ad-Hoc|x86.Build.0 = Release|Any CPU
		{579CC70E-87BC-4A62-8D83-63CED16B38B0}.AppStore|Any CPU.ActiveCfg = Release|Any CPU
		{579CC70E-87BC-4A62-8D83-63CED16B38B0}.AppStore|Any CPU.Build.0 = Release|Any CPU
		{579CC70E-87BC-4A62-8D83-63CED16B38B0}.AppStore|ARM.ActiveCfg = Release|Any CPU
		{579CC70E-87BC-4A62-8D83-63CED16B38B0}.AppStore|ARM.Build.0 = Release|Any CPU
		{579CC70E-87BC-4A62-8D83-63CED16B38B0}.AppStore|iPhone.ActiveCfg = Release|Any CPU
		{579CC70E-87BC-4A62-8D83-63CED16B38B0}.AppStore|iPhone.Build.0 = Release|Any CPU
		{579CC70E-87BC-4A62-8D83-63CED16B38B0}.AppStore|iPhoneSimulator.ActiveCfg = Release|Any CPU
		{579CC70E-87BC-4A62-8D83-63CED16B38B0}.AppStore|iPhoneSimulator.Build.0 = Release|Any CPU
		{579CC70E-87BC-4A62-8D83-63CED16B38B0}.AppStore|x64.ActiveCfg = Release|Any CPU
		{579CC70E-87BC-4A62-8D83-63CED16B38B0}.AppStore|x64.Build.0 = Release|Any CPU
		{579CC70E-87BC-4A62-8D83-63CED16B38B0}.AppStore|x86.ActiveCfg = Release|Any CPU
		{579CC70E-87BC-4A62-8D83-63CED16B38B0}.AppStore|x86.Build.0 = Release|Any CPU
		{579CC70E-87BC-4A62-8D83-63CED16B38B0}.Debug|Any CPU.ActiveCfg = Debug|Any CPU
		{579CC70E-87BC-4A62-8D83-63CED16B38B0}.Debug|Any CPU.Build.0 = Debug|Any CPU
		{579CC70E-87BC-4A62-8D83-63CED16B38B0}.Debug|ARM.ActiveCfg = Debug|Any CPU
		{579CC70E-87BC-4A62-8D83-63CED16B38B0}.Debug|ARM.Build.0 = Debug|Any CPU
		{579CC70E-87BC-4A62-8D83-63CED16B38B0}.Debug|iPhone.ActiveCfg = Debug|Any CPU
		{579CC70E-87BC-4A62-8D83-63CED16B38B0}.Debug|iPhone.Build.0 = Debug|Any CPU
		{579CC70E-87BC-4A62-8D83-63CED16B38B0}.Debug|iPhoneSimulator.ActiveCfg = Debug|Any CPU
		{579CC70E-87BC-4A62-8D83-63CED16B38B0}.Debug|iPhoneSimulator.Build.0 = Debug|Any CPU
		{579CC70E-87BC-4A62-8D83-63CED16B38B0}.Debug|x64.ActiveCfg = Debug|Any CPU
		{579CC70E-87BC-4A62-8D83-63CED16B38B0}.Debug|x64.Build.0 = Debug|Any CPU
		{579CC70E-87BC-4A62-8D83-63CED16B38B0}.Debug|x86.ActiveCfg = Debug|Any CPU
		{579CC70E-87BC-4A62-8D83-63CED16B38B0}.Debug|x86.Build.0 = Debug|Any CPU
		{579CC70E-87BC-4A62-8D83-63CED16B38B0}.Release|Any CPU.ActiveCfg = Release|Any CPU
		{579CC70E-87BC-4A62-8D83-63CED16B38B0}.Release|Any CPU.Build.0 = Release|Any CPU
		{579CC70E-87BC-4A62-8D83-63CED16B38B0}.Release|ARM.ActiveCfg = Release|Any CPU
		{579CC70E-87BC-4A62-8D83-63CED16B38B0}.Release|ARM.Build.0 = Release|Any CPU
		{579CC70E-87BC-4A62-8D83-63CED16B38B0}.Release|iPhone.ActiveCfg = Release|Any CPU
		{579CC70E-87BC-4A62-8D83-63CED16B38B0}.Release|iPhone.Build.0 = Release|Any CPU
		{579CC70E-87BC-4A62-8D83-63CED16B38B0}.Release|iPhoneSimulator.ActiveCfg = Release|Any CPU
		{579CC70E-87BC-4A62-8D83-63CED16B38B0}.Release|iPhoneSimulator.Build.0 = Release|Any CPU
		{579CC70E-87BC-4A62-8D83-63CED16B38B0}.Release|x64.ActiveCfg = Release|Any CPU
		{579CC70E-87BC-4A62-8D83-63CED16B38B0}.Release|x64.Build.0 = Release|Any CPU
		{579CC70E-87BC-4A62-8D83-63CED16B38B0}.Release|x86.ActiveCfg = Release|Any CPU
		{579CC70E-87BC-4A62-8D83-63CED16B38B0}.Release|x86.Build.0 = Release|Any CPU
		{7C198F0C-15D7-4E46-B6E4-1561E78320B3}.Ad-Hoc|Any CPU.ActiveCfg = Release|Any CPU
		{7C198F0C-15D7-4E46-B6E4-1561E78320B3}.Ad-Hoc|Any CPU.Build.0 = Release|Any CPU
		{7C198F0C-15D7-4E46-B6E4-1561E78320B3}.Ad-Hoc|ARM.ActiveCfg = Release|ARM
		{7C198F0C-15D7-4E46-B6E4-1561E78320B3}.Ad-Hoc|ARM.Build.0 = Release|ARM
		{7C198F0C-15D7-4E46-B6E4-1561E78320B3}.Ad-Hoc|iPhone.ActiveCfg = Release|Any CPU
		{7C198F0C-15D7-4E46-B6E4-1561E78320B3}.Ad-Hoc|iPhone.Build.0 = Release|Any CPU
		{7C198F0C-15D7-4E46-B6E4-1561E78320B3}.Ad-Hoc|iPhoneSimulator.ActiveCfg = Release|Any CPU
		{7C198F0C-15D7-4E46-B6E4-1561E78320B3}.Ad-Hoc|iPhoneSimulator.Build.0 = Release|Any CPU
		{7C198F0C-15D7-4E46-B6E4-1561E78320B3}.Ad-Hoc|x64.ActiveCfg = Release|x64
		{7C198F0C-15D7-4E46-B6E4-1561E78320B3}.Ad-Hoc|x64.Build.0 = Release|x64
		{7C198F0C-15D7-4E46-B6E4-1561E78320B3}.Ad-Hoc|x86.ActiveCfg = Release|x86
		{7C198F0C-15D7-4E46-B6E4-1561E78320B3}.Ad-Hoc|x86.Build.0 = Release|x86
		{7C198F0C-15D7-4E46-B6E4-1561E78320B3}.AppStore|Any CPU.ActiveCfg = Release|Any CPU
		{7C198F0C-15D7-4E46-B6E4-1561E78320B3}.AppStore|Any CPU.Build.0 = Release|Any CPU
		{7C198F0C-15D7-4E46-B6E4-1561E78320B3}.AppStore|ARM.ActiveCfg = Release|ARM
		{7C198F0C-15D7-4E46-B6E4-1561E78320B3}.AppStore|ARM.Build.0 = Release|ARM
		{7C198F0C-15D7-4E46-B6E4-1561E78320B3}.AppStore|iPhone.ActiveCfg = Release|Any CPU
		{7C198F0C-15D7-4E46-B6E4-1561E78320B3}.AppStore|iPhone.Build.0 = Release|Any CPU
		{7C198F0C-15D7-4E46-B6E4-1561E78320B3}.AppStore|iPhoneSimulator.ActiveCfg = Release|Any CPU
		{7C198F0C-15D7-4E46-B6E4-1561E78320B3}.AppStore|iPhoneSimulator.Build.0 = Release|Any CPU
		{7C198F0C-15D7-4E46-B6E4-1561E78320B3}.AppStore|x64.ActiveCfg = Release|x64
		{7C198F0C-15D7-4E46-B6E4-1561E78320B3}.AppStore|x64.Build.0 = Release|x64
		{7C198F0C-15D7-4E46-B6E4-1561E78320B3}.AppStore|x86.ActiveCfg = Release|x86
		{7C198F0C-15D7-4E46-B6E4-1561E78320B3}.AppStore|x86.Build.0 = Release|x86
		{7C198F0C-15D7-4E46-B6E4-1561E78320B3}.Debug|Any CPU.ActiveCfg = Debug|Any CPU
		{7C198F0C-15D7-4E46-B6E4-1561E78320B3}.Debug|Any CPU.Build.0 = Debug|Any CPU
		{7C198F0C-15D7-4E46-B6E4-1561E78320B3}.Debug|ARM.ActiveCfg = Debug|ARM
		{7C198F0C-15D7-4E46-B6E4-1561E78320B3}.Debug|ARM.Build.0 = Debug|ARM
		{7C198F0C-15D7-4E46-B6E4-1561E78320B3}.Debug|iPhone.ActiveCfg = Debug|Any CPU
		{7C198F0C-15D7-4E46-B6E4-1561E78320B3}.Debug|iPhoneSimulator.ActiveCfg = Debug|Any CPU
		{7C198F0C-15D7-4E46-B6E4-1561E78320B3}.Debug|iPhoneSimulator.Build.0 = Debug|Any CPU
		{7C198F0C-15D7-4E46-B6E4-1561E78320B3}.Debug|x64.ActiveCfg = Debug|x64
		{7C198F0C-15D7-4E46-B6E4-1561E78320B3}.Debug|x64.Build.0 = Debug|x64
		{7C198F0C-15D7-4E46-B6E4-1561E78320B3}.Debug|x86.ActiveCfg = Debug|x86
		{7C198F0C-15D7-4E46-B6E4-1561E78320B3}.Debug|x86.Build.0 = Debug|x86
		{7C198F0C-15D7-4E46-B6E4-1561E78320B3}.Release|Any CPU.ActiveCfg = Release|Any CPU
		{7C198F0C-15D7-4E46-B6E4-1561E78320B3}.Release|Any CPU.Build.0 = Release|Any CPU
		{7C198F0C-15D7-4E46-B6E4-1561E78320B3}.Release|ARM.ActiveCfg = Release|ARM
		{7C198F0C-15D7-4E46-B6E4-1561E78320B3}.Release|ARM.Build.0 = Release|ARM
		{7C198F0C-15D7-4E46-B6E4-1561E78320B3}.Release|iPhone.ActiveCfg = Release|Any CPU
		{7C198F0C-15D7-4E46-B6E4-1561E78320B3}.Release|iPhone.Build.0 = Release|Any CPU
		{7C198F0C-15D7-4E46-B6E4-1561E78320B3}.Release|iPhoneSimulator.ActiveCfg = Release|Any CPU
		{7C198F0C-15D7-4E46-B6E4-1561E78320B3}.Release|iPhoneSimulator.Build.0 = Release|Any CPU
		{7C198F0C-15D7-4E46-B6E4-1561E78320B3}.Release|x64.ActiveCfg = Release|x64
		{7C198F0C-15D7-4E46-B6E4-1561E78320B3}.Release|x64.Build.0 = Release|x64
		{7C198F0C-15D7-4E46-B6E4-1561E78320B3}.Release|x86.ActiveCfg = Release|x86
		{7C198F0C-15D7-4E46-B6E4-1561E78320B3}.Release|x86.Build.0 = Release|x86
		{AF6CF861-C154-40A4-8B42-715493981F1C}.Ad-Hoc|Any CPU.ActiveCfg = Release|Any CPU
		{AF6CF861-C154-40A4-8B42-715493981F1C}.Ad-Hoc|Any CPU.Build.0 = Release|Any CPU
		{AF6CF861-C154-40A4-8B42-715493981F1C}.Ad-Hoc|ARM.ActiveCfg = Release|Any CPU
		{AF6CF861-C154-40A4-8B42-715493981F1C}.Ad-Hoc|ARM.Build.0 = Release|Any CPU
		{AF6CF861-C154-40A4-8B42-715493981F1C}.Ad-Hoc|iPhone.ActiveCfg = Release|Any CPU
		{AF6CF861-C154-40A4-8B42-715493981F1C}.Ad-Hoc|iPhone.Build.0 = Release|Any CPU
		{AF6CF861-C154-40A4-8B42-715493981F1C}.Ad-Hoc|iPhoneSimulator.ActiveCfg = Release|Any CPU
		{AF6CF861-C154-40A4-8B42-715493981F1C}.Ad-Hoc|iPhoneSimulator.Build.0 = Release|Any CPU
		{AF6CF861-C154-40A4-8B42-715493981F1C}.Ad-Hoc|x64.ActiveCfg = Release|Any CPU
		{AF6CF861-C154-40A4-8B42-715493981F1C}.Ad-Hoc|x64.Build.0 = Release|Any CPU
		{AF6CF861-C154-40A4-8B42-715493981F1C}.Ad-Hoc|x86.ActiveCfg = Release|Any CPU
		{AF6CF861-C154-40A4-8B42-715493981F1C}.Ad-Hoc|x86.Build.0 = Release|Any CPU
		{AF6CF861-C154-40A4-8B42-715493981F1C}.AppStore|Any CPU.ActiveCfg = Release|Any CPU
		{AF6CF861-C154-40A4-8B42-715493981F1C}.AppStore|Any CPU.Build.0 = Release|Any CPU
		{AF6CF861-C154-40A4-8B42-715493981F1C}.AppStore|ARM.ActiveCfg = Release|Any CPU
		{AF6CF861-C154-40A4-8B42-715493981F1C}.AppStore|ARM.Build.0 = Release|Any CPU
		{AF6CF861-C154-40A4-8B42-715493981F1C}.AppStore|iPhone.ActiveCfg = Release|Any CPU
		{AF6CF861-C154-40A4-8B42-715493981F1C}.AppStore|iPhone.Build.0 = Release|Any CPU
		{AF6CF861-C154-40A4-8B42-715493981F1C}.AppStore|iPhoneSimulator.ActiveCfg = Release|Any CPU
		{AF6CF861-C154-40A4-8B42-715493981F1C}.AppStore|iPhoneSimulator.Build.0 = Release|Any CPU
		{AF6CF861-C154-40A4-8B42-715493981F1C}.AppStore|x64.ActiveCfg = Release|Any CPU
		{AF6CF861-C154-40A4-8B42-715493981F1C}.AppStore|x64.Build.0 = Release|Any CPU
		{AF6CF861-C154-40A4-8B42-715493981F1C}.AppStore|x86.ActiveCfg = Release|Any CPU
		{AF6CF861-C154-40A4-8B42-715493981F1C}.AppStore|x86.Build.0 = Release|Any CPU
		{AF6CF861-C154-40A4-8B42-715493981F1C}.Debug|Any CPU.ActiveCfg = Debug|Any CPU
		{AF6CF861-C154-40A4-8B42-715493981F1C}.Debug|Any CPU.Build.0 = Debug|Any CPU
		{AF6CF861-C154-40A4-8B42-715493981F1C}.Debug|ARM.ActiveCfg = Debug|Any CPU
		{AF6CF861-C154-40A4-8B42-715493981F1C}.Debug|ARM.Build.0 = Debug|Any CPU
		{AF6CF861-C154-40A4-8B42-715493981F1C}.Debug|iPhone.ActiveCfg = Debug|Any CPU
		{AF6CF861-C154-40A4-8B42-715493981F1C}.Debug|iPhone.Build.0 = Debug|Any CPU
		{AF6CF861-C154-40A4-8B42-715493981F1C}.Debug|iPhoneSimulator.ActiveCfg = Debug|Any CPU
		{AF6CF861-C154-40A4-8B42-715493981F1C}.Debug|iPhoneSimulator.Build.0 = Debug|Any CPU
		{AF6CF861-C154-40A4-8B42-715493981F1C}.Debug|x64.ActiveCfg = Debug|Any CPU
		{AF6CF861-C154-40A4-8B42-715493981F1C}.Debug|x64.Build.0 = Debug|Any CPU
		{AF6CF861-C154-40A4-8B42-715493981F1C}.Debug|x86.ActiveCfg = Debug|Any CPU
		{AF6CF861-C154-40A4-8B42-715493981F1C}.Debug|x86.Build.0 = Debug|Any CPU
		{AF6CF861-C154-40A4-8B42-715493981F1C}.Release|Any CPU.ActiveCfg = Release|Any CPU
		{AF6CF861-C154-40A4-8B42-715493981F1C}.Release|Any CPU.Build.0 = Release|Any CPU
		{AF6CF861-C154-40A4-8B42-715493981F1C}.Release|ARM.ActiveCfg = Release|Any CPU
		{AF6CF861-C154-40A4-8B42-715493981F1C}.Release|ARM.Build.0 = Release|Any CPU
		{AF6CF861-C154-40A4-8B42-715493981F1C}.Release|iPhone.ActiveCfg = Release|Any CPU
		{AF6CF861-C154-40A4-8B42-715493981F1C}.Release|iPhone.Build.0 = Release|Any CPU
		{AF6CF861-C154-40A4-8B42-715493981F1C}.Release|iPhoneSimulator.ActiveCfg = Release|Any CPU
		{AF6CF861-C154-40A4-8B42-715493981F1C}.Release|iPhoneSimulator.Build.0 = Release|Any CPU
		{AF6CF861-C154-40A4-8B42-715493981F1C}.Release|x64.ActiveCfg = Release|Any CPU
		{AF6CF861-C154-40A4-8B42-715493981F1C}.Release|x64.Build.0 = Release|Any CPU
		{AF6CF861-C154-40A4-8B42-715493981F1C}.Release|x86.ActiveCfg = Release|Any CPU
		{AF6CF861-C154-40A4-8B42-715493981F1C}.Release|x86.Build.0 = Release|Any CPU
		{F44FEBBA-7EA7-4B92-BF25-EBDCC1DB1830}.Ad-Hoc|Any CPU.ActiveCfg = Release|Any CPU
		{F44FEBBA-7EA7-4B92-BF25-EBDCC1DB1830}.Ad-Hoc|Any CPU.Build.0 = Release|Any CPU
		{F44FEBBA-7EA7-4B92-BF25-EBDCC1DB1830}.Ad-Hoc|ARM.ActiveCfg = Release|Any CPU
		{F44FEBBA-7EA7-4B92-BF25-EBDCC1DB1830}.Ad-Hoc|ARM.Build.0 = Release|Any CPU
		{F44FEBBA-7EA7-4B92-BF25-EBDCC1DB1830}.Ad-Hoc|iPhone.ActiveCfg = Release|Any CPU
		{F44FEBBA-7EA7-4B92-BF25-EBDCC1DB1830}.Ad-Hoc|iPhone.Build.0 = Release|Any CPU
		{F44FEBBA-7EA7-4B92-BF25-EBDCC1DB1830}.Ad-Hoc|iPhoneSimulator.ActiveCfg = Release|Any CPU
		{F44FEBBA-7EA7-4B92-BF25-EBDCC1DB1830}.Ad-Hoc|iPhoneSimulator.Build.0 = Release|Any CPU
		{F44FEBBA-7EA7-4B92-BF25-EBDCC1DB1830}.Ad-Hoc|x64.ActiveCfg = Release|Any CPU
		{F44FEBBA-7EA7-4B92-BF25-EBDCC1DB1830}.Ad-Hoc|x64.Build.0 = Release|Any CPU
		{F44FEBBA-7EA7-4B92-BF25-EBDCC1DB1830}.Ad-Hoc|x86.ActiveCfg = Release|Any CPU
		{F44FEBBA-7EA7-4B92-BF25-EBDCC1DB1830}.Ad-Hoc|x86.Build.0 = Release|Any CPU
		{F44FEBBA-7EA7-4B92-BF25-EBDCC1DB1830}.AppStore|Any CPU.ActiveCfg = Release|Any CPU
		{F44FEBBA-7EA7-4B92-BF25-EBDCC1DB1830}.AppStore|Any CPU.Build.0 = Release|Any CPU
		{F44FEBBA-7EA7-4B92-BF25-EBDCC1DB1830}.AppStore|ARM.ActiveCfg = Release|Any CPU
		{F44FEBBA-7EA7-4B92-BF25-EBDCC1DB1830}.AppStore|ARM.Build.0 = Release|Any CPU
		{F44FEBBA-7EA7-4B92-BF25-EBDCC1DB1830}.AppStore|iPhone.ActiveCfg = Release|Any CPU
		{F44FEBBA-7EA7-4B92-BF25-EBDCC1DB1830}.AppStore|iPhone.Build.0 = Release|Any CPU
		{F44FEBBA-7EA7-4B92-BF25-EBDCC1DB1830}.AppStore|iPhoneSimulator.ActiveCfg = Release|Any CPU
		{F44FEBBA-7EA7-4B92-BF25-EBDCC1DB1830}.AppStore|iPhoneSimulator.Build.0 = Release|Any CPU
		{F44FEBBA-7EA7-4B92-BF25-EBDCC1DB1830}.AppStore|x64.ActiveCfg = Release|Any CPU
		{F44FEBBA-7EA7-4B92-BF25-EBDCC1DB1830}.AppStore|x64.Build.0 = Release|Any CPU
		{F44FEBBA-7EA7-4B92-BF25-EBDCC1DB1830}.AppStore|x86.ActiveCfg = Release|Any CPU
		{F44FEBBA-7EA7-4B92-BF25-EBDCC1DB1830}.AppStore|x86.Build.0 = Release|Any CPU
		{F44FEBBA-7EA7-4B92-BF25-EBDCC1DB1830}.Debug|Any CPU.ActiveCfg = Debug|Any CPU
		{F44FEBBA-7EA7-4B92-BF25-EBDCC1DB1830}.Debug|Any CPU.Build.0 = Debug|Any CPU
		{F44FEBBA-7EA7-4B92-BF25-EBDCC1DB1830}.Debug|ARM.ActiveCfg = Debug|Any CPU
		{F44FEBBA-7EA7-4B92-BF25-EBDCC1DB1830}.Debug|ARM.Build.0 = Debug|Any CPU
		{F44FEBBA-7EA7-4B92-BF25-EBDCC1DB1830}.Debug|iPhone.ActiveCfg = Debug|Any CPU
		{F44FEBBA-7EA7-4B92-BF25-EBDCC1DB1830}.Debug|iPhone.Build.0 = Debug|Any CPU
		{F44FEBBA-7EA7-4B92-BF25-EBDCC1DB1830}.Debug|iPhoneSimulator.ActiveCfg = Debug|Any CPU
		{F44FEBBA-7EA7-4B92-BF25-EBDCC1DB1830}.Debug|iPhoneSimulator.Build.0 = Debug|Any CPU
		{F44FEBBA-7EA7-4B92-BF25-EBDCC1DB1830}.Debug|x64.ActiveCfg = Debug|Any CPU
		{F44FEBBA-7EA7-4B92-BF25-EBDCC1DB1830}.Debug|x64.Build.0 = Debug|Any CPU
		{F44FEBBA-7EA7-4B92-BF25-EBDCC1DB1830}.Debug|x86.ActiveCfg = Debug|Any CPU
		{F44FEBBA-7EA7-4B92-BF25-EBDCC1DB1830}.Debug|x86.Build.0 = Debug|Any CPU
		{F44FEBBA-7EA7-4B92-BF25-EBDCC1DB1830}.Release|Any CPU.ActiveCfg = Release|Any CPU
		{F44FEBBA-7EA7-4B92-BF25-EBDCC1DB1830}.Release|Any CPU.Build.0 = Release|Any CPU
		{F44FEBBA-7EA7-4B92-BF25-EBDCC1DB1830}.Release|ARM.ActiveCfg = Release|Any CPU
		{F44FEBBA-7EA7-4B92-BF25-EBDCC1DB1830}.Release|ARM.Build.0 = Release|Any CPU
		{F44FEBBA-7EA7-4B92-BF25-EBDCC1DB1830}.Release|iPhone.ActiveCfg = Release|Any CPU
		{F44FEBBA-7EA7-4B92-BF25-EBDCC1DB1830}.Release|iPhone.Build.0 = Release|Any CPU
		{F44FEBBA-7EA7-4B92-BF25-EBDCC1DB1830}.Release|iPhoneSimulator.ActiveCfg = Release|Any CPU
		{F44FEBBA-7EA7-4B92-BF25-EBDCC1DB1830}.Release|iPhoneSimulator.Build.0 = Release|Any CPU
		{F44FEBBA-7EA7-4B92-BF25-EBDCC1DB1830}.Release|x64.ActiveCfg = Release|Any CPU
		{F44FEBBA-7EA7-4B92-BF25-EBDCC1DB1830}.Release|x64.Build.0 = Release|Any CPU
		{F44FEBBA-7EA7-4B92-BF25-EBDCC1DB1830}.Release|x86.ActiveCfg = Release|Any CPU
		{F44FEBBA-7EA7-4B92-BF25-EBDCC1DB1830}.Release|x86.Build.0 = Release|Any CPU
		{57D5FF44-345D-4229-AEFC-E3F7F260A665}.Ad-Hoc|Any CPU.ActiveCfg = Release|Any CPU
		{57D5FF44-345D-4229-AEFC-E3F7F260A665}.Ad-Hoc|Any CPU.Build.0 = Release|Any CPU
		{57D5FF44-345D-4229-AEFC-E3F7F260A665}.Ad-Hoc|ARM.ActiveCfg = Release|Any CPU
		{57D5FF44-345D-4229-AEFC-E3F7F260A665}.Ad-Hoc|ARM.Build.0 = Release|Any CPU
		{57D5FF44-345D-4229-AEFC-E3F7F260A665}.Ad-Hoc|iPhone.ActiveCfg = Release|Any CPU
		{57D5FF44-345D-4229-AEFC-E3F7F260A665}.Ad-Hoc|iPhone.Build.0 = Release|Any CPU
		{57D5FF44-345D-4229-AEFC-E3F7F260A665}.Ad-Hoc|iPhoneSimulator.ActiveCfg = Release|Any CPU
		{57D5FF44-345D-4229-AEFC-E3F7F260A665}.Ad-Hoc|iPhoneSimulator.Build.0 = Release|Any CPU
		{57D5FF44-345D-4229-AEFC-E3F7F260A665}.Ad-Hoc|x64.ActiveCfg = Release|Any CPU
		{57D5FF44-345D-4229-AEFC-E3F7F260A665}.Ad-Hoc|x64.Build.0 = Release|Any CPU
		{57D5FF44-345D-4229-AEFC-E3F7F260A665}.Ad-Hoc|x86.ActiveCfg = Release|Any CPU
		{57D5FF44-345D-4229-AEFC-E3F7F260A665}.Ad-Hoc|x86.Build.0 = Release|Any CPU
		{57D5FF44-345D-4229-AEFC-E3F7F260A665}.AppStore|Any CPU.ActiveCfg = Release|Any CPU
		{57D5FF44-345D-4229-AEFC-E3F7F260A665}.AppStore|Any CPU.Build.0 = Release|Any CPU
		{57D5FF44-345D-4229-AEFC-E3F7F260A665}.AppStore|ARM.ActiveCfg = Release|Any CPU
		{57D5FF44-345D-4229-AEFC-E3F7F260A665}.AppStore|ARM.Build.0 = Release|Any CPU
		{57D5FF44-345D-4229-AEFC-E3F7F260A665}.AppStore|iPhone.ActiveCfg = Release|Any CPU
		{57D5FF44-345D-4229-AEFC-E3F7F260A665}.AppStore|iPhone.Build.0 = Release|Any CPU
		{57D5FF44-345D-4229-AEFC-E3F7F260A665}.AppStore|iPhoneSimulator.ActiveCfg = Release|Any CPU
		{57D5FF44-345D-4229-AEFC-E3F7F260A665}.AppStore|iPhoneSimulator.Build.0 = Release|Any CPU
		{57D5FF44-345D-4229-AEFC-E3F7F260A665}.AppStore|x64.ActiveCfg = Release|Any CPU
		{57D5FF44-345D-4229-AEFC-E3F7F260A665}.AppStore|x64.Build.0 = Release|Any CPU
		{57D5FF44-345D-4229-AEFC-E3F7F260A665}.AppStore|x86.ActiveCfg = Release|Any CPU
		{57D5FF44-345D-4229-AEFC-E3F7F260A665}.AppStore|x86.Build.0 = Release|Any CPU
		{57D5FF44-345D-4229-AEFC-E3F7F260A665}.Debug|Any CPU.ActiveCfg = Debug|Any CPU
		{57D5FF44-345D-4229-AEFC-E3F7F260A665}.Debug|Any CPU.Build.0 = Debug|Any CPU
		{57D5FF44-345D-4229-AEFC-E3F7F260A665}.Debug|ARM.ActiveCfg = Debug|Any CPU
		{57D5FF44-345D-4229-AEFC-E3F7F260A665}.Debug|ARM.Build.0 = Debug|Any CPU
		{57D5FF44-345D-4229-AEFC-E3F7F260A665}.Debug|iPhone.ActiveCfg = Debug|Any CPU
		{57D5FF44-345D-4229-AEFC-E3F7F260A665}.Debug|iPhone.Build.0 = Debug|Any CPU
		{57D5FF44-345D-4229-AEFC-E3F7F260A665}.Debug|iPhoneSimulator.ActiveCfg = Debug|Any CPU
		{57D5FF44-345D-4229-AEFC-E3F7F260A665}.Debug|iPhoneSimulator.Build.0 = Debug|Any CPU
		{57D5FF44-345D-4229-AEFC-E3F7F260A665}.Debug|x64.ActiveCfg = Debug|Any CPU
		{57D5FF44-345D-4229-AEFC-E3F7F260A665}.Debug|x64.Build.0 = Debug|Any CPU
		{57D5FF44-345D-4229-AEFC-E3F7F260A665}.Debug|x86.ActiveCfg = Debug|Any CPU
		{57D5FF44-345D-4229-AEFC-E3F7F260A665}.Debug|x86.Build.0 = Debug|Any CPU
		{57D5FF44-345D-4229-AEFC-E3F7F260A665}.Release|Any CPU.ActiveCfg = Release|Any CPU
		{57D5FF44-345D-4229-AEFC-E3F7F260A665}.Release|Any CPU.Build.0 = Release|Any CPU
		{57D5FF44-345D-4229-AEFC-E3F7F260A665}.Release|ARM.ActiveCfg = Release|Any CPU
		{57D5FF44-345D-4229-AEFC-E3F7F260A665}.Release|ARM.Build.0 = Release|Any CPU
		{57D5FF44-345D-4229-AEFC-E3F7F260A665}.Release|iPhone.ActiveCfg = Release|Any CPU
		{57D5FF44-345D-4229-AEFC-E3F7F260A665}.Release|iPhone.Build.0 = Release|Any CPU
		{57D5FF44-345D-4229-AEFC-E3F7F260A665}.Release|iPhoneSimulator.ActiveCfg = Release|Any CPU
		{57D5FF44-345D-4229-AEFC-E3F7F260A665}.Release|iPhoneSimulator.Build.0 = Release|Any CPU
		{57D5FF44-345D-4229-AEFC-E3F7F260A665}.Release|x64.ActiveCfg = Release|Any CPU
		{57D5FF44-345D-4229-AEFC-E3F7F260A665}.Release|x64.Build.0 = Release|Any CPU
		{57D5FF44-345D-4229-AEFC-E3F7F260A665}.Release|x86.ActiveCfg = Release|Any CPU
		{57D5FF44-345D-4229-AEFC-E3F7F260A665}.Release|x86.Build.0 = Release|Any CPU
		{89F4B2DB-539D-467D-B9B1-74608E636349}.Ad-Hoc|Any CPU.ActiveCfg = Release|Any CPU
		{89F4B2DB-539D-467D-B9B1-74608E636349}.Ad-Hoc|Any CPU.Build.0 = Release|Any CPU
		{89F4B2DB-539D-467D-B9B1-74608E636349}.Ad-Hoc|ARM.ActiveCfg = Release|Any CPU
		{89F4B2DB-539D-467D-B9B1-74608E636349}.Ad-Hoc|ARM.Build.0 = Release|Any CPU
		{89F4B2DB-539D-467D-B9B1-74608E636349}.Ad-Hoc|iPhone.ActiveCfg = Release|Any CPU
		{89F4B2DB-539D-467D-B9B1-74608E636349}.Ad-Hoc|iPhone.Build.0 = Release|Any CPU
		{89F4B2DB-539D-467D-B9B1-74608E636349}.Ad-Hoc|iPhoneSimulator.ActiveCfg = Release|Any CPU
		{89F4B2DB-539D-467D-B9B1-74608E636349}.Ad-Hoc|iPhoneSimulator.Build.0 = Release|Any CPU
		{89F4B2DB-539D-467D-B9B1-74608E636349}.Ad-Hoc|x64.ActiveCfg = Release|Any CPU
		{89F4B2DB-539D-467D-B9B1-74608E636349}.Ad-Hoc|x64.Build.0 = Release|Any CPU
		{89F4B2DB-539D-467D-B9B1-74608E636349}.Ad-Hoc|x86.ActiveCfg = Release|Any CPU
		{89F4B2DB-539D-467D-B9B1-74608E636349}.Ad-Hoc|x86.Build.0 = Release|Any CPU
		{89F4B2DB-539D-467D-B9B1-74608E636349}.AppStore|Any CPU.ActiveCfg = Release|Any CPU
		{89F4B2DB-539D-467D-B9B1-74608E636349}.AppStore|Any CPU.Build.0 = Release|Any CPU
		{89F4B2DB-539D-467D-B9B1-74608E636349}.AppStore|ARM.ActiveCfg = Release|Any CPU
		{89F4B2DB-539D-467D-B9B1-74608E636349}.AppStore|ARM.Build.0 = Release|Any CPU
		{89F4B2DB-539D-467D-B9B1-74608E636349}.AppStore|iPhone.ActiveCfg = Release|Any CPU
		{89F4B2DB-539D-467D-B9B1-74608E636349}.AppStore|iPhone.Build.0 = Release|Any CPU
		{89F4B2DB-539D-467D-B9B1-74608E636349}.AppStore|iPhoneSimulator.ActiveCfg = Release|Any CPU
		{89F4B2DB-539D-467D-B9B1-74608E636349}.AppStore|iPhoneSimulator.Build.0 = Release|Any CPU
		{89F4B2DB-539D-467D-B9B1-74608E636349}.AppStore|x64.ActiveCfg = Release|Any CPU
		{89F4B2DB-539D-467D-B9B1-74608E636349}.AppStore|x64.Build.0 = Release|Any CPU
		{89F4B2DB-539D-467D-B9B1-74608E636349}.AppStore|x86.ActiveCfg = Release|Any CPU
		{89F4B2DB-539D-467D-B9B1-74608E636349}.AppStore|x86.Build.0 = Release|Any CPU
		{89F4B2DB-539D-467D-B9B1-74608E636349}.Debug|Any CPU.ActiveCfg = Debug|Any CPU
		{89F4B2DB-539D-467D-B9B1-74608E636349}.Debug|Any CPU.Build.0 = Debug|Any CPU
		{89F4B2DB-539D-467D-B9B1-74608E636349}.Debug|ARM.ActiveCfg = Debug|Any CPU
		{89F4B2DB-539D-467D-B9B1-74608E636349}.Debug|ARM.Build.0 = Debug|Any CPU
		{89F4B2DB-539D-467D-B9B1-74608E636349}.Debug|iPhone.ActiveCfg = Debug|Any CPU
		{89F4B2DB-539D-467D-B9B1-74608E636349}.Debug|iPhone.Build.0 = Debug|Any CPU
		{89F4B2DB-539D-467D-B9B1-74608E636349}.Debug|iPhoneSimulator.ActiveCfg = Debug|Any CPU
		{89F4B2DB-539D-467D-B9B1-74608E636349}.Debug|iPhoneSimulator.Build.0 = Debug|Any CPU
		{89F4B2DB-539D-467D-B9B1-74608E636349}.Debug|x64.ActiveCfg = Debug|Any CPU
		{89F4B2DB-539D-467D-B9B1-74608E636349}.Debug|x64.Build.0 = Debug|Any CPU
		{89F4B2DB-539D-467D-B9B1-74608E636349}.Debug|x86.ActiveCfg = Debug|Any CPU
		{89F4B2DB-539D-467D-B9B1-74608E636349}.Debug|x86.Build.0 = Debug|Any CPU
		{89F4B2DB-539D-467D-B9B1-74608E636349}.Release|Any CPU.ActiveCfg = Release|Any CPU
		{89F4B2DB-539D-467D-B9B1-74608E636349}.Release|Any CPU.Build.0 = Release|Any CPU
		{89F4B2DB-539D-467D-B9B1-74608E636349}.Release|ARM.ActiveCfg = Release|Any CPU
		{89F4B2DB-539D-467D-B9B1-74608E636349}.Release|ARM.Build.0 = Release|Any CPU
		{89F4B2DB-539D-467D-B9B1-74608E636349}.Release|iPhone.ActiveCfg = Release|Any CPU
		{89F4B2DB-539D-467D-B9B1-74608E636349}.Release|iPhone.Build.0 = Release|Any CPU
		{89F4B2DB-539D-467D-B9B1-74608E636349}.Release|iPhoneSimulator.ActiveCfg = Release|Any CPU
		{89F4B2DB-539D-467D-B9B1-74608E636349}.Release|iPhoneSimulator.Build.0 = Release|Any CPU
		{89F4B2DB-539D-467D-B9B1-74608E636349}.Release|x64.ActiveCfg = Release|Any CPU
		{89F4B2DB-539D-467D-B9B1-74608E636349}.Release|x64.Build.0 = Release|Any CPU
		{89F4B2DB-539D-467D-B9B1-74608E636349}.Release|x86.ActiveCfg = Release|Any CPU
		{89F4B2DB-539D-467D-B9B1-74608E636349}.Release|x86.Build.0 = Release|Any CPU
		{74399318-B10F-47DC-9500-1F5B9E337DBC}.Ad-Hoc|Any CPU.ActiveCfg = Release|Any CPU
		{74399318-B10F-47DC-9500-1F5B9E337DBC}.Ad-Hoc|Any CPU.Build.0 = Release|Any CPU
		{74399318-B10F-47DC-9500-1F5B9E337DBC}.Ad-Hoc|ARM.ActiveCfg = Release|ARM
		{74399318-B10F-47DC-9500-1F5B9E337DBC}.Ad-Hoc|ARM.Build.0 = Release|ARM
		{74399318-B10F-47DC-9500-1F5B9E337DBC}.Ad-Hoc|iPhone.ActiveCfg = Release|Any CPU
		{74399318-B10F-47DC-9500-1F5B9E337DBC}.Ad-Hoc|iPhone.Build.0 = Release|Any CPU
		{74399318-B10F-47DC-9500-1F5B9E337DBC}.Ad-Hoc|iPhoneSimulator.ActiveCfg = Release|Any CPU
		{74399318-B10F-47DC-9500-1F5B9E337DBC}.Ad-Hoc|iPhoneSimulator.Build.0 = Release|Any CPU
		{74399318-B10F-47DC-9500-1F5B9E337DBC}.Ad-Hoc|x64.ActiveCfg = Release|x64
		{74399318-B10F-47DC-9500-1F5B9E337DBC}.Ad-Hoc|x64.Build.0 = Release|x64
		{74399318-B10F-47DC-9500-1F5B9E337DBC}.Ad-Hoc|x86.ActiveCfg = Release|x86
		{74399318-B10F-47DC-9500-1F5B9E337DBC}.Ad-Hoc|x86.Build.0 = Release|x86
		{74399318-B10F-47DC-9500-1F5B9E337DBC}.AppStore|Any CPU.ActiveCfg = Release|Any CPU
		{74399318-B10F-47DC-9500-1F5B9E337DBC}.AppStore|Any CPU.Build.0 = Release|Any CPU
		{74399318-B10F-47DC-9500-1F5B9E337DBC}.AppStore|ARM.ActiveCfg = Release|ARM
		{74399318-B10F-47DC-9500-1F5B9E337DBC}.AppStore|ARM.Build.0 = Release|ARM
		{74399318-B10F-47DC-9500-1F5B9E337DBC}.AppStore|iPhone.ActiveCfg = Release|Any CPU
		{74399318-B10F-47DC-9500-1F5B9E337DBC}.AppStore|iPhone.Build.0 = Release|Any CPU
		{74399318-B10F-47DC-9500-1F5B9E337DBC}.AppStore|iPhoneSimulator.ActiveCfg = Release|Any CPU
		{74399318-B10F-47DC-9500-1F5B9E337DBC}.AppStore|iPhoneSimulator.Build.0 = Release|Any CPU
		{74399318-B10F-47DC-9500-1F5B9E337DBC}.AppStore|x64.ActiveCfg = Release|x64
		{74399318-B10F-47DC-9500-1F5B9E337DBC}.AppStore|x64.Build.0 = Release|x64
		{74399318-B10F-47DC-9500-1F5B9E337DBC}.AppStore|x86.ActiveCfg = Release|x86
		{74399318-B10F-47DC-9500-1F5B9E337DBC}.AppStore|x86.Build.0 = Release|x86
		{74399318-B10F-47DC-9500-1F5B9E337DBC}.Debug|Any CPU.ActiveCfg = Debug|Any CPU
		{74399318-B10F-47DC-9500-1F5B9E337DBC}.Debug|Any CPU.Build.0 = Debug|Any CPU
		{74399318-B10F-47DC-9500-1F5B9E337DBC}.Debug|ARM.ActiveCfg = Debug|ARM
		{74399318-B10F-47DC-9500-1F5B9E337DBC}.Debug|ARM.Build.0 = Debug|ARM
		{74399318-B10F-47DC-9500-1F5B9E337DBC}.Debug|iPhone.ActiveCfg = Debug|Any CPU
		{74399318-B10F-47DC-9500-1F5B9E337DBC}.Debug|iPhone.Build.0 = Debug|Any CPU
		{74399318-B10F-47DC-9500-1F5B9E337DBC}.Debug|iPhoneSimulator.ActiveCfg = Debug|Any CPU
		{74399318-B10F-47DC-9500-1F5B9E337DBC}.Debug|iPhoneSimulator.Build.0 = Debug|Any CPU
		{74399318-B10F-47DC-9500-1F5B9E337DBC}.Debug|x64.ActiveCfg = Debug|x64
		{74399318-B10F-47DC-9500-1F5B9E337DBC}.Debug|x64.Build.0 = Debug|x64
		{74399318-B10F-47DC-9500-1F5B9E337DBC}.Debug|x86.ActiveCfg = Debug|x86
		{74399318-B10F-47DC-9500-1F5B9E337DBC}.Debug|x86.Build.0 = Debug|x86
		{74399318-B10F-47DC-9500-1F5B9E337DBC}.Release|Any CPU.ActiveCfg = Release|Any CPU
		{74399318-B10F-47DC-9500-1F5B9E337DBC}.Release|Any CPU.Build.0 = Release|Any CPU
		{74399318-B10F-47DC-9500-1F5B9E337DBC}.Release|ARM.ActiveCfg = Release|ARM
		{74399318-B10F-47DC-9500-1F5B9E337DBC}.Release|ARM.Build.0 = Release|ARM
		{74399318-B10F-47DC-9500-1F5B9E337DBC}.Release|iPhone.ActiveCfg = Release|Any CPU
		{74399318-B10F-47DC-9500-1F5B9E337DBC}.Release|iPhone.Build.0 = Release|Any CPU
		{74399318-B10F-47DC-9500-1F5B9E337DBC}.Release|iPhoneSimulator.ActiveCfg = Release|Any CPU
		{74399318-B10F-47DC-9500-1F5B9E337DBC}.Release|iPhoneSimulator.Build.0 = Release|Any CPU
		{74399318-B10F-47DC-9500-1F5B9E337DBC}.Release|x64.ActiveCfg = Release|x64
		{74399318-B10F-47DC-9500-1F5B9E337DBC}.Release|x64.Build.0 = Release|x64
		{74399318-B10F-47DC-9500-1F5B9E337DBC}.Release|x86.ActiveCfg = Release|x86
		{74399318-B10F-47DC-9500-1F5B9E337DBC}.Release|x86.Build.0 = Release|x86
		{01D11EF2-074C-4BC0-9C05-5A6A9F974E05}.Ad-Hoc|Any CPU.ActiveCfg = Release|Any CPU
		{01D11EF2-074C-4BC0-9C05-5A6A9F974E05}.Ad-Hoc|Any CPU.Build.0 = Release|Any CPU
		{01D11EF2-074C-4BC0-9C05-5A6A9F974E05}.Ad-Hoc|ARM.ActiveCfg = Release|Any CPU
		{01D11EF2-074C-4BC0-9C05-5A6A9F974E05}.Ad-Hoc|ARM.Build.0 = Release|Any CPU
		{01D11EF2-074C-4BC0-9C05-5A6A9F974E05}.Ad-Hoc|iPhone.ActiveCfg = Release|Any CPU
		{01D11EF2-074C-4BC0-9C05-5A6A9F974E05}.Ad-Hoc|iPhone.Build.0 = Release|Any CPU
		{01D11EF2-074C-4BC0-9C05-5A6A9F974E05}.Ad-Hoc|iPhoneSimulator.ActiveCfg = Release|Any CPU
		{01D11EF2-074C-4BC0-9C05-5A6A9F974E05}.Ad-Hoc|iPhoneSimulator.Build.0 = Release|Any CPU
		{01D11EF2-074C-4BC0-9C05-5A6A9F974E05}.Ad-Hoc|x64.ActiveCfg = Release|Any CPU
		{01D11EF2-074C-4BC0-9C05-5A6A9F974E05}.Ad-Hoc|x64.Build.0 = Release|Any CPU
		{01D11EF2-074C-4BC0-9C05-5A6A9F974E05}.Ad-Hoc|x86.ActiveCfg = Release|Any CPU
		{01D11EF2-074C-4BC0-9C05-5A6A9F974E05}.Ad-Hoc|x86.Build.0 = Release|Any CPU
		{01D11EF2-074C-4BC0-9C05-5A6A9F974E05}.AppStore|Any CPU.ActiveCfg = Release|Any CPU
		{01D11EF2-074C-4BC0-9C05-5A6A9F974E05}.AppStore|Any CPU.Build.0 = Release|Any CPU
		{01D11EF2-074C-4BC0-9C05-5A6A9F974E05}.AppStore|ARM.ActiveCfg = Release|Any CPU
		{01D11EF2-074C-4BC0-9C05-5A6A9F974E05}.AppStore|ARM.Build.0 = Release|Any CPU
		{01D11EF2-074C-4BC0-9C05-5A6A9F974E05}.AppStore|iPhone.ActiveCfg = Release|Any CPU
		{01D11EF2-074C-4BC0-9C05-5A6A9F974E05}.AppStore|iPhone.Build.0 = Release|Any CPU
		{01D11EF2-074C-4BC0-9C05-5A6A9F974E05}.AppStore|iPhoneSimulator.ActiveCfg = Release|Any CPU
		{01D11EF2-074C-4BC0-9C05-5A6A9F974E05}.AppStore|iPhoneSimulator.Build.0 = Release|Any CPU
		{01D11EF2-074C-4BC0-9C05-5A6A9F974E05}.AppStore|x64.ActiveCfg = Release|Any CPU
		{01D11EF2-074C-4BC0-9C05-5A6A9F974E05}.AppStore|x64.Build.0 = Release|Any CPU
		{01D11EF2-074C-4BC0-9C05-5A6A9F974E05}.AppStore|x86.ActiveCfg = Release|Any CPU
		{01D11EF2-074C-4BC0-9C05-5A6A9F974E05}.AppStore|x86.Build.0 = Release|Any CPU
		{01D11EF2-074C-4BC0-9C05-5A6A9F974E05}.Debug|Any CPU.ActiveCfg = Debug|Any CPU
		{01D11EF2-074C-4BC0-9C05-5A6A9F974E05}.Debug|Any CPU.Build.0 = Debug|Any CPU
		{01D11EF2-074C-4BC0-9C05-5A6A9F974E05}.Debug|ARM.ActiveCfg = Debug|Any CPU
		{01D11EF2-074C-4BC0-9C05-5A6A9F974E05}.Debug|ARM.Build.0 = Debug|Any CPU
		{01D11EF2-074C-4BC0-9C05-5A6A9F974E05}.Debug|iPhone.ActiveCfg = Debug|Any CPU
		{01D11EF2-074C-4BC0-9C05-5A6A9F974E05}.Debug|iPhone.Build.0 = Debug|Any CPU
		{01D11EF2-074C-4BC0-9C05-5A6A9F974E05}.Debug|iPhoneSimulator.ActiveCfg = Debug|Any CPU
		{01D11EF2-074C-4BC0-9C05-5A6A9F974E05}.Debug|iPhoneSimulator.Build.0 = Debug|Any CPU
		{01D11EF2-074C-4BC0-9C05-5A6A9F974E05}.Debug|x64.ActiveCfg = Debug|Any CPU
		{01D11EF2-074C-4BC0-9C05-5A6A9F974E05}.Debug|x64.Build.0 = Debug|Any CPU
		{01D11EF2-074C-4BC0-9C05-5A6A9F974E05}.Debug|x86.ActiveCfg = Debug|Any CPU
		{01D11EF2-074C-4BC0-9C05-5A6A9F974E05}.Debug|x86.Build.0 = Debug|Any CPU
		{01D11EF2-074C-4BC0-9C05-5A6A9F974E05}.Release|Any CPU.ActiveCfg = Release|Any CPU
		{01D11EF2-074C-4BC0-9C05-5A6A9F974E05}.Release|Any CPU.Build.0 = Release|Any CPU
		{01D11EF2-074C-4BC0-9C05-5A6A9F974E05}.Release|ARM.ActiveCfg = Release|Any CPU
		{01D11EF2-074C-4BC0-9C05-5A6A9F974E05}.Release|ARM.Build.0 = Release|Any CPU
		{01D11EF2-074C-4BC0-9C05-5A6A9F974E05}.Release|iPhone.ActiveCfg = Release|Any CPU
		{01D11EF2-074C-4BC0-9C05-5A6A9F974E05}.Release|iPhone.Build.0 = Release|Any CPU
		{01D11EF2-074C-4BC0-9C05-5A6A9F974E05}.Release|iPhoneSimulator.ActiveCfg = Release|Any CPU
		{01D11EF2-074C-4BC0-9C05-5A6A9F974E05}.Release|iPhoneSimulator.Build.0 = Release|Any CPU
		{01D11EF2-074C-4BC0-9C05-5A6A9F974E05}.Release|x64.ActiveCfg = Release|Any CPU
		{01D11EF2-074C-4BC0-9C05-5A6A9F974E05}.Release|x64.Build.0 = Release|Any CPU
		{01D11EF2-074C-4BC0-9C05-5A6A9F974E05}.Release|x86.ActiveCfg = Release|Any CPU
		{01D11EF2-074C-4BC0-9C05-5A6A9F974E05}.Release|x86.Build.0 = Release|Any CPU
		{3DB549B2-0E0C-417B-94B5-949D0859EA5D}.Ad-Hoc|Any CPU.ActiveCfg = Release|Any CPU
		{3DB549B2-0E0C-417B-94B5-949D0859EA5D}.Ad-Hoc|Any CPU.Build.0 = Release|Any CPU
		{3DB549B2-0E0C-417B-94B5-949D0859EA5D}.Ad-Hoc|ARM.ActiveCfg = Release|Any CPU
		{3DB549B2-0E0C-417B-94B5-949D0859EA5D}.Ad-Hoc|ARM.Build.0 = Release|Any CPU
		{3DB549B2-0E0C-417B-94B5-949D0859EA5D}.Ad-Hoc|iPhone.ActiveCfg = Release|Any CPU
		{3DB549B2-0E0C-417B-94B5-949D0859EA5D}.Ad-Hoc|iPhone.Build.0 = Release|Any CPU
		{3DB549B2-0E0C-417B-94B5-949D0859EA5D}.Ad-Hoc|iPhoneSimulator.ActiveCfg = Release|Any CPU
		{3DB549B2-0E0C-417B-94B5-949D0859EA5D}.Ad-Hoc|iPhoneSimulator.Build.0 = Release|Any CPU
		{3DB549B2-0E0C-417B-94B5-949D0859EA5D}.Ad-Hoc|x64.ActiveCfg = Release|Any CPU
		{3DB549B2-0E0C-417B-94B5-949D0859EA5D}.Ad-Hoc|x64.Build.0 = Release|Any CPU
		{3DB549B2-0E0C-417B-94B5-949D0859EA5D}.Ad-Hoc|x86.ActiveCfg = Release|Any CPU
		{3DB549B2-0E0C-417B-94B5-949D0859EA5D}.Ad-Hoc|x86.Build.0 = Release|Any CPU
		{3DB549B2-0E0C-417B-94B5-949D0859EA5D}.AppStore|Any CPU.ActiveCfg = Release|Any CPU
		{3DB549B2-0E0C-417B-94B5-949D0859EA5D}.AppStore|Any CPU.Build.0 = Release|Any CPU
		{3DB549B2-0E0C-417B-94B5-949D0859EA5D}.AppStore|ARM.ActiveCfg = Release|Any CPU
		{3DB549B2-0E0C-417B-94B5-949D0859EA5D}.AppStore|ARM.Build.0 = Release|Any CPU
		{3DB549B2-0E0C-417B-94B5-949D0859EA5D}.AppStore|iPhone.ActiveCfg = Release|Any CPU
		{3DB549B2-0E0C-417B-94B5-949D0859EA5D}.AppStore|iPhone.Build.0 = Release|Any CPU
		{3DB549B2-0E0C-417B-94B5-949D0859EA5D}.AppStore|iPhoneSimulator.ActiveCfg = Release|Any CPU
		{3DB549B2-0E0C-417B-94B5-949D0859EA5D}.AppStore|iPhoneSimulator.Build.0 = Release|Any CPU
		{3DB549B2-0E0C-417B-94B5-949D0859EA5D}.AppStore|x64.ActiveCfg = Release|Any CPU
		{3DB549B2-0E0C-417B-94B5-949D0859EA5D}.AppStore|x64.Build.0 = Release|Any CPU
		{3DB549B2-0E0C-417B-94B5-949D0859EA5D}.AppStore|x86.ActiveCfg = Release|Any CPU
		{3DB549B2-0E0C-417B-94B5-949D0859EA5D}.AppStore|x86.Build.0 = Release|Any CPU
		{3DB549B2-0E0C-417B-94B5-949D0859EA5D}.Debug|Any CPU.ActiveCfg = Debug|Any CPU
		{3DB549B2-0E0C-417B-94B5-949D0859EA5D}.Debug|Any CPU.Build.0 = Debug|Any CPU
		{3DB549B2-0E0C-417B-94B5-949D0859EA5D}.Debug|ARM.ActiveCfg = Debug|Any CPU
		{3DB549B2-0E0C-417B-94B5-949D0859EA5D}.Debug|ARM.Build.0 = Debug|Any CPU
		{3DB549B2-0E0C-417B-94B5-949D0859EA5D}.Debug|iPhone.ActiveCfg = Debug|Any CPU
		{3DB549B2-0E0C-417B-94B5-949D0859EA5D}.Debug|iPhone.Build.0 = Debug|Any CPU
		{3DB549B2-0E0C-417B-94B5-949D0859EA5D}.Debug|iPhoneSimulator.ActiveCfg = Debug|Any CPU
		{3DB549B2-0E0C-417B-94B5-949D0859EA5D}.Debug|iPhoneSimulator.Build.0 = Debug|Any CPU
		{3DB549B2-0E0C-417B-94B5-949D0859EA5D}.Debug|x64.ActiveCfg = Debug|Any CPU
		{3DB549B2-0E0C-417B-94B5-949D0859EA5D}.Debug|x64.Build.0 = Debug|Any CPU
		{3DB549B2-0E0C-417B-94B5-949D0859EA5D}.Debug|x86.ActiveCfg = Debug|Any CPU
		{3DB549B2-0E0C-417B-94B5-949D0859EA5D}.Debug|x86.Build.0 = Debug|Any CPU
		{3DB549B2-0E0C-417B-94B5-949D0859EA5D}.Release|Any CPU.ActiveCfg = Release|Any CPU
		{3DB549B2-0E0C-417B-94B5-949D0859EA5D}.Release|Any CPU.Build.0 = Release|Any CPU
		{3DB549B2-0E0C-417B-94B5-949D0859EA5D}.Release|ARM.ActiveCfg = Release|Any CPU
		{3DB549B2-0E0C-417B-94B5-949D0859EA5D}.Release|ARM.Build.0 = Release|Any CPU
		{3DB549B2-0E0C-417B-94B5-949D0859EA5D}.Release|iPhone.ActiveCfg = Release|Any CPU
		{3DB549B2-0E0C-417B-94B5-949D0859EA5D}.Release|iPhone.Build.0 = Release|Any CPU
		{3DB549B2-0E0C-417B-94B5-949D0859EA5D}.Release|iPhoneSimulator.ActiveCfg = Release|Any CPU
		{3DB549B2-0E0C-417B-94B5-949D0859EA5D}.Release|iPhoneSimulator.Build.0 = Release|Any CPU
		{3DB549B2-0E0C-417B-94B5-949D0859EA5D}.Release|x64.ActiveCfg = Release|Any CPU
		{3DB549B2-0E0C-417B-94B5-949D0859EA5D}.Release|x64.Build.0 = Release|Any CPU
		{3DB549B2-0E0C-417B-94B5-949D0859EA5D}.Release|x86.ActiveCfg = Release|Any CPU
		{3DB549B2-0E0C-417B-94B5-949D0859EA5D}.Release|x86.Build.0 = Release|Any CPU
	EndGlobalSection
	GlobalSection(SolutionProperties) = preSolution
		HideSolutionNode = FALSE
	EndGlobalSection
	GlobalSection(NestedProjects) = preSolution
		{4C6339CE-EA4E-46A5-B2E9-7E7C07DDBDED} = {41253608-E3FE-4F75-BC58-6EA61340B651}
		{579CC70E-87BC-4A62-8D83-63CED16B38B0} = {41253608-E3FE-4F75-BC58-6EA61340B651}
		{7C198F0C-15D7-4E46-B6E4-1561E78320B3} = {41253608-E3FE-4F75-BC58-6EA61340B651}
		{AF6CF861-C154-40A4-8B42-715493981F1C} = {41253608-E3FE-4F75-BC58-6EA61340B651}
		{86B895C4-C56C-4B0F-A31E-2AF766D55407} = {41253608-E3FE-4F75-BC58-6EA61340B651}
		{B6CFBF05-04E5-4AE6-8516-C6527C7A2BE8} = {23AECB80-2C05-4826-845E-B2669CF1A4B6}
		{F44FEBBA-7EA7-4B92-BF25-EBDCC1DB1830} = {23AECB80-2C05-4826-845E-B2669CF1A4B6}
		{57D5FF44-345D-4229-AEFC-E3F7F260A665} = {23AECB80-2C05-4826-845E-B2669CF1A4B6}
		{89F4B2DB-539D-467D-B9B1-74608E636349} = {23AECB80-2C05-4826-845E-B2669CF1A4B6}
		{74399318-B10F-47DC-9500-1F5B9E337DBC} = {23AECB80-2C05-4826-845E-B2669CF1A4B6}
		{01D11EF2-074C-4BC0-9C05-5A6A9F974E05} = {23AECB80-2C05-4826-845E-B2669CF1A4B6}
		{3DB549B2-0E0C-417B-94B5-949D0859EA5D} = {41253608-E3FE-4F75-BC58-6EA61340B651}
	EndGlobalSection
EndGlobal
