
Microsoft Visual Studio Solution File, Format Version 12.00
# Visual Studio 15
VisualStudioVersion = 15.0.27130.2027
MinimumVisualStudioVersion = 10.0.40219.1
Project("{FAE04EC0-301F-11D3-BF4B-00C04F79EFBC}") = "Samples.Droid", "Samples\Samples.Droid\Samples.Droid.csproj", "{8E1028CB-C0CC-4FD8-B205-A5E46E96AD33}"
EndProject
Project("{FAE04EC0-301F-11D3-BF4B-00C04F79EFBC}") = "Samples.iOS", "Samples\Samples.iOS\Samples.iOS.csproj", "{3107CAB7-B392-4013-A5B0-8A4A6149ADA4}"
EndProject
Project("{9A19103F-16F7-4668-BE54-9A1E7A4F7556}") = "Samples", "Samples\Samples\Samples.csproj", "{AF0917DD-079A-49CB-9115-BA08340E4ED8}"
EndProject
Project("{FAE04EC0-301F-11D3-BF4B-00C04F79EFBC}") = "Samples.Uwp", "samples\Samples.Uwp\Samples.Uwp.csproj", "{6ED7A633-FF4E-4A86-91B9-BE95D626B767}"
EndProject
Project("{9A19103F-16F7-4668-BE54-9A1E7A4F7556}") = "Plugin.BluetoothLE", "Plugin.BluetoothLE\Plugin.BluetoothLE.csproj", "{F44FEBBA-7EA7-4B92-BF25-EBDCC1DB1830}"
EndProject
Project("{2150E333-8FDC-42A3-9474-1A3956D46DE8}") = "Docs", "Docs", "{E72A2C1E-FB4B-4037-9B10-C675EF2F139C}"
	ProjectSection(SolutionItems) = preProject
		docs\adapter.md = docs\adapter.md
		docs\advertising.md = docs\advertising.md
		docs\changelog.md = docs\changelog.md
		docs\characteristics.md = docs\characteristics.md
		docs\descriptors.md = docs\descriptors.md
		docs\device.md = docs\device.md
		docs\extensions_beacons.md = docs\extensions_beacons.md
		docs\extensions_heartrate.md = docs\extensions_heartrate.md
		docs\gattserver.md = docs\gattserver.md
		icon.png = icon.png
		ISSUE_TEMPLATE = ISSUE_TEMPLATE
		LICENSE.md = LICENSE.md
		NuGet.config = NuGet.config
		nuget.exe = nuget.exe
		docs\platform_android.md = docs\platform_android.md
		docs\platform_ios.md = docs\platform_ios.md
		docs\platform_uwp.md = docs\platform_uwp.md
		push.cmd = push.cmd
		readme.md = readme.md
		docs\services.md = docs\services.md
		docs\setup.md = docs\setup.md
	EndProjectSection
EndProject
Project("{FAE04EC0-301F-11D3-BF4B-00C04F79EFBC}") = "Samples.macOS", "Samples\Samples.macOS\Samples.macOS.csproj", "{6DF84C8C-CBA6-4BC1-9FB8-1600B189705A}"
EndProject
Project("{2150E333-8FDC-42A3-9474-1A3956D46DE8}") = "sample", "sample", "{72EFDCDB-8AB3-402D-A9F1-9DBCD4C7B80D}"
EndProject
Project("{2150E333-8FDC-42A3-9474-1A3956D46DE8}") = "tests", "tests", "{4A3F12EA-1025-4A8E-A616-7A95F2BBC8E9}"
EndProject
Project("{9A19103F-16F7-4668-BE54-9A1E7A4F7556}") = "Plugin.BluetoothLE.Tests", "Plugin.BluetoothLE.Tests\Plugin.BluetoothLE.Tests.csproj", "{7DCADB09-C341-469C-BB5A-AAB7F4B2E4F1}"
EndProject
Project("{FAE04EC0-301F-11D3-BF4B-00C04F79EFBC}") = "Plugin.BluetoothLE.Android.Tests", "Plugin.BluetoothLE.Android.Tests\Plugin.BluetoothLE.Android.Tests.csproj", "{906C3CAF-4317-4590-955B-C7F1CB233F73}"
EndProject
Project("{FAE04EC0-301F-11D3-BF4B-00C04F79EFBC}") = "Plugin.BluetoothLE.iOS.Tests", "Plugin.BluetoothLE.iOS.Tests\Plugin.BluetoothLE.iOS.Tests.csproj", "{24495ADD-26B6-4A70-94C9-26779AA4CB9F}"
EndProject
Project("{FAE04EC0-301F-11D3-BF4B-00C04F79EFBC}") = "Plugin.BluetoothLE.Uwp.Tests", "Plugin.BluetoothLE.Uwp.Tests\Plugin.BluetoothLE.Uwp.Tests.csproj", "{738E8526-76BF-4DE7-9852-1CB8DBC25BB9}"
EndProject
Project("{FAE04EC0-301F-11D3-BF4B-00C04F79EFBC}") = "MvvmCross.Plugin.BluetoothLE", "MvvmCross.Plugin.BluetoothLE\MvvmCross.Plugin.BluetoothLE.csproj", "{AB6360FF-750C-481E-A359-D56EF16BE192}"
EndProject
Global
	GlobalSection(SharedMSBuildProjectFiles) = preSolution
		Plugin.BluetoothLE.Shared\Plugin.BluetoothLE.Shared.projitems*{f44febba-7ea7-4b92-bf25-ebdcc1db1830}*SharedItemsImports = 4
	EndGlobalSection
	GlobalSection(SolutionConfigurationPlatforms) = preSolution
		Ad-Hoc|Any CPU = Ad-Hoc|Any CPU
		Ad-Hoc|ARM = Ad-Hoc|ARM
		Ad-Hoc|iPhone = Ad-Hoc|iPhone
		Ad-Hoc|iPhoneSimulator = Ad-Hoc|iPhoneSimulator
		Ad-Hoc|x64 = Ad-Hoc|x64
		Ad-Hoc|x86 = Ad-Hoc|x86
		AppStore|Any CPU = AppStore|Any CPU
		AppStore|ARM = AppStore|ARM
		AppStore|iPhone = AppStore|iPhone
		AppStore|iPhoneSimulator = AppStore|iPhoneSimulator
		AppStore|x64 = AppStore|x64
		AppStore|x86 = AppStore|x86
		Debug|Any CPU = Debug|Any CPU
		Debug|ARM = Debug|ARM
		Debug|iPhone = Debug|iPhone
		Debug|iPhoneSimulator = Debug|iPhoneSimulator
		Debug|x64 = Debug|x64
		Debug|x86 = Debug|x86
		Release|Any CPU = Release|Any CPU
		Release|ARM = Release|ARM
		Release|iPhone = Release|iPhone
		Release|iPhoneSimulator = Release|iPhoneSimulator
		Release|x64 = Release|x64
		Release|x86 = Release|x86
	EndGlobalSection
	GlobalSection(ProjectConfigurationPlatforms) = postSolution
		{8E1028CB-C0CC-4FD8-B205-A5E46E96AD33}.Ad-Hoc|Any CPU.ActiveCfg = Release|Any CPU
		{8E1028CB-C0CC-4FD8-B205-A5E46E96AD33}.Ad-Hoc|Any CPU.Build.0 = Release|Any CPU
		{8E1028CB-C0CC-4FD8-B205-A5E46E96AD33}.Ad-Hoc|Any CPU.Deploy.0 = Release|Any CPU
		{8E1028CB-C0CC-4FD8-B205-A5E46E96AD33}.Ad-Hoc|ARM.ActiveCfg = Release|Any CPU
		{8E1028CB-C0CC-4FD8-B205-A5E46E96AD33}.Ad-Hoc|ARM.Build.0 = Release|Any CPU
		{8E1028CB-C0CC-4FD8-B205-A5E46E96AD33}.Ad-Hoc|ARM.Deploy.0 = Release|Any CPU
		{8E1028CB-C0CC-4FD8-B205-A5E46E96AD33}.Ad-Hoc|iPhone.ActiveCfg = Release|Any CPU
		{8E1028CB-C0CC-4FD8-B205-A5E46E96AD33}.Ad-Hoc|iPhone.Build.0 = Release|Any CPU
		{8E1028CB-C0CC-4FD8-B205-A5E46E96AD33}.Ad-Hoc|iPhone.Deploy.0 = Release|Any CPU
		{8E1028CB-C0CC-4FD8-B205-A5E46E96AD33}.Ad-Hoc|iPhoneSimulator.ActiveCfg = Release|Any CPU
		{8E1028CB-C0CC-4FD8-B205-A5E46E96AD33}.Ad-Hoc|iPhoneSimulator.Build.0 = Release|Any CPU
		{8E1028CB-C0CC-4FD8-B205-A5E46E96AD33}.Ad-Hoc|iPhoneSimulator.Deploy.0 = Release|Any CPU
		{8E1028CB-C0CC-4FD8-B205-A5E46E96AD33}.Ad-Hoc|x64.ActiveCfg = Release|Any CPU
		{8E1028CB-C0CC-4FD8-B205-A5E46E96AD33}.Ad-Hoc|x64.Build.0 = Release|Any CPU
		{8E1028CB-C0CC-4FD8-B205-A5E46E96AD33}.Ad-Hoc|x64.Deploy.0 = Release|Any CPU
		{8E1028CB-C0CC-4FD8-B205-A5E46E96AD33}.Ad-Hoc|x86.ActiveCfg = Release|Any CPU
		{8E1028CB-C0CC-4FD8-B205-A5E46E96AD33}.Ad-Hoc|x86.Build.0 = Release|Any CPU
		{8E1028CB-C0CC-4FD8-B205-A5E46E96AD33}.Ad-Hoc|x86.Deploy.0 = Release|Any CPU
		{8E1028CB-C0CC-4FD8-B205-A5E46E96AD33}.AppStore|Any CPU.ActiveCfg = Release|Any CPU
		{8E1028CB-C0CC-4FD8-B205-A5E46E96AD33}.AppStore|Any CPU.Build.0 = Release|Any CPU
		{8E1028CB-C0CC-4FD8-B205-A5E46E96AD33}.AppStore|Any CPU.Deploy.0 = Release|Any CPU
		{8E1028CB-C0CC-4FD8-B205-A5E46E96AD33}.AppStore|ARM.ActiveCfg = Release|Any CPU
		{8E1028CB-C0CC-4FD8-B205-A5E46E96AD33}.AppStore|ARM.Build.0 = Release|Any CPU
		{8E1028CB-C0CC-4FD8-B205-A5E46E96AD33}.AppStore|ARM.Deploy.0 = Release|Any CPU
		{8E1028CB-C0CC-4FD8-B205-A5E46E96AD33}.AppStore|iPhone.ActiveCfg = Release|Any CPU
		{8E1028CB-C0CC-4FD8-B205-A5E46E96AD33}.AppStore|iPhone.Build.0 = Release|Any CPU
		{8E1028CB-C0CC-4FD8-B205-A5E46E96AD33}.AppStore|iPhone.Deploy.0 = Release|Any CPU
		{8E1028CB-C0CC-4FD8-B205-A5E46E96AD33}.AppStore|iPhoneSimulator.ActiveCfg = Release|Any CPU
		{8E1028CB-C0CC-4FD8-B205-A5E46E96AD33}.AppStore|iPhoneSimulator.Build.0 = Release|Any CPU
		{8E1028CB-C0CC-4FD8-B205-A5E46E96AD33}.AppStore|iPhoneSimulator.Deploy.0 = Release|Any CPU
		{8E1028CB-C0CC-4FD8-B205-A5E46E96AD33}.AppStore|x64.ActiveCfg = Release|Any CPU
		{8E1028CB-C0CC-4FD8-B205-A5E46E96AD33}.AppStore|x64.Build.0 = Release|Any CPU
		{8E1028CB-C0CC-4FD8-B205-A5E46E96AD33}.AppStore|x64.Deploy.0 = Release|Any CPU
		{8E1028CB-C0CC-4FD8-B205-A5E46E96AD33}.AppStore|x86.ActiveCfg = Release|Any CPU
		{8E1028CB-C0CC-4FD8-B205-A5E46E96AD33}.AppStore|x86.Build.0 = Release|Any CPU
		{8E1028CB-C0CC-4FD8-B205-A5E46E96AD33}.AppStore|x86.Deploy.0 = Release|Any CPU
		{8E1028CB-C0CC-4FD8-B205-A5E46E96AD33}.Debug|Any CPU.ActiveCfg = Debug|Any CPU
		{8E1028CB-C0CC-4FD8-B205-A5E46E96AD33}.Debug|Any CPU.Build.0 = Debug|Any CPU
		{8E1028CB-C0CC-4FD8-B205-A5E46E96AD33}.Debug|Any CPU.Deploy.0 = Debug|Any CPU
		{8E1028CB-C0CC-4FD8-B205-A5E46E96AD33}.Debug|ARM.ActiveCfg = Debug|Any CPU
		{8E1028CB-C0CC-4FD8-B205-A5E46E96AD33}.Debug|ARM.Build.0 = Debug|Any CPU
		{8E1028CB-C0CC-4FD8-B205-A5E46E96AD33}.Debug|ARM.Deploy.0 = Debug|Any CPU
		{8E1028CB-C0CC-4FD8-B205-A5E46E96AD33}.Debug|iPhone.ActiveCfg = Debug|Any CPU
		{8E1028CB-C0CC-4FD8-B205-A5E46E96AD33}.Debug|iPhoneSimulator.ActiveCfg = Debug|Any CPU
		{8E1028CB-C0CC-4FD8-B205-A5E46E96AD33}.Debug|iPhoneSimulator.Build.0 = Debug|Any CPU
		{8E1028CB-C0CC-4FD8-B205-A5E46E96AD33}.Debug|iPhoneSimulator.Deploy.0 = Debug|Any CPU
		{8E1028CB-C0CC-4FD8-B205-A5E46E96AD33}.Debug|x64.ActiveCfg = Debug|Any CPU
		{8E1028CB-C0CC-4FD8-B205-A5E46E96AD33}.Debug|x64.Build.0 = Debug|Any CPU
		{8E1028CB-C0CC-4FD8-B205-A5E46E96AD33}.Debug|x64.Deploy.0 = Debug|Any CPU
		{8E1028CB-C0CC-4FD8-B205-A5E46E96AD33}.Debug|x86.ActiveCfg = Debug|Any CPU
		{8E1028CB-C0CC-4FD8-B205-A5E46E96AD33}.Debug|x86.Build.0 = Debug|Any CPU
		{8E1028CB-C0CC-4FD8-B205-A5E46E96AD33}.Debug|x86.Deploy.0 = Debug|Any CPU
		{8E1028CB-C0CC-4FD8-B205-A5E46E96AD33}.Release|Any CPU.ActiveCfg = Release|Any CPU
		{8E1028CB-C0CC-4FD8-B205-A5E46E96AD33}.Release|ARM.ActiveCfg = Release|Any CPU
		{8E1028CB-C0CC-4FD8-B205-A5E46E96AD33}.Release|ARM.Build.0 = Release|Any CPU
		{8E1028CB-C0CC-4FD8-B205-A5E46E96AD33}.Release|ARM.Deploy.0 = Release|Any CPU
		{8E1028CB-C0CC-4FD8-B205-A5E46E96AD33}.Release|iPhone.ActiveCfg = Release|Any CPU
		{8E1028CB-C0CC-4FD8-B205-A5E46E96AD33}.Release|iPhone.Build.0 = Release|Any CPU
		{8E1028CB-C0CC-4FD8-B205-A5E46E96AD33}.Release|iPhone.Deploy.0 = Release|Any CPU
		{8E1028CB-C0CC-4FD8-B205-A5E46E96AD33}.Release|iPhoneSimulator.ActiveCfg = Release|Any CPU
		{8E1028CB-C0CC-4FD8-B205-A5E46E96AD33}.Release|iPhoneSimulator.Build.0 = Release|Any CPU
		{8E1028CB-C0CC-4FD8-B205-A5E46E96AD33}.Release|iPhoneSimulator.Deploy.0 = Release|Any CPU
		{8E1028CB-C0CC-4FD8-B205-A5E46E96AD33}.Release|x64.ActiveCfg = Release|Any CPU
		{8E1028CB-C0CC-4FD8-B205-A5E46E96AD33}.Release|x64.Build.0 = Release|Any CPU
		{8E1028CB-C0CC-4FD8-B205-A5E46E96AD33}.Release|x64.Deploy.0 = Release|Any CPU
		{8E1028CB-C0CC-4FD8-B205-A5E46E96AD33}.Release|x86.ActiveCfg = Release|Any CPU
		{8E1028CB-C0CC-4FD8-B205-A5E46E96AD33}.Release|x86.Build.0 = Release|Any CPU
		{8E1028CB-C0CC-4FD8-B205-A5E46E96AD33}.Release|x86.Deploy.0 = Release|Any CPU
		{3107CAB7-B392-4013-A5B0-8A4A6149ADA4}.Ad-Hoc|Any CPU.ActiveCfg = Ad-Hoc|iPhone
		{3107CAB7-B392-4013-A5B0-8A4A6149ADA4}.Ad-Hoc|ARM.ActiveCfg = Ad-Hoc|iPhone
		{3107CAB7-B392-4013-A5B0-8A4A6149ADA4}.Ad-Hoc|iPhone.ActiveCfg = Ad-Hoc|iPhone
		{3107CAB7-B392-4013-A5B0-8A4A6149ADA4}.Ad-Hoc|iPhone.Build.0 = Ad-Hoc|iPhone
		{3107CAB7-B392-4013-A5B0-8A4A6149ADA4}.Ad-Hoc|iPhoneSimulator.ActiveCfg = Ad-Hoc|iPhoneSimulator
		{3107CAB7-B392-4013-A5B0-8A4A6149ADA4}.Ad-Hoc|iPhoneSimulator.Build.0 = Ad-Hoc|iPhoneSimulator
		{3107CAB7-B392-4013-A5B0-8A4A6149ADA4}.Ad-Hoc|x64.ActiveCfg = Ad-Hoc|iPhone
		{3107CAB7-B392-4013-A5B0-8A4A6149ADA4}.Ad-Hoc|x86.ActiveCfg = Ad-Hoc|iPhone
		{3107CAB7-B392-4013-A5B0-8A4A6149ADA4}.AppStore|Any CPU.ActiveCfg = AppStore|iPhone
		{3107CAB7-B392-4013-A5B0-8A4A6149ADA4}.AppStore|ARM.ActiveCfg = AppStore|iPhone
		{3107CAB7-B392-4013-A5B0-8A4A6149ADA4}.AppStore|iPhone.ActiveCfg = AppStore|iPhone
		{3107CAB7-B392-4013-A5B0-8A4A6149ADA4}.AppStore|iPhone.Build.0 = AppStore|iPhone
		{3107CAB7-B392-4013-A5B0-8A4A6149ADA4}.AppStore|iPhoneSimulator.ActiveCfg = AppStore|iPhoneSimulator
		{3107CAB7-B392-4013-A5B0-8A4A6149ADA4}.AppStore|iPhoneSimulator.Build.0 = AppStore|iPhoneSimulator
		{3107CAB7-B392-4013-A5B0-8A4A6149ADA4}.AppStore|x64.ActiveCfg = AppStore|iPhone
		{3107CAB7-B392-4013-A5B0-8A4A6149ADA4}.AppStore|x86.ActiveCfg = AppStore|iPhone
		{3107CAB7-B392-4013-A5B0-8A4A6149ADA4}.Debug|Any CPU.ActiveCfg = Debug|iPhone
		{3107CAB7-B392-4013-A5B0-8A4A6149ADA4}.Debug|ARM.ActiveCfg = Debug|iPhone
		{3107CAB7-B392-4013-A5B0-8A4A6149ADA4}.Debug|iPhone.ActiveCfg = Debug|iPhone
		{3107CAB7-B392-4013-A5B0-8A4A6149ADA4}.Debug|iPhone.Build.0 = Debug|iPhone
		{3107CAB7-B392-4013-A5B0-8A4A6149ADA4}.Debug|iPhoneSimulator.ActiveCfg = Debug|iPhoneSimulator
		{3107CAB7-B392-4013-A5B0-8A4A6149ADA4}.Debug|iPhoneSimulator.Build.0 = Debug|iPhoneSimulator
		{3107CAB7-B392-4013-A5B0-8A4A6149ADA4}.Debug|x64.ActiveCfg = Debug|iPhone
		{3107CAB7-B392-4013-A5B0-8A4A6149ADA4}.Debug|x86.ActiveCfg = Debug|iPhone
		{3107CAB7-B392-4013-A5B0-8A4A6149ADA4}.Release|Any CPU.ActiveCfg = Release|iPhone
		{3107CAB7-B392-4013-A5B0-8A4A6149ADA4}.Release|ARM.ActiveCfg = Release|iPhone
		{3107CAB7-B392-4013-A5B0-8A4A6149ADA4}.Release|iPhone.ActiveCfg = Release|iPhone
		{3107CAB7-B392-4013-A5B0-8A4A6149ADA4}.Release|iPhone.Build.0 = Release|iPhone
		{3107CAB7-B392-4013-A5B0-8A4A6149ADA4}.Release|iPhoneSimulator.ActiveCfg = Release|iPhoneSimulator
		{3107CAB7-B392-4013-A5B0-8A4A6149ADA4}.Release|iPhoneSimulator.Build.0 = Release|iPhoneSimulator
		{3107CAB7-B392-4013-A5B0-8A4A6149ADA4}.Release|x64.ActiveCfg = Release|iPhone
		{3107CAB7-B392-4013-A5B0-8A4A6149ADA4}.Release|x86.ActiveCfg = Release|iPhone
		{AF0917DD-079A-49CB-9115-BA08340E4ED8}.Ad-Hoc|Any CPU.ActiveCfg = Release|Any CPU
		{AF0917DD-079A-49CB-9115-BA08340E4ED8}.Ad-Hoc|Any CPU.Build.0 = Release|Any CPU
		{AF0917DD-079A-49CB-9115-BA08340E4ED8}.Ad-Hoc|ARM.ActiveCfg = Release|Any CPU
		{AF0917DD-079A-49CB-9115-BA08340E4ED8}.Ad-Hoc|ARM.Build.0 = Release|Any CPU
		{AF0917DD-079A-49CB-9115-BA08340E4ED8}.Ad-Hoc|iPhone.ActiveCfg = Release|Any CPU
		{AF0917DD-079A-49CB-9115-BA08340E4ED8}.Ad-Hoc|iPhone.Build.0 = Release|Any CPU
		{AF0917DD-079A-49CB-9115-BA08340E4ED8}.Ad-Hoc|iPhoneSimulator.ActiveCfg = Release|Any CPU
		{AF0917DD-079A-49CB-9115-BA08340E4ED8}.Ad-Hoc|iPhoneSimulator.Build.0 = Release|Any CPU
		{AF0917DD-079A-49CB-9115-BA08340E4ED8}.Ad-Hoc|x64.ActiveCfg = Release|Any CPU
		{AF0917DD-079A-49CB-9115-BA08340E4ED8}.Ad-Hoc|x64.Build.0 = Release|Any CPU
		{AF0917DD-079A-49CB-9115-BA08340E4ED8}.Ad-Hoc|x86.ActiveCfg = Release|Any CPU
		{AF0917DD-079A-49CB-9115-BA08340E4ED8}.Ad-Hoc|x86.Build.0 = Release|Any CPU
		{AF0917DD-079A-49CB-9115-BA08340E4ED8}.AppStore|Any CPU.ActiveCfg = Release|Any CPU
		{AF0917DD-079A-49CB-9115-BA08340E4ED8}.AppStore|Any CPU.Build.0 = Release|Any CPU
		{AF0917DD-079A-49CB-9115-BA08340E4ED8}.AppStore|ARM.ActiveCfg = Release|Any CPU
		{AF0917DD-079A-49CB-9115-BA08340E4ED8}.AppStore|ARM.Build.0 = Release|Any CPU
		{AF0917DD-079A-49CB-9115-BA08340E4ED8}.AppStore|iPhone.ActiveCfg = Release|Any CPU
		{AF0917DD-079A-49CB-9115-BA08340E4ED8}.AppStore|iPhone.Build.0 = Release|Any CPU
		{AF0917DD-079A-49CB-9115-BA08340E4ED8}.AppStore|iPhoneSimulator.ActiveCfg = Release|Any CPU
		{AF0917DD-079A-49CB-9115-BA08340E4ED8}.AppStore|iPhoneSimulator.Build.0 = Release|Any CPU
		{AF0917DD-079A-49CB-9115-BA08340E4ED8}.AppStore|x64.ActiveCfg = Release|Any CPU
		{AF0917DD-079A-49CB-9115-BA08340E4ED8}.AppStore|x64.Build.0 = Release|Any CPU
		{AF0917DD-079A-49CB-9115-BA08340E4ED8}.AppStore|x86.ActiveCfg = Release|Any CPU
		{AF0917DD-079A-49CB-9115-BA08340E4ED8}.AppStore|x86.Build.0 = Release|Any CPU
		{AF0917DD-079A-49CB-9115-BA08340E4ED8}.Debug|Any CPU.ActiveCfg = Debug|Any CPU
		{AF0917DD-079A-49CB-9115-BA08340E4ED8}.Debug|Any CPU.Build.0 = Debug|Any CPU
		{AF0917DD-079A-49CB-9115-BA08340E4ED8}.Debug|ARM.ActiveCfg = Debug|Any CPU
		{AF0917DD-079A-49CB-9115-BA08340E4ED8}.Debug|ARM.Build.0 = Debug|Any CPU
		{AF0917DD-079A-49CB-9115-BA08340E4ED8}.Debug|iPhone.ActiveCfg = Debug|Any CPU
		{AF0917DD-079A-49CB-9115-BA08340E4ED8}.Debug|iPhone.Build.0 = Debug|Any CPU
		{AF0917DD-079A-49CB-9115-BA08340E4ED8}.Debug|iPhoneSimulator.ActiveCfg = Debug|Any CPU
		{AF0917DD-079A-49CB-9115-BA08340E4ED8}.Debug|iPhoneSimulator.Build.0 = Debug|Any CPU
		{AF0917DD-079A-49CB-9115-BA08340E4ED8}.Debug|x64.ActiveCfg = Debug|Any CPU
		{AF0917DD-079A-49CB-9115-BA08340E4ED8}.Debug|x64.Build.0 = Debug|Any CPU
		{AF0917DD-079A-49CB-9115-BA08340E4ED8}.Debug|x86.ActiveCfg = Debug|Any CPU
		{AF0917DD-079A-49CB-9115-BA08340E4ED8}.Debug|x86.Build.0 = Debug|Any CPU
		{AF0917DD-079A-49CB-9115-BA08340E4ED8}.Release|Any CPU.ActiveCfg = Release|Any CPU
		{AF0917DD-079A-49CB-9115-BA08340E4ED8}.Release|ARM.ActiveCfg = Release|Any CPU
		{AF0917DD-079A-49CB-9115-BA08340E4ED8}.Release|ARM.Build.0 = Release|Any CPU
		{AF0917DD-079A-49CB-9115-BA08340E4ED8}.Release|iPhone.ActiveCfg = Release|Any CPU
		{AF0917DD-079A-49CB-9115-BA08340E4ED8}.Release|iPhone.Build.0 = Release|Any CPU
		{AF0917DD-079A-49CB-9115-BA08340E4ED8}.Release|iPhoneSimulator.ActiveCfg = Release|Any CPU
		{AF0917DD-079A-49CB-9115-BA08340E4ED8}.Release|iPhoneSimulator.Build.0 = Release|Any CPU
		{AF0917DD-079A-49CB-9115-BA08340E4ED8}.Release|x64.ActiveCfg = Release|Any CPU
		{AF0917DD-079A-49CB-9115-BA08340E4ED8}.Release|x64.Build.0 = Release|Any CPU
		{AF0917DD-079A-49CB-9115-BA08340E4ED8}.Release|x86.ActiveCfg = Release|Any CPU
		{AF0917DD-079A-49CB-9115-BA08340E4ED8}.Release|x86.Build.0 = Release|Any CPU
		{6ED7A633-FF4E-4A86-91B9-BE95D626B767}.Ad-Hoc|Any CPU.ActiveCfg = Release|x64
		{6ED7A633-FF4E-4A86-91B9-BE95D626B767}.Ad-Hoc|Any CPU.Build.0 = Release|x64
		{6ED7A633-FF4E-4A86-91B9-BE95D626B767}.Ad-Hoc|Any CPU.Deploy.0 = Release|x64
		{6ED7A633-FF4E-4A86-91B9-BE95D626B767}.Ad-Hoc|ARM.ActiveCfg = Release|ARM
		{6ED7A633-FF4E-4A86-91B9-BE95D626B767}.Ad-Hoc|ARM.Build.0 = Release|ARM
		{6ED7A633-FF4E-4A86-91B9-BE95D626B767}.Ad-Hoc|ARM.Deploy.0 = Release|ARM
		{6ED7A633-FF4E-4A86-91B9-BE95D626B767}.Ad-Hoc|iPhone.ActiveCfg = Release|x64
		{6ED7A633-FF4E-4A86-91B9-BE95D626B767}.Ad-Hoc|iPhone.Build.0 = Release|x64
		{6ED7A633-FF4E-4A86-91B9-BE95D626B767}.Ad-Hoc|iPhone.Deploy.0 = Release|x64
		{6ED7A633-FF4E-4A86-91B9-BE95D626B767}.Ad-Hoc|iPhoneSimulator.ActiveCfg = Release|x64
		{6ED7A633-FF4E-4A86-91B9-BE95D626B767}.Ad-Hoc|iPhoneSimulator.Build.0 = Release|x64
		{6ED7A633-FF4E-4A86-91B9-BE95D626B767}.Ad-Hoc|iPhoneSimulator.Deploy.0 = Release|x64
		{6ED7A633-FF4E-4A86-91B9-BE95D626B767}.Ad-Hoc|x64.ActiveCfg = Release|x64
		{6ED7A633-FF4E-4A86-91B9-BE95D626B767}.Ad-Hoc|x64.Build.0 = Release|x64
		{6ED7A633-FF4E-4A86-91B9-BE95D626B767}.Ad-Hoc|x64.Deploy.0 = Release|x64
		{6ED7A633-FF4E-4A86-91B9-BE95D626B767}.Ad-Hoc|x86.ActiveCfg = Release|x86
		{6ED7A633-FF4E-4A86-91B9-BE95D626B767}.Ad-Hoc|x86.Build.0 = Release|x86
		{6ED7A633-FF4E-4A86-91B9-BE95D626B767}.Ad-Hoc|x86.Deploy.0 = Release|x86
		{6ED7A633-FF4E-4A86-91B9-BE95D626B767}.AppStore|Any CPU.ActiveCfg = Release|x64
		{6ED7A633-FF4E-4A86-91B9-BE95D626B767}.AppStore|Any CPU.Build.0 = Release|x64
		{6ED7A633-FF4E-4A86-91B9-BE95D626B767}.AppStore|Any CPU.Deploy.0 = Release|x64
		{6ED7A633-FF4E-4A86-91B9-BE95D626B767}.AppStore|ARM.ActiveCfg = Release|ARM
		{6ED7A633-FF4E-4A86-91B9-BE95D626B767}.AppStore|ARM.Build.0 = Release|ARM
		{6ED7A633-FF4E-4A86-91B9-BE95D626B767}.AppStore|ARM.Deploy.0 = Release|ARM
		{6ED7A633-FF4E-4A86-91B9-BE95D626B767}.AppStore|iPhone.ActiveCfg = Release|x64
		{6ED7A633-FF4E-4A86-91B9-BE95D626B767}.AppStore|iPhone.Build.0 = Release|x64
		{6ED7A633-FF4E-4A86-91B9-BE95D626B767}.AppStore|iPhone.Deploy.0 = Release|x64
		{6ED7A633-FF4E-4A86-91B9-BE95D626B767}.AppStore|iPhoneSimulator.ActiveCfg = Release|x64
		{6ED7A633-FF4E-4A86-91B9-BE95D626B767}.AppStore|iPhoneSimulator.Build.0 = Release|x64
		{6ED7A633-FF4E-4A86-91B9-BE95D626B767}.AppStore|iPhoneSimulator.Deploy.0 = Release|x64
		{6ED7A633-FF4E-4A86-91B9-BE95D626B767}.AppStore|x64.ActiveCfg = Release|x64
		{6ED7A633-FF4E-4A86-91B9-BE95D626B767}.AppStore|x64.Build.0 = Release|x64
		{6ED7A633-FF4E-4A86-91B9-BE95D626B767}.AppStore|x64.Deploy.0 = Release|x64
		{6ED7A633-FF4E-4A86-91B9-BE95D626B767}.AppStore|x86.ActiveCfg = Release|x86
		{6ED7A633-FF4E-4A86-91B9-BE95D626B767}.AppStore|x86.Build.0 = Release|x86
		{6ED7A633-FF4E-4A86-91B9-BE95D626B767}.AppStore|x86.Deploy.0 = Release|x86
		{6ED7A633-FF4E-4A86-91B9-BE95D626B767}.Debug|Any CPU.ActiveCfg = Debug|x86
		{6ED7A633-FF4E-4A86-91B9-BE95D626B767}.Debug|ARM.ActiveCfg = Debug|ARM
		{6ED7A633-FF4E-4A86-91B9-BE95D626B767}.Debug|ARM.Build.0 = Debug|ARM
		{6ED7A633-FF4E-4A86-91B9-BE95D626B767}.Debug|ARM.Deploy.0 = Debug|ARM
		{6ED7A633-FF4E-4A86-91B9-BE95D626B767}.Debug|iPhone.ActiveCfg = Debug|x86
		{6ED7A633-FF4E-4A86-91B9-BE95D626B767}.Debug|iPhoneSimulator.ActiveCfg = Debug|x86
		{6ED7A633-FF4E-4A86-91B9-BE95D626B767}.Debug|x64.ActiveCfg = Debug|x64
		{6ED7A633-FF4E-4A86-91B9-BE95D626B767}.Debug|x64.Build.0 = Debug|x64
		{6ED7A633-FF4E-4A86-91B9-BE95D626B767}.Debug|x64.Deploy.0 = Debug|x64
		{6ED7A633-FF4E-4A86-91B9-BE95D626B767}.Debug|x86.ActiveCfg = Debug|x86
		{6ED7A633-FF4E-4A86-91B9-BE95D626B767}.Debug|x86.Build.0 = Debug|x86
		{6ED7A633-FF4E-4A86-91B9-BE95D626B767}.Debug|x86.Deploy.0 = Debug|x86
		{6ED7A633-FF4E-4A86-91B9-BE95D626B767}.Release|Any CPU.ActiveCfg = Release|x86
		{6ED7A633-FF4E-4A86-91B9-BE95D626B767}.Release|ARM.ActiveCfg = Release|ARM
		{6ED7A633-FF4E-4A86-91B9-BE95D626B767}.Release|ARM.Build.0 = Release|ARM
		{6ED7A633-FF4E-4A86-91B9-BE95D626B767}.Release|ARM.Deploy.0 = Release|ARM
		{6ED7A633-FF4E-4A86-91B9-BE95D626B767}.Release|iPhone.ActiveCfg = Release|x86
		{6ED7A633-FF4E-4A86-91B9-BE95D626B767}.Release|iPhoneSimulator.ActiveCfg = Release|x86
		{6ED7A633-FF4E-4A86-91B9-BE95D626B767}.Release|x64.ActiveCfg = Release|x64
		{6ED7A633-FF4E-4A86-91B9-BE95D626B767}.Release|x64.Build.0 = Release|x64
		{6ED7A633-FF4E-4A86-91B9-BE95D626B767}.Release|x64.Deploy.0 = Release|x64
		{6ED7A633-FF4E-4A86-91B9-BE95D626B767}.Release|x86.ActiveCfg = Release|x86
		{6ED7A633-FF4E-4A86-91B9-BE95D626B767}.Release|x86.Build.0 = Release|x86
		{6ED7A633-FF4E-4A86-91B9-BE95D626B767}.Release|x86.Deploy.0 = Release|x86
		{F44FEBBA-7EA7-4B92-BF25-EBDCC1DB1830}.Ad-Hoc|Any CPU.ActiveCfg = Release|Any CPU
		{F44FEBBA-7EA7-4B92-BF25-EBDCC1DB1830}.Ad-Hoc|Any CPU.Build.0 = Release|Any CPU
		{F44FEBBA-7EA7-4B92-BF25-EBDCC1DB1830}.Ad-Hoc|ARM.ActiveCfg = Release|Any CPU
		{F44FEBBA-7EA7-4B92-BF25-EBDCC1DB1830}.Ad-Hoc|ARM.Build.0 = Release|Any CPU
		{F44FEBBA-7EA7-4B92-BF25-EBDCC1DB1830}.Ad-Hoc|iPhone.ActiveCfg = Release|Any CPU
		{F44FEBBA-7EA7-4B92-BF25-EBDCC1DB1830}.Ad-Hoc|iPhone.Build.0 = Release|Any CPU
		{F44FEBBA-7EA7-4B92-BF25-EBDCC1DB1830}.Ad-Hoc|iPhoneSimulator.ActiveCfg = Release|Any CPU
		{F44FEBBA-7EA7-4B92-BF25-EBDCC1DB1830}.Ad-Hoc|iPhoneSimulator.Build.0 = Release|Any CPU
		{F44FEBBA-7EA7-4B92-BF25-EBDCC1DB1830}.Ad-Hoc|x64.ActiveCfg = Release|Any CPU
		{F44FEBBA-7EA7-4B92-BF25-EBDCC1DB1830}.Ad-Hoc|x64.Build.0 = Release|Any CPU
		{F44FEBBA-7EA7-4B92-BF25-EBDCC1DB1830}.Ad-Hoc|x86.ActiveCfg = Release|Any CPU
		{F44FEBBA-7EA7-4B92-BF25-EBDCC1DB1830}.Ad-Hoc|x86.Build.0 = Release|Any CPU
		{F44FEBBA-7EA7-4B92-BF25-EBDCC1DB1830}.AppStore|Any CPU.ActiveCfg = Release|Any CPU
		{F44FEBBA-7EA7-4B92-BF25-EBDCC1DB1830}.AppStore|Any CPU.Build.0 = Release|Any CPU
		{F44FEBBA-7EA7-4B92-BF25-EBDCC1DB1830}.AppStore|ARM.ActiveCfg = Release|Any CPU
		{F44FEBBA-7EA7-4B92-BF25-EBDCC1DB1830}.AppStore|ARM.Build.0 = Release|Any CPU
		{F44FEBBA-7EA7-4B92-BF25-EBDCC1DB1830}.AppStore|iPhone.ActiveCfg = Release|Any CPU
		{F44FEBBA-7EA7-4B92-BF25-EBDCC1DB1830}.AppStore|iPhone.Build.0 = Release|Any CPU
		{F44FEBBA-7EA7-4B92-BF25-EBDCC1DB1830}.AppStore|iPhoneSimulator.ActiveCfg = Release|Any CPU
		{F44FEBBA-7EA7-4B92-BF25-EBDCC1DB1830}.AppStore|iPhoneSimulator.Build.0 = Release|Any CPU
		{F44FEBBA-7EA7-4B92-BF25-EBDCC1DB1830}.AppStore|x64.ActiveCfg = Release|Any CPU
		{F44FEBBA-7EA7-4B92-BF25-EBDCC1DB1830}.AppStore|x64.Build.0 = Release|Any CPU
		{F44FEBBA-7EA7-4B92-BF25-EBDCC1DB1830}.AppStore|x86.ActiveCfg = Release|Any CPU
		{F44FEBBA-7EA7-4B92-BF25-EBDCC1DB1830}.AppStore|x86.Build.0 = Release|Any CPU
		{F44FEBBA-7EA7-4B92-BF25-EBDCC1DB1830}.Debug|Any CPU.ActiveCfg = Debug|Any CPU
		{F44FEBBA-7EA7-4B92-BF25-EBDCC1DB1830}.Debug|Any CPU.Build.0 = Debug|Any CPU
		{F44FEBBA-7EA7-4B92-BF25-EBDCC1DB1830}.Debug|ARM.ActiveCfg = Debug|Any CPU
		{F44FEBBA-7EA7-4B92-BF25-EBDCC1DB1830}.Debug|ARM.Build.0 = Debug|Any CPU
		{F44FEBBA-7EA7-4B92-BF25-EBDCC1DB1830}.Debug|iPhone.ActiveCfg = Debug|Any CPU
		{F44FEBBA-7EA7-4B92-BF25-EBDCC1DB1830}.Debug|iPhone.Build.0 = Debug|Any CPU
		{F44FEBBA-7EA7-4B92-BF25-EBDCC1DB1830}.Debug|iPhoneSimulator.ActiveCfg = Debug|Any CPU
		{F44FEBBA-7EA7-4B92-BF25-EBDCC1DB1830}.Debug|iPhoneSimulator.Build.0 = Debug|Any CPU
		{F44FEBBA-7EA7-4B92-BF25-EBDCC1DB1830}.Debug|x64.ActiveCfg = Debug|Any CPU
		{F44FEBBA-7EA7-4B92-BF25-EBDCC1DB1830}.Debug|x64.Build.0 = Debug|Any CPU
		{F44FEBBA-7EA7-4B92-BF25-EBDCC1DB1830}.Debug|x86.ActiveCfg = Debug|Any CPU
		{F44FEBBA-7EA7-4B92-BF25-EBDCC1DB1830}.Debug|x86.Build.0 = Debug|Any CPU
		{F44FEBBA-7EA7-4B92-BF25-EBDCC1DB1830}.Release|Any CPU.ActiveCfg = Release|Any CPU
		{F44FEBBA-7EA7-4B92-BF25-EBDCC1DB1830}.Release|Any CPU.Build.0 = Release|Any CPU
		{F44FEBBA-7EA7-4B92-BF25-EBDCC1DB1830}.Release|ARM.ActiveCfg = Release|Any CPU
		{F44FEBBA-7EA7-4B92-BF25-EBDCC1DB1830}.Release|ARM.Build.0 = Release|Any CPU
		{F44FEBBA-7EA7-4B92-BF25-EBDCC1DB1830}.Release|iPhone.ActiveCfg = Release|Any CPU
		{F44FEBBA-7EA7-4B92-BF25-EBDCC1DB1830}.Release|iPhone.Build.0 = Release|Any CPU
		{F44FEBBA-7EA7-4B92-BF25-EBDCC1DB1830}.Release|iPhoneSimulator.ActiveCfg = Release|Any CPU
		{F44FEBBA-7EA7-4B92-BF25-EBDCC1DB1830}.Release|iPhoneSimulator.Build.0 = Release|Any CPU
		{F44FEBBA-7EA7-4B92-BF25-EBDCC1DB1830}.Release|x64.ActiveCfg = Release|Any CPU
		{F44FEBBA-7EA7-4B92-BF25-EBDCC1DB1830}.Release|x64.Build.0 = Release|Any CPU
		{F44FEBBA-7EA7-4B92-BF25-EBDCC1DB1830}.Release|x86.ActiveCfg = Release|Any CPU
		{F44FEBBA-7EA7-4B92-BF25-EBDCC1DB1830}.Release|x86.Build.0 = Release|Any CPU
		{6DF84C8C-CBA6-4BC1-9FB8-1600B189705A}.Ad-Hoc|Any CPU.ActiveCfg = Release|Any CPU
		{6DF84C8C-CBA6-4BC1-9FB8-1600B189705A}.Ad-Hoc|Any CPU.Build.0 = Release|Any CPU
		{6DF84C8C-CBA6-4BC1-9FB8-1600B189705A}.Ad-Hoc|ARM.ActiveCfg = Release|Any CPU
		{6DF84C8C-CBA6-4BC1-9FB8-1600B189705A}.Ad-Hoc|ARM.Build.0 = Release|Any CPU
		{6DF84C8C-CBA6-4BC1-9FB8-1600B189705A}.Ad-Hoc|iPhone.ActiveCfg = Release|Any CPU
		{6DF84C8C-CBA6-4BC1-9FB8-1600B189705A}.Ad-Hoc|iPhone.Build.0 = Release|Any CPU
		{6DF84C8C-CBA6-4BC1-9FB8-1600B189705A}.Ad-Hoc|iPhoneSimulator.ActiveCfg = Release|Any CPU
		{6DF84C8C-CBA6-4BC1-9FB8-1600B189705A}.Ad-Hoc|iPhoneSimulator.Build.0 = Release|Any CPU
		{6DF84C8C-CBA6-4BC1-9FB8-1600B189705A}.Ad-Hoc|x64.ActiveCfg = Release|Any CPU
		{6DF84C8C-CBA6-4BC1-9FB8-1600B189705A}.Ad-Hoc|x64.Build.0 = Release|Any CPU
		{6DF84C8C-CBA6-4BC1-9FB8-1600B189705A}.Ad-Hoc|x86.ActiveCfg = Release|Any CPU
		{6DF84C8C-CBA6-4BC1-9FB8-1600B189705A}.Ad-Hoc|x86.Build.0 = Release|Any CPU
		{6DF84C8C-CBA6-4BC1-9FB8-1600B189705A}.AppStore|Any CPU.ActiveCfg = Release|Any CPU
		{6DF84C8C-CBA6-4BC1-9FB8-1600B189705A}.AppStore|Any CPU.Build.0 = Release|Any CPU
		{6DF84C8C-CBA6-4BC1-9FB8-1600B189705A}.AppStore|ARM.ActiveCfg = Release|Any CPU
		{6DF84C8C-CBA6-4BC1-9FB8-1600B189705A}.AppStore|ARM.Build.0 = Release|Any CPU
		{6DF84C8C-CBA6-4BC1-9FB8-1600B189705A}.AppStore|iPhone.ActiveCfg = Release|Any CPU
		{6DF84C8C-CBA6-4BC1-9FB8-1600B189705A}.AppStore|iPhone.Build.0 = Release|Any CPU
		{6DF84C8C-CBA6-4BC1-9FB8-1600B189705A}.AppStore|iPhoneSimulator.ActiveCfg = Release|Any CPU
		{6DF84C8C-CBA6-4BC1-9FB8-1600B189705A}.AppStore|iPhoneSimulator.Build.0 = Release|Any CPU
		{6DF84C8C-CBA6-4BC1-9FB8-1600B189705A}.AppStore|x64.ActiveCfg = Release|Any CPU
		{6DF84C8C-CBA6-4BC1-9FB8-1600B189705A}.AppStore|x64.Build.0 = Release|Any CPU
		{6DF84C8C-CBA6-4BC1-9FB8-1600B189705A}.AppStore|x86.ActiveCfg = Release|Any CPU
		{6DF84C8C-CBA6-4BC1-9FB8-1600B189705A}.AppStore|x86.Build.0 = Release|Any CPU
		{6DF84C8C-CBA6-4BC1-9FB8-1600B189705A}.Debug|Any CPU.ActiveCfg = Debug|Any CPU
		{6DF84C8C-CBA6-4BC1-9FB8-1600B189705A}.Debug|ARM.ActiveCfg = Debug|Any CPU
		{6DF84C8C-CBA6-4BC1-9FB8-1600B189705A}.Debug|ARM.Build.0 = Debug|Any CPU
		{6DF84C8C-CBA6-4BC1-9FB8-1600B189705A}.Debug|iPhone.ActiveCfg = Debug|Any CPU
		{6DF84C8C-CBA6-4BC1-9FB8-1600B189705A}.Debug|iPhone.Build.0 = Debug|Any CPU
		{6DF84C8C-CBA6-4BC1-9FB8-1600B189705A}.Debug|iPhoneSimulator.ActiveCfg = Debug|Any CPU
		{6DF84C8C-CBA6-4BC1-9FB8-1600B189705A}.Debug|iPhoneSimulator.Build.0 = Debug|Any CPU
		{6DF84C8C-CBA6-4BC1-9FB8-1600B189705A}.Debug|x64.ActiveCfg = Debug|Any CPU
		{6DF84C8C-CBA6-4BC1-9FB8-1600B189705A}.Debug|x64.Build.0 = Debug|Any CPU
		{6DF84C8C-CBA6-4BC1-9FB8-1600B189705A}.Debug|x86.ActiveCfg = Debug|Any CPU
		{6DF84C8C-CBA6-4BC1-9FB8-1600B189705A}.Debug|x86.Build.0 = Debug|Any CPU
		{6DF84C8C-CBA6-4BC1-9FB8-1600B189705A}.Release|Any CPU.ActiveCfg = Release|Any CPU
		{6DF84C8C-CBA6-4BC1-9FB8-1600B189705A}.Release|ARM.ActiveCfg = Release|Any CPU
		{6DF84C8C-CBA6-4BC1-9FB8-1600B189705A}.Release|ARM.Build.0 = Release|Any CPU
		{6DF84C8C-CBA6-4BC1-9FB8-1600B189705A}.Release|iPhone.ActiveCfg = Release|Any CPU
		{6DF84C8C-CBA6-4BC1-9FB8-1600B189705A}.Release|iPhone.Build.0 = Release|Any CPU
		{6DF84C8C-CBA6-4BC1-9FB8-1600B189705A}.Release|iPhoneSimulator.ActiveCfg = Release|Any CPU
		{6DF84C8C-CBA6-4BC1-9FB8-1600B189705A}.Release|iPhoneSimulator.Build.0 = Release|Any CPU
		{6DF84C8C-CBA6-4BC1-9FB8-1600B189705A}.Release|x64.ActiveCfg = Release|Any CPU
		{6DF84C8C-CBA6-4BC1-9FB8-1600B189705A}.Release|x64.Build.0 = Release|Any CPU
		{6DF84C8C-CBA6-4BC1-9FB8-1600B189705A}.Release|x86.ActiveCfg = Release|Any CPU
		{6DF84C8C-CBA6-4BC1-9FB8-1600B189705A}.Release|x86.Build.0 = Release|Any CPU
		{7DCADB09-C341-469C-BB5A-AAB7F4B2E4F1}.Ad-Hoc|Any CPU.ActiveCfg = Debug|Any CPU
		{7DCADB09-C341-469C-BB5A-AAB7F4B2E4F1}.Ad-Hoc|Any CPU.Build.0 = Debug|Any CPU
		{7DCADB09-C341-469C-BB5A-AAB7F4B2E4F1}.Ad-Hoc|ARM.ActiveCfg = Debug|Any CPU
		{7DCADB09-C341-469C-BB5A-AAB7F4B2E4F1}.Ad-Hoc|ARM.Build.0 = Debug|Any CPU
		{7DCADB09-C341-469C-BB5A-AAB7F4B2E4F1}.Ad-Hoc|iPhone.ActiveCfg = Debug|Any CPU
		{7DCADB09-C341-469C-BB5A-AAB7F4B2E4F1}.Ad-Hoc|iPhone.Build.0 = Debug|Any CPU
		{7DCADB09-C341-469C-BB5A-AAB7F4B2E4F1}.Ad-Hoc|iPhoneSimulator.ActiveCfg = Debug|Any CPU
		{7DCADB09-C341-469C-BB5A-AAB7F4B2E4F1}.Ad-Hoc|iPhoneSimulator.Build.0 = Debug|Any CPU
		{7DCADB09-C341-469C-BB5A-AAB7F4B2E4F1}.Ad-Hoc|x64.ActiveCfg = Debug|Any CPU
		{7DCADB09-C341-469C-BB5A-AAB7F4B2E4F1}.Ad-Hoc|x64.Build.0 = Debug|Any CPU
		{7DCADB09-C341-469C-BB5A-AAB7F4B2E4F1}.Ad-Hoc|x86.ActiveCfg = Debug|Any CPU
		{7DCADB09-C341-469C-BB5A-AAB7F4B2E4F1}.Ad-Hoc|x86.Build.0 = Debug|Any CPU
		{7DCADB09-C341-469C-BB5A-AAB7F4B2E4F1}.AppStore|Any CPU.ActiveCfg = Debug|Any CPU
		{7DCADB09-C341-469C-BB5A-AAB7F4B2E4F1}.AppStore|Any CPU.Build.0 = Debug|Any CPU
		{7DCADB09-C341-469C-BB5A-AAB7F4B2E4F1}.AppStore|ARM.ActiveCfg = Debug|Any CPU
		{7DCADB09-C341-469C-BB5A-AAB7F4B2E4F1}.AppStore|ARM.Build.0 = Debug|Any CPU
		{7DCADB09-C341-469C-BB5A-AAB7F4B2E4F1}.AppStore|iPhone.ActiveCfg = Debug|Any CPU
		{7DCADB09-C341-469C-BB5A-AAB7F4B2E4F1}.AppStore|iPhone.Build.0 = Debug|Any CPU
		{7DCADB09-C341-469C-BB5A-AAB7F4B2E4F1}.AppStore|iPhoneSimulator.ActiveCfg = Debug|Any CPU
		{7DCADB09-C341-469C-BB5A-AAB7F4B2E4F1}.AppStore|iPhoneSimulator.Build.0 = Debug|Any CPU
		{7DCADB09-C341-469C-BB5A-AAB7F4B2E4F1}.AppStore|x64.ActiveCfg = Debug|Any CPU
		{7DCADB09-C341-469C-BB5A-AAB7F4B2E4F1}.AppStore|x64.Build.0 = Debug|Any CPU
		{7DCADB09-C341-469C-BB5A-AAB7F4B2E4F1}.AppStore|x86.ActiveCfg = Debug|Any CPU
		{7DCADB09-C341-469C-BB5A-AAB7F4B2E4F1}.AppStore|x86.Build.0 = Debug|Any CPU
		{7DCADB09-C341-469C-BB5A-AAB7F4B2E4F1}.Debug|Any CPU.ActiveCfg = Debug|Any CPU
		{7DCADB09-C341-469C-BB5A-AAB7F4B2E4F1}.Debug|Any CPU.Build.0 = Debug|Any CPU
		{7DCADB09-C341-469C-BB5A-AAB7F4B2E4F1}.Debug|ARM.ActiveCfg = Debug|Any CPU
		{7DCADB09-C341-469C-BB5A-AAB7F4B2E4F1}.Debug|ARM.Build.0 = Debug|Any CPU
		{7DCADB09-C341-469C-BB5A-AAB7F4B2E4F1}.Debug|iPhone.ActiveCfg = Debug|Any CPU
		{7DCADB09-C341-469C-BB5A-AAB7F4B2E4F1}.Debug|iPhone.Build.0 = Debug|Any CPU
		{7DCADB09-C341-469C-BB5A-AAB7F4B2E4F1}.Debug|iPhoneSimulator.ActiveCfg = Debug|Any CPU
		{7DCADB09-C341-469C-BB5A-AAB7F4B2E4F1}.Debug|iPhoneSimulator.Build.0 = Debug|Any CPU
		{7DCADB09-C341-469C-BB5A-AAB7F4B2E4F1}.Debug|x64.ActiveCfg = Debug|Any CPU
		{7DCADB09-C341-469C-BB5A-AAB7F4B2E4F1}.Debug|x64.Build.0 = Debug|Any CPU
		{7DCADB09-C341-469C-BB5A-AAB7F4B2E4F1}.Debug|x86.ActiveCfg = Debug|Any CPU
		{7DCADB09-C341-469C-BB5A-AAB7F4B2E4F1}.Debug|x86.Build.0 = Debug|Any CPU
		{7DCADB09-C341-469C-BB5A-AAB7F4B2E4F1}.Release|Any CPU.ActiveCfg = Release|Any CPU
		{7DCADB09-C341-469C-BB5A-AAB7F4B2E4F1}.Release|Any CPU.Build.0 = Release|Any CPU
		{7DCADB09-C341-469C-BB5A-AAB7F4B2E4F1}.Release|ARM.ActiveCfg = Release|Any CPU
		{7DCADB09-C341-469C-BB5A-AAB7F4B2E4F1}.Release|ARM.Build.0 = Release|Any CPU
		{7DCADB09-C341-469C-BB5A-AAB7F4B2E4F1}.Release|iPhone.ActiveCfg = Release|Any CPU
		{7DCADB09-C341-469C-BB5A-AAB7F4B2E4F1}.Release|iPhone.Build.0 = Release|Any CPU
		{7DCADB09-C341-469C-BB5A-AAB7F4B2E4F1}.Release|iPhoneSimulator.ActiveCfg = Release|Any CPU
		{7DCADB09-C341-469C-BB5A-AAB7F4B2E4F1}.Release|iPhoneSimulator.Build.0 = Release|Any CPU
		{7DCADB09-C341-469C-BB5A-AAB7F4B2E4F1}.Release|x64.ActiveCfg = Release|Any CPU
		{7DCADB09-C341-469C-BB5A-AAB7F4B2E4F1}.Release|x64.Build.0 = Release|Any CPU
		{7DCADB09-C341-469C-BB5A-AAB7F4B2E4F1}.Release|x86.ActiveCfg = Release|Any CPU
		{7DCADB09-C341-469C-BB5A-AAB7F4B2E4F1}.Release|x86.Build.0 = Release|Any CPU
		{906C3CAF-4317-4590-955B-C7F1CB233F73}.Ad-Hoc|Any CPU.ActiveCfg = Release|Any CPU
		{906C3CAF-4317-4590-955B-C7F1CB233F73}.Ad-Hoc|Any CPU.Build.0 = Release|Any CPU
		{906C3CAF-4317-4590-955B-C7F1CB233F73}.Ad-Hoc|Any CPU.Deploy.0 = Release|Any CPU
		{906C3CAF-4317-4590-955B-C7F1CB233F73}.Ad-Hoc|ARM.ActiveCfg = Release|Any CPU
		{906C3CAF-4317-4590-955B-C7F1CB233F73}.Ad-Hoc|ARM.Build.0 = Release|Any CPU
		{906C3CAF-4317-4590-955B-C7F1CB233F73}.Ad-Hoc|ARM.Deploy.0 = Release|Any CPU
		{906C3CAF-4317-4590-955B-C7F1CB233F73}.Ad-Hoc|iPhone.ActiveCfg = Release|Any CPU
		{906C3CAF-4317-4590-955B-C7F1CB233F73}.Ad-Hoc|iPhone.Build.0 = Release|Any CPU
		{906C3CAF-4317-4590-955B-C7F1CB233F73}.Ad-Hoc|iPhone.Deploy.0 = Release|Any CPU
		{906C3CAF-4317-4590-955B-C7F1CB233F73}.Ad-Hoc|iPhoneSimulator.ActiveCfg = Release|Any CPU
		{906C3CAF-4317-4590-955B-C7F1CB233F73}.Ad-Hoc|iPhoneSimulator.Build.0 = Release|Any CPU
		{906C3CAF-4317-4590-955B-C7F1CB233F73}.Ad-Hoc|iPhoneSimulator.Deploy.0 = Release|Any CPU
		{906C3CAF-4317-4590-955B-C7F1CB233F73}.Ad-Hoc|x64.ActiveCfg = Release|Any CPU
		{906C3CAF-4317-4590-955B-C7F1CB233F73}.Ad-Hoc|x64.Build.0 = Release|Any CPU
		{906C3CAF-4317-4590-955B-C7F1CB233F73}.Ad-Hoc|x64.Deploy.0 = Release|Any CPU
		{906C3CAF-4317-4590-955B-C7F1CB233F73}.Ad-Hoc|x86.ActiveCfg = Release|Any CPU
		{906C3CAF-4317-4590-955B-C7F1CB233F73}.Ad-Hoc|x86.Build.0 = Release|Any CPU
		{906C3CAF-4317-4590-955B-C7F1CB233F73}.Ad-Hoc|x86.Deploy.0 = Release|Any CPU
		{906C3CAF-4317-4590-955B-C7F1CB233F73}.AppStore|Any CPU.ActiveCfg = Release|Any CPU
		{906C3CAF-4317-4590-955B-C7F1CB233F73}.AppStore|Any CPU.Build.0 = Release|Any CPU
		{906C3CAF-4317-4590-955B-C7F1CB233F73}.AppStore|Any CPU.Deploy.0 = Release|Any CPU
		{906C3CAF-4317-4590-955B-C7F1CB233F73}.AppStore|ARM.ActiveCfg = Release|Any CPU
		{906C3CAF-4317-4590-955B-C7F1CB233F73}.AppStore|ARM.Build.0 = Release|Any CPU
		{906C3CAF-4317-4590-955B-C7F1CB233F73}.AppStore|ARM.Deploy.0 = Release|Any CPU
		{906C3CAF-4317-4590-955B-C7F1CB233F73}.AppStore|iPhone.ActiveCfg = Release|Any CPU
		{906C3CAF-4317-4590-955B-C7F1CB233F73}.AppStore|iPhone.Build.0 = Release|Any CPU
		{906C3CAF-4317-4590-955B-C7F1CB233F73}.AppStore|iPhone.Deploy.0 = Release|Any CPU
		{906C3CAF-4317-4590-955B-C7F1CB233F73}.AppStore|iPhoneSimulator.ActiveCfg = Release|Any CPU
		{906C3CAF-4317-4590-955B-C7F1CB233F73}.AppStore|iPhoneSimulator.Build.0 = Release|Any CPU
		{906C3CAF-4317-4590-955B-C7F1CB233F73}.AppStore|iPhoneSimulator.Deploy.0 = Release|Any CPU
		{906C3CAF-4317-4590-955B-C7F1CB233F73}.AppStore|x64.ActiveCfg = Release|Any CPU
		{906C3CAF-4317-4590-955B-C7F1CB233F73}.AppStore|x64.Build.0 = Release|Any CPU
		{906C3CAF-4317-4590-955B-C7F1CB233F73}.AppStore|x64.Deploy.0 = Release|Any CPU
		{906C3CAF-4317-4590-955B-C7F1CB233F73}.AppStore|x86.ActiveCfg = Release|Any CPU
		{906C3CAF-4317-4590-955B-C7F1CB233F73}.AppStore|x86.Build.0 = Release|Any CPU
		{906C3CAF-4317-4590-955B-C7F1CB233F73}.AppStore|x86.Deploy.0 = Release|Any CPU
		{906C3CAF-4317-4590-955B-C7F1CB233F73}.Debug|Any CPU.ActiveCfg = Debug|Any CPU
		{906C3CAF-4317-4590-955B-C7F1CB233F73}.Debug|Any CPU.Build.0 = Debug|Any CPU
		{906C3CAF-4317-4590-955B-C7F1CB233F73}.Debug|Any CPU.Deploy.0 = Debug|Any CPU
		{906C3CAF-4317-4590-955B-C7F1CB233F73}.Debug|ARM.ActiveCfg = Debug|Any CPU
		{906C3CAF-4317-4590-955B-C7F1CB233F73}.Debug|ARM.Build.0 = Debug|Any CPU
		{906C3CAF-4317-4590-955B-C7F1CB233F73}.Debug|ARM.Deploy.0 = Debug|Any CPU
		{906C3CAF-4317-4590-955B-C7F1CB233F73}.Debug|iPhone.ActiveCfg = Debug|Any CPU
		{906C3CAF-4317-4590-955B-C7F1CB233F73}.Debug|iPhone.Build.0 = Debug|Any CPU
		{906C3CAF-4317-4590-955B-C7F1CB233F73}.Debug|iPhone.Deploy.0 = Debug|Any CPU
		{906C3CAF-4317-4590-955B-C7F1CB233F73}.Debug|iPhoneSimulator.ActiveCfg = Debug|Any CPU
		{906C3CAF-4317-4590-955B-C7F1CB233F73}.Debug|iPhoneSimulator.Build.0 = Debug|Any CPU
		{906C3CAF-4317-4590-955B-C7F1CB233F73}.Debug|iPhoneSimulator.Deploy.0 = Debug|Any CPU
		{906C3CAF-4317-4590-955B-C7F1CB233F73}.Debug|x64.ActiveCfg = Debug|Any CPU
		{906C3CAF-4317-4590-955B-C7F1CB233F73}.Debug|x64.Build.0 = Debug|Any CPU
		{906C3CAF-4317-4590-955B-C7F1CB233F73}.Debug|x64.Deploy.0 = Debug|Any CPU
		{906C3CAF-4317-4590-955B-C7F1CB233F73}.Debug|x86.ActiveCfg = Debug|Any CPU
		{906C3CAF-4317-4590-955B-C7F1CB233F73}.Debug|x86.Build.0 = Debug|Any CPU
		{906C3CAF-4317-4590-955B-C7F1CB233F73}.Debug|x86.Deploy.0 = Debug|Any CPU
		{906C3CAF-4317-4590-955B-C7F1CB233F73}.Release|Any CPU.ActiveCfg = Release|Any CPU
		{906C3CAF-4317-4590-955B-C7F1CB233F73}.Release|Any CPU.Build.0 = Release|Any CPU
		{906C3CAF-4317-4590-955B-C7F1CB233F73}.Release|Any CPU.Deploy.0 = Release|Any CPU
		{906C3CAF-4317-4590-955B-C7F1CB233F73}.Release|ARM.ActiveCfg = Release|Any CPU
		{906C3CAF-4317-4590-955B-C7F1CB233F73}.Release|ARM.Build.0 = Release|Any CPU
		{906C3CAF-4317-4590-955B-C7F1CB233F73}.Release|ARM.Deploy.0 = Release|Any CPU
		{906C3CAF-4317-4590-955B-C7F1CB233F73}.Release|iPhone.ActiveCfg = Release|Any CPU
		{906C3CAF-4317-4590-955B-C7F1CB233F73}.Release|iPhone.Build.0 = Release|Any CPU
		{906C3CAF-4317-4590-955B-C7F1CB233F73}.Release|iPhone.Deploy.0 = Release|Any CPU
		{906C3CAF-4317-4590-955B-C7F1CB233F73}.Release|iPhoneSimulator.ActiveCfg = Release|Any CPU
		{906C3CAF-4317-4590-955B-C7F1CB233F73}.Release|iPhoneSimulator.Build.0 = Release|Any CPU
		{906C3CAF-4317-4590-955B-C7F1CB233F73}.Release|iPhoneSimulator.Deploy.0 = Release|Any CPU
		{906C3CAF-4317-4590-955B-C7F1CB233F73}.Release|x64.ActiveCfg = Release|Any CPU
		{906C3CAF-4317-4590-955B-C7F1CB233F73}.Release|x64.Build.0 = Release|Any CPU
		{906C3CAF-4317-4590-955B-C7F1CB233F73}.Release|x64.Deploy.0 = Release|Any CPU
		{906C3CAF-4317-4590-955B-C7F1CB233F73}.Release|x86.ActiveCfg = Release|Any CPU
		{906C3CAF-4317-4590-955B-C7F1CB233F73}.Release|x86.Build.0 = Release|Any CPU
		{906C3CAF-4317-4590-955B-C7F1CB233F73}.Release|x86.Deploy.0 = Release|Any CPU
		{24495ADD-26B6-4A70-94C9-26779AA4CB9F}.Ad-Hoc|Any CPU.ActiveCfg = Ad-Hoc|iPhone
		{24495ADD-26B6-4A70-94C9-26779AA4CB9F}.Ad-Hoc|ARM.ActiveCfg = Ad-Hoc|iPhone
		{24495ADD-26B6-4A70-94C9-26779AA4CB9F}.Ad-Hoc|iPhone.ActiveCfg = Ad-Hoc|iPhone
		{24495ADD-26B6-4A70-94C9-26779AA4CB9F}.Ad-Hoc|iPhone.Build.0 = Ad-Hoc|iPhone
		{24495ADD-26B6-4A70-94C9-26779AA4CB9F}.Ad-Hoc|iPhoneSimulator.ActiveCfg = Ad-Hoc|iPhoneSimulator
		{24495ADD-26B6-4A70-94C9-26779AA4CB9F}.Ad-Hoc|iPhoneSimulator.Build.0 = Ad-Hoc|iPhoneSimulator
		{24495ADD-26B6-4A70-94C9-26779AA4CB9F}.Ad-Hoc|x64.ActiveCfg = Ad-Hoc|iPhone
		{24495ADD-26B6-4A70-94C9-26779AA4CB9F}.Ad-Hoc|x86.ActiveCfg = Ad-Hoc|iPhone
		{24495ADD-26B6-4A70-94C9-26779AA4CB9F}.AppStore|Any CPU.ActiveCfg = AppStore|iPhone
		{24495ADD-26B6-4A70-94C9-26779AA4CB9F}.AppStore|ARM.ActiveCfg = AppStore|iPhone
		{24495ADD-26B6-4A70-94C9-26779AA4CB9F}.AppStore|iPhone.ActiveCfg = AppStore|iPhone
		{24495ADD-26B6-4A70-94C9-26779AA4CB9F}.AppStore|iPhone.Build.0 = AppStore|iPhone
		{24495ADD-26B6-4A70-94C9-26779AA4CB9F}.AppStore|iPhoneSimulator.ActiveCfg = AppStore|iPhoneSimulator
		{24495ADD-26B6-4A70-94C9-26779AA4CB9F}.AppStore|iPhoneSimulator.Build.0 = AppStore|iPhoneSimulator
		{24495ADD-26B6-4A70-94C9-26779AA4CB9F}.AppStore|x64.ActiveCfg = AppStore|iPhone
		{24495ADD-26B6-4A70-94C9-26779AA4CB9F}.AppStore|x86.ActiveCfg = AppStore|iPhone
		{24495ADD-26B6-4A70-94C9-26779AA4CB9F}.Debug|Any CPU.ActiveCfg = Debug|iPhone
		{24495ADD-26B6-4A70-94C9-26779AA4CB9F}.Debug|ARM.ActiveCfg = Debug|iPhone
		{24495ADD-26B6-4A70-94C9-26779AA4CB9F}.Debug|iPhone.ActiveCfg = Debug|iPhone
		{24495ADD-26B6-4A70-94C9-26779AA4CB9F}.Debug|iPhone.Build.0 = Debug|iPhone
		{24495ADD-26B6-4A70-94C9-26779AA4CB9F}.Debug|iPhoneSimulator.ActiveCfg = Debug|iPhoneSimulator
		{24495ADD-26B6-4A70-94C9-26779AA4CB9F}.Debug|iPhoneSimulator.Build.0 = Debug|iPhoneSimulator
		{24495ADD-26B6-4A70-94C9-26779AA4CB9F}.Debug|x64.ActiveCfg = Debug|iPhone
		{24495ADD-26B6-4A70-94C9-26779AA4CB9F}.Debug|x86.ActiveCfg = Debug|iPhone
		{24495ADD-26B6-4A70-94C9-26779AA4CB9F}.Release|Any CPU.ActiveCfg = Release|iPhone
		{24495ADD-26B6-4A70-94C9-26779AA4CB9F}.Release|ARM.ActiveCfg = Release|iPhone
		{24495ADD-26B6-4A70-94C9-26779AA4CB9F}.Release|iPhone.ActiveCfg = Release|iPhone
		{24495ADD-26B6-4A70-94C9-26779AA4CB9F}.Release|iPhone.Build.0 = Release|iPhone
		{24495ADD-26B6-4A70-94C9-26779AA4CB9F}.Release|iPhoneSimulator.ActiveCfg = Release|iPhoneSimulator
		{24495ADD-26B6-4A70-94C9-26779AA4CB9F}.Release|iPhoneSimulator.Build.0 = Release|iPhoneSimulator
		{24495ADD-26B6-4A70-94C9-26779AA4CB9F}.Release|x64.ActiveCfg = Release|iPhone
		{24495ADD-26B6-4A70-94C9-26779AA4CB9F}.Release|x86.ActiveCfg = Release|iPhone
		{738E8526-76BF-4DE7-9852-1CB8DBC25BB9}.Ad-Hoc|Any CPU.ActiveCfg = Release|x64
		{738E8526-76BF-4DE7-9852-1CB8DBC25BB9}.Ad-Hoc|Any CPU.Build.0 = Release|x64
		{738E8526-76BF-4DE7-9852-1CB8DBC25BB9}.Ad-Hoc|Any CPU.Deploy.0 = Release|x64
		{738E8526-76BF-4DE7-9852-1CB8DBC25BB9}.Ad-Hoc|ARM.ActiveCfg = Release|ARM
		{738E8526-76BF-4DE7-9852-1CB8DBC25BB9}.Ad-Hoc|ARM.Build.0 = Release|ARM
		{738E8526-76BF-4DE7-9852-1CB8DBC25BB9}.Ad-Hoc|ARM.Deploy.0 = Release|ARM
		{738E8526-76BF-4DE7-9852-1CB8DBC25BB9}.Ad-Hoc|iPhone.ActiveCfg = Release|x64
		{738E8526-76BF-4DE7-9852-1CB8DBC25BB9}.Ad-Hoc|iPhone.Build.0 = Release|x64
		{738E8526-76BF-4DE7-9852-1CB8DBC25BB9}.Ad-Hoc|iPhone.Deploy.0 = Release|x64
		{738E8526-76BF-4DE7-9852-1CB8DBC25BB9}.Ad-Hoc|iPhoneSimulator.ActiveCfg = Release|x64
		{738E8526-76BF-4DE7-9852-1CB8DBC25BB9}.Ad-Hoc|iPhoneSimulator.Build.0 = Release|x64
		{738E8526-76BF-4DE7-9852-1CB8DBC25BB9}.Ad-Hoc|iPhoneSimulator.Deploy.0 = Release|x64
		{738E8526-76BF-4DE7-9852-1CB8DBC25BB9}.Ad-Hoc|x64.ActiveCfg = Release|x64
		{738E8526-76BF-4DE7-9852-1CB8DBC25BB9}.Ad-Hoc|x64.Build.0 = Release|x64
		{738E8526-76BF-4DE7-9852-1CB8DBC25BB9}.Ad-Hoc|x64.Deploy.0 = Release|x64
		{738E8526-76BF-4DE7-9852-1CB8DBC25BB9}.Ad-Hoc|x86.ActiveCfg = Release|x86
		{738E8526-76BF-4DE7-9852-1CB8DBC25BB9}.Ad-Hoc|x86.Build.0 = Release|x86
		{738E8526-76BF-4DE7-9852-1CB8DBC25BB9}.Ad-Hoc|x86.Deploy.0 = Release|x86
		{738E8526-76BF-4DE7-9852-1CB8DBC25BB9}.AppStore|Any CPU.ActiveCfg = Release|x64
		{738E8526-76BF-4DE7-9852-1CB8DBC25BB9}.AppStore|Any CPU.Build.0 = Release|x64
		{738E8526-76BF-4DE7-9852-1CB8DBC25BB9}.AppStore|Any CPU.Deploy.0 = Release|x64
		{738E8526-76BF-4DE7-9852-1CB8DBC25BB9}.AppStore|ARM.ActiveCfg = Release|ARM
		{738E8526-76BF-4DE7-9852-1CB8DBC25BB9}.AppStore|ARM.Build.0 = Release|ARM
		{738E8526-76BF-4DE7-9852-1CB8DBC25BB9}.AppStore|ARM.Deploy.0 = Release|ARM
		{738E8526-76BF-4DE7-9852-1CB8DBC25BB9}.AppStore|iPhone.ActiveCfg = Release|x64
		{738E8526-76BF-4DE7-9852-1CB8DBC25BB9}.AppStore|iPhone.Build.0 = Release|x64
		{738E8526-76BF-4DE7-9852-1CB8DBC25BB9}.AppStore|iPhone.Deploy.0 = Release|x64
		{738E8526-76BF-4DE7-9852-1CB8DBC25BB9}.AppStore|iPhoneSimulator.ActiveCfg = Release|x64
		{738E8526-76BF-4DE7-9852-1CB8DBC25BB9}.AppStore|iPhoneSimulator.Build.0 = Release|x64
		{738E8526-76BF-4DE7-9852-1CB8DBC25BB9}.AppStore|iPhoneSimulator.Deploy.0 = Release|x64
		{738E8526-76BF-4DE7-9852-1CB8DBC25BB9}.AppStore|x64.ActiveCfg = Release|x64
		{738E8526-76BF-4DE7-9852-1CB8DBC25BB9}.AppStore|x64.Build.0 = Release|x64
		{738E8526-76BF-4DE7-9852-1CB8DBC25BB9}.AppStore|x64.Deploy.0 = Release|x64
		{738E8526-76BF-4DE7-9852-1CB8DBC25BB9}.AppStore|x86.ActiveCfg = Release|x86
		{738E8526-76BF-4DE7-9852-1CB8DBC25BB9}.AppStore|x86.Build.0 = Release|x86
		{738E8526-76BF-4DE7-9852-1CB8DBC25BB9}.AppStore|x86.Deploy.0 = Release|x86
		{738E8526-76BF-4DE7-9852-1CB8DBC25BB9}.Debug|Any CPU.ActiveCfg = Debug|x86
		{738E8526-76BF-4DE7-9852-1CB8DBC25BB9}.Debug|ARM.ActiveCfg = Debug|ARM
		{738E8526-76BF-4DE7-9852-1CB8DBC25BB9}.Debug|ARM.Build.0 = Debug|ARM
		{738E8526-76BF-4DE7-9852-1CB8DBC25BB9}.Debug|ARM.Deploy.0 = Debug|ARM
		{738E8526-76BF-4DE7-9852-1CB8DBC25BB9}.Debug|iPhone.ActiveCfg = Debug|x86
		{738E8526-76BF-4DE7-9852-1CB8DBC25BB9}.Debug|iPhoneSimulator.ActiveCfg = Debug|x86
		{738E8526-76BF-4DE7-9852-1CB8DBC25BB9}.Debug|x64.ActiveCfg = Debug|x64
		{738E8526-76BF-4DE7-9852-1CB8DBC25BB9}.Debug|x64.Build.0 = Debug|x64
		{738E8526-76BF-4DE7-9852-1CB8DBC25BB9}.Debug|x64.Deploy.0 = Debug|x64
		{738E8526-76BF-4DE7-9852-1CB8DBC25BB9}.Debug|x86.ActiveCfg = Debug|x86
		{738E8526-76BF-4DE7-9852-1CB8DBC25BB9}.Debug|x86.Build.0 = Debug|x86
		{738E8526-76BF-4DE7-9852-1CB8DBC25BB9}.Debug|x86.Deploy.0 = Debug|x86
		{738E8526-76BF-4DE7-9852-1CB8DBC25BB9}.Release|Any CPU.ActiveCfg = Release|x86
		{738E8526-76BF-4DE7-9852-1CB8DBC25BB9}.Release|ARM.ActiveCfg = Release|ARM
		{738E8526-76BF-4DE7-9852-1CB8DBC25BB9}.Release|ARM.Build.0 = Release|ARM
		{738E8526-76BF-4DE7-9852-1CB8DBC25BB9}.Release|ARM.Deploy.0 = Release|ARM
		{738E8526-76BF-4DE7-9852-1CB8DBC25BB9}.Release|iPhone.ActiveCfg = Release|x86
		{738E8526-76BF-4DE7-9852-1CB8DBC25BB9}.Release|iPhoneSimulator.ActiveCfg = Release|x86
		{738E8526-76BF-4DE7-9852-1CB8DBC25BB9}.Release|x64.ActiveCfg = Release|x64
		{738E8526-76BF-4DE7-9852-1CB8DBC25BB9}.Release|x64.Build.0 = Release|x64
		{738E8526-76BF-4DE7-9852-1CB8DBC25BB9}.Release|x64.Deploy.0 = Release|x64
		{738E8526-76BF-4DE7-9852-1CB8DBC25BB9}.Release|x86.ActiveCfg = Release|x86
		{738E8526-76BF-4DE7-9852-1CB8DBC25BB9}.Release|x86.Build.0 = Release|x86
		{738E8526-76BF-4DE7-9852-1CB8DBC25BB9}.Release|x86.Deploy.0 = Release|x86
		{AB6360FF-750C-481E-A359-D56EF16BE192}.Ad-Hoc|Any CPU.ActiveCfg = Debug|Any CPU
		{AB6360FF-750C-481E-A359-D56EF16BE192}.Ad-Hoc|Any CPU.Build.0 = Debug|Any CPU
		{AB6360FF-750C-481E-A359-D56EF16BE192}.Ad-Hoc|ARM.ActiveCfg = Debug|Any CPU
		{AB6360FF-750C-481E-A359-D56EF16BE192}.Ad-Hoc|ARM.Build.0 = Debug|Any CPU
		{AB6360FF-750C-481E-A359-D56EF16BE192}.Ad-Hoc|iPhone.ActiveCfg = Debug|Any CPU
		{AB6360FF-750C-481E-A359-D56EF16BE192}.Ad-Hoc|iPhone.Build.0 = Debug|Any CPU
		{AB6360FF-750C-481E-A359-D56EF16BE192}.Ad-Hoc|iPhoneSimulator.ActiveCfg = Debug|Any CPU
		{AB6360FF-750C-481E-A359-D56EF16BE192}.Ad-Hoc|iPhoneSimulator.Build.0 = Debug|Any CPU
		{AB6360FF-750C-481E-A359-D56EF16BE192}.Ad-Hoc|x64.ActiveCfg = Debug|Any CPU
		{AB6360FF-750C-481E-A359-D56EF16BE192}.Ad-Hoc|x64.Build.0 = Debug|Any CPU
		{AB6360FF-750C-481E-A359-D56EF16BE192}.Ad-Hoc|x86.ActiveCfg = Debug|Any CPU
		{AB6360FF-750C-481E-A359-D56EF16BE192}.Ad-Hoc|x86.Build.0 = Debug|Any CPU
		{AB6360FF-750C-481E-A359-D56EF16BE192}.AppStore|Any CPU.ActiveCfg = Debug|Any CPU
		{AB6360FF-750C-481E-A359-D56EF16BE192}.AppStore|Any CPU.Build.0 = Debug|Any CPU
		{AB6360FF-750C-481E-A359-D56EF16BE192}.AppStore|ARM.ActiveCfg = Debug|Any CPU
		{AB6360FF-750C-481E-A359-D56EF16BE192}.AppStore|ARM.Build.0 = Debug|Any CPU
		{AB6360FF-750C-481E-A359-D56EF16BE192}.AppStore|iPhone.ActiveCfg = Debug|Any CPU
		{AB6360FF-750C-481E-A359-D56EF16BE192}.AppStore|iPhone.Build.0 = Debug|Any CPU
		{AB6360FF-750C-481E-A359-D56EF16BE192}.AppStore|iPhoneSimulator.ActiveCfg = Debug|Any CPU
		{AB6360FF-750C-481E-A359-D56EF16BE192}.AppStore|iPhoneSimulator.Build.0 = Debug|Any CPU
		{AB6360FF-750C-481E-A359-D56EF16BE192}.AppStore|x64.ActiveCfg = Debug|Any CPU
		{AB6360FF-750C-481E-A359-D56EF16BE192}.AppStore|x64.Build.0 = Debug|Any CPU
		{AB6360FF-750C-481E-A359-D56EF16BE192}.AppStore|x86.ActiveCfg = Debug|Any CPU
		{AB6360FF-750C-481E-A359-D56EF16BE192}.AppStore|x86.Build.0 = Debug|Any CPU
		{AB6360FF-750C-481E-A359-D56EF16BE192}.Debug|Any CPU.ActiveCfg = Debug|Any CPU
		{AB6360FF-750C-481E-A359-D56EF16BE192}.Debug|Any CPU.Build.0 = Debug|Any CPU
		{AB6360FF-750C-481E-A359-D56EF16BE192}.Debug|ARM.ActiveCfg = Debug|Any CPU
		{AB6360FF-750C-481E-A359-D56EF16BE192}.Debug|ARM.Build.0 = Debug|Any CPU
		{AB6360FF-750C-481E-A359-D56EF16BE192}.Debug|iPhone.ActiveCfg = Debug|Any CPU
		{AB6360FF-750C-481E-A359-D56EF16BE192}.Debug|iPhone.Build.0 = Debug|Any CPU
		{AB6360FF-750C-481E-A359-D56EF16BE192}.Debug|iPhoneSimulator.ActiveCfg = Debug|Any CPU
		{AB6360FF-750C-481E-A359-D56EF16BE192}.Debug|iPhoneSimulator.Build.0 = Debug|Any CPU
		{AB6360FF-750C-481E-A359-D56EF16BE192}.Debug|x64.ActiveCfg = Debug|Any CPU
		{AB6360FF-750C-481E-A359-D56EF16BE192}.Debug|x64.Build.0 = Debug|Any CPU
		{AB6360FF-750C-481E-A359-D56EF16BE192}.Debug|x86.ActiveCfg = Debug|Any CPU
		{AB6360FF-750C-481E-A359-D56EF16BE192}.Debug|x86.Build.0 = Debug|Any CPU
		{AB6360FF-750C-481E-A359-D56EF16BE192}.Release|Any CPU.ActiveCfg = Release|Any CPU
		{AB6360FF-750C-481E-A359-D56EF16BE192}.Release|Any CPU.Build.0 = Release|Any CPU
		{AB6360FF-750C-481E-A359-D56EF16BE192}.Release|ARM.ActiveCfg = Release|Any CPU
		{AB6360FF-750C-481E-A359-D56EF16BE192}.Release|ARM.Build.0 = Release|Any CPU
		{AB6360FF-750C-481E-A359-D56EF16BE192}.Release|iPhone.ActiveCfg = Release|Any CPU
		{AB6360FF-750C-481E-A359-D56EF16BE192}.Release|iPhone.Build.0 = Release|Any CPU
		{AB6360FF-750C-481E-A359-D56EF16BE192}.Release|iPhoneSimulator.ActiveCfg = Release|Any CPU
		{AB6360FF-750C-481E-A359-D56EF16BE192}.Release|iPhoneSimulator.Build.0 = Release|Any CPU
		{AB6360FF-750C-481E-A359-D56EF16BE192}.Release|x64.ActiveCfg = Release|Any CPU
		{AB6360FF-750C-481E-A359-D56EF16BE192}.Release|x64.Build.0 = Release|Any CPU
		{AB6360FF-750C-481E-A359-D56EF16BE192}.Release|x86.ActiveCfg = Release|Any CPU
		{AB6360FF-750C-481E-A359-D56EF16BE192}.Release|x86.Build.0 = Release|Any CPU
	EndGlobalSection
	GlobalSection(SolutionProperties) = preSolution
		HideSolutionNode = FALSE
	EndGlobalSection
	GlobalSection(NestedProjects) = preSolution
		{8E1028CB-C0CC-4FD8-B205-A5E46E96AD33} = {72EFDCDB-8AB3-402D-A9F1-9DBCD4C7B80D}
		{3107CAB7-B392-4013-A5B0-8A4A6149ADA4} = {72EFDCDB-8AB3-402D-A9F1-9DBCD4C7B80D}
		{AF0917DD-079A-49CB-9115-BA08340E4ED8} = {72EFDCDB-8AB3-402D-A9F1-9DBCD4C7B80D}
		{6ED7A633-FF4E-4A86-91B9-BE95D626B767} = {72EFDCDB-8AB3-402D-A9F1-9DBCD4C7B80D}
		{6DF84C8C-CBA6-4BC1-9FB8-1600B189705A} = {72EFDCDB-8AB3-402D-A9F1-9DBCD4C7B80D}
		{7DCADB09-C341-469C-BB5A-AAB7F4B2E4F1} = {4A3F12EA-1025-4A8E-A616-7A95F2BBC8E9}
		{906C3CAF-4317-4590-955B-C7F1CB233F73} = {4A3F12EA-1025-4A8E-A616-7A95F2BBC8E9}
		{24495ADD-26B6-4A70-94C9-26779AA4CB9F} = {4A3F12EA-1025-4A8E-A616-7A95F2BBC8E9}
		{738E8526-76BF-4DE7-9852-1CB8DBC25BB9} = {4A3F12EA-1025-4A8E-A616-7A95F2BBC8E9}
	EndGlobalSection
	GlobalSection(ExtensibilityGlobals) = postSolution
		SolutionGuid = {2B7CCBCD-E600-4996-A92B-63A24D7FC5EE}
	EndGlobalSection
EndGlobal
