
Microsoft Visual Studio Solution File, Format Version 12.00
# Visual Studio 14
VisualStudioVersion = 14.0.25420.1
MinimumVisualStudioVersion = 10.0.40219.1
Project("{FAE04EC0-301F-11D3-BF4B-00C04F79EFBC}") = "Samples.Droid", "Samples\Samples.Droid\Samples.Droid.csproj", "{8E1028CB-C0CC-4FD8-B205-A5E46E96AD33}"
EndProject
Project("{FAE04EC0-301F-11D3-BF4B-00C04F79EFBC}") = "Samples.iOS", "Samples\Samples.iOS\Samples.iOS.csproj", "{3107CAB7-B392-4013-A5B0-8A4A6149ADA4}"
EndProject
Project("{FAE04EC0-301F-11D3-BF4B-00C04F79EFBC}") = "Samples", "Samples\Samples\Samples.csproj", "{AF0917DD-079A-49CB-9115-BA08340E4ED8}"
EndProject
Project("{2150E333-8FDC-42A3-9474-1A3956D46DE8}") = "Solution Items", "Solution Items", "{CB45572F-4288-4D54-98BB-B2807C2A8C54}"
	ProjectSection(SolutionItems) = preProject
		nuspec\Acr.Ble.nuspec = nuspec\Acr.Ble.nuspec
		build.cake = build.cake
		build.cmd = build.cmd
		icon.png = icon.png
		LICENSE.md = LICENSE.md
		nuspec\nuget.exe = nuspec\nuget.exe
		nuspec\pack.cmd = nuspec\pack.cmd
		nuspec\Plugin.BluetoothLE.nuspec = nuspec\Plugin.BluetoothLE.nuspec
		nuspec\push.cmd = nuspec\push.cmd
	EndProjectSection
EndProject
Project("{FAE04EC0-301F-11D3-BF4B-00C04F79EFBC}") = "Samples.Uwp", "samples\Samples.Uwp\Samples.Uwp.csproj", "{6ED7A633-FF4E-4A86-91B9-BE95D626B767}"
EndProject
Project("{D954291E-2A0B-460D-934E-DC6B0785DB48}") = "Plugin.BluetoothLE.Shared", "Plugin.BluetoothLE.Shared\Plugin.BluetoothLE.Shared.shproj", "{B6CFBF05-04E5-4AE6-8516-C6527C7A2BE8}"
EndProject
Project("{FAE04EC0-301F-11D3-BF4B-00C04F79EFBC}") = "Plugin.BluetoothLE", "Plugin.BluetoothLE\Plugin.BluetoothLE.csproj", "{F44FEBBA-7EA7-4B92-BF25-EBDCC1DB1830}"
EndProject
Project("{FAE04EC0-301F-11D3-BF4B-00C04F79EFBC}") = "Plugin.BluetoothLE.iOS", "Plugin.BluetoothLE.iOS\Plugin.BluetoothLE.iOS.csproj", "{57D5FF44-345D-4229-AEFC-E3F7F260A665}"
EndProject
Project("{FAE04EC0-301F-11D3-BF4B-00C04F79EFBC}") = "Plugin.BluetoothLE.Android", "Plugin.BluetoothLE.Android\Plugin.BluetoothLE.Android.csproj", "{89F4B2DB-539D-467D-B9B1-74608E636349}"
EndProject
Project("{FAE04EC0-301F-11D3-BF4B-00C04F79EFBC}") = "Plugin.BluetoothLE.Uwp", "Plugin.BluetoothLE.Uwp\Plugin.BluetoothLE.Uwp.csproj", "{74399318-B10F-47DC-9500-1F5B9E337DBC}"
EndProject
Project("{FAE04EC0-301F-11D3-BF4B-00C04F79EFBC}") = "Plugin.BluetoothLE.Abstractions", "Plugin.BluetoothLE.Abstractions\Plugin.BluetoothLE.Abstractions.csproj", "{01D11EF2-074C-4BC0-9C05-5A6A9F974E05}"
EndProject
Project("{FAE04EC0-301F-11D3-BF4B-00C04F79EFBC}") = "Plugin.BluetoothLE.Mac", "Plugin.BluetoothLE.Mac\Plugin.BluetoothLE.Mac.csproj", "{8A0FC475-221D-4FE0-8308-3F703DC08F52}"
EndProject
Project("{FAE04EC0-301F-11D3-BF4B-00C04F79EFBC}") = "Plugin.BluetoothLE.tvOS", "Plugin.BluetoothLE.tvOS\Plugin.BluetoothLE.tvOS.csproj", "{E9BC91B2-A392-4EED-9000-A0629E69D5A7}"
EndProject
Project("{2150E333-8FDC-42A3-9474-1A3956D46DE8}") = "Docs", "Docs", "{E72A2C1E-FB4B-4037-9B10-C675EF2F139C}"
	ProjectSection(SolutionItems) = preProject
		docs\adapter.md = docs\adapter.md
		docs\android.md = docs\android.md
		docs\changelog.md = docs\changelog.md
		docs\characteristics.md = docs\characteristics.md
		docs\descriptors.md = docs\descriptors.md
		docs\device.md = docs\device.md
		docs\heartrate.md = docs\heartrate.md
		docs\ios.md = docs\ios.md
		ISSUE_TEMPLATE = ISSUE_TEMPLATE
		docs\logging.md = docs\logging.md
		readme.md = readme.md
		docs\services.md = docs\services.md
		docs\setup.md = docs\setup.md
	EndProjectSection
EndProject
Project("{2150E333-8FDC-42A3-9474-1A3956D46DE8}") = "Apple", "Apple", "{E34E9339-D39D-4B55-9F1B-ACB6DE3224BE}"
EndProject
Project("{D954291E-2A0B-460D-934E-DC6B0785DB48}") = "Plugin.BluetoothLE.Apple.Shared", "Plugin.BluetoothLE.Apple.Shared\Plugin.BluetoothLE.Apple.Shared.shproj", "{C7A39D81-D1B1-4A5D-A75A-235A6051B705}"
EndProject
Global
	GlobalSection(SharedMSBuildProjectFiles) = preSolution
		Plugin.BluetoothLE.Apple.Shared\Plugin.BluetoothLE.Apple.Shared.projitems*{57d5ff44-345d-4229-aefc-e3f7f260a665}*SharedItemsImports = 4
		Plugin.BluetoothLE.Shared\Plugin.BluetoothLE.Shared.projitems*{57d5ff44-345d-4229-aefc-e3f7f260a665}*SharedItemsImports = 4
		Plugin.BluetoothLE.Shared\Plugin.BluetoothLE.Shared.projitems*{74399318-b10f-47dc-9500-1f5b9e337dbc}*SharedItemsImports = 4
		Plugin.BluetoothLE.Shared\Plugin.BluetoothLE.Shared.projitems*{89f4b2db-539d-467d-b9b1-74608e636349}*SharedItemsImports = 4
		Plugin.BluetoothLE.Apple.Shared\Plugin.BluetoothLE.Apple.Shared.projitems*{8a0fc475-221d-4fe0-8308-3f703dc08f52}*SharedItemsImports = 4
		Plugin.BluetoothLE.Shared\Plugin.BluetoothLE.Shared.projitems*{8a0fc475-221d-4fe0-8308-3f703dc08f52}*SharedItemsImports = 4
		Plugin.BluetoothLE.Shared\Plugin.BluetoothLE.Shared.projitems*{b6cfbf05-04e5-4ae6-8516-c6527c7a2be8}*SharedItemsImports = 13
		Plugin.BluetoothLE.Apple.Shared\Plugin.BluetoothLE.Apple.Shared.projitems*{c7a39d81-d1b1-4a5d-a75a-235a6051b705}*SharedItemsImports = 13
		Plugin.BluetoothLE.Apple.Shared\Plugin.BluetoothLE.Apple.Shared.projitems*{e9bc91b2-a392-4eed-9000-a0629e69d5a7}*SharedItemsImports = 4
		Plugin.BluetoothLE.Shared\Plugin.BluetoothLE.Shared.projitems*{e9bc91b2-a392-4eed-9000-a0629e69d5a7}*SharedItemsImports = 4
		Plugin.BluetoothLE.Shared\Plugin.BluetoothLE.Shared.projitems*{f44febba-7ea7-4b92-bf25-ebdcc1db1830}*SharedItemsImports = 4
	EndGlobalSection
	GlobalSection(SolutionConfigurationPlatforms) = preSolution
		Ad-Hoc|Any CPU = Ad-Hoc|Any CPU
		Ad-Hoc|ARM = Ad-Hoc|ARM
		Ad-Hoc|iPhone = Ad-Hoc|iPhone
		Ad-Hoc|iPhoneSimulator = Ad-Hoc|iPhoneSimulator
		Ad-Hoc|x64 = Ad-Hoc|x64
		Ad-Hoc|x86 = Ad-Hoc|x86
		AppStore|Any CPU = AppStore|Any CPU
		AppStore|ARM = AppStore|ARM
		AppStore|iPhone = AppStore|iPhone
		AppStore|iPhoneSimulator = AppStore|iPhoneSimulator
		AppStore|x64 = AppStore|x64
		AppStore|x86 = AppStore|x86
		Debug|Any CPU = Debug|Any CPU
		Debug|ARM = Debug|ARM
		Debug|iPhone = Debug|iPhone
		Debug|iPhoneSimulator = Debug|iPhoneSimulator
		Debug|x64 = Debug|x64
		Debug|x86 = Debug|x86
		Release|Any CPU = Release|Any CPU
		Release|ARM = Release|ARM
		Release|iPhone = Release|iPhone
		Release|iPhoneSimulator = Release|iPhoneSimulator
		Release|x64 = Release|x64
		Release|x86 = Release|x86
	EndGlobalSection
	GlobalSection(ProjectConfigurationPlatforms) = postSolution
		{8E1028CB-C0CC-4FD8-B205-A5E46E96AD33}.Ad-Hoc|Any CPU.ActiveCfg = Release|Any CPU
		{8E1028CB-C0CC-4FD8-B205-A5E46E96AD33}.Ad-Hoc|Any CPU.Build.0 = Release|Any CPU
		{8E1028CB-C0CC-4FD8-B205-A5E46E96AD33}.Ad-Hoc|Any CPU.Deploy.0 = Release|Any CPU
		{8E1028CB-C0CC-4FD8-B205-A5E46E96AD33}.Ad-Hoc|ARM.ActiveCfg = Release|Any CPU
		{8E1028CB-C0CC-4FD8-B205-A5E46E96AD33}.Ad-Hoc|ARM.Build.0 = Release|Any CPU
		{8E1028CB-C0CC-4FD8-B205-A5E46E96AD33}.Ad-Hoc|ARM.Deploy.0 = Release|Any CPU
		{8E1028CB-C0CC-4FD8-B205-A5E46E96AD33}.Ad-Hoc|iPhone.ActiveCfg = Release|Any CPU
		{8E1028CB-C0CC-4FD8-B205-A5E46E96AD33}.Ad-Hoc|iPhone.Build.0 = Release|Any CPU
		{8E1028CB-C0CC-4FD8-B205-A5E46E96AD33}.Ad-Hoc|iPhone.Deploy.0 = Release|Any CPU
		{8E1028CB-C0CC-4FD8-B205-A5E46E96AD33}.Ad-Hoc|iPhoneSimulator.ActiveCfg = Release|Any CPU
		{8E1028CB-C0CC-4FD8-B205-A5E46E96AD33}.Ad-Hoc|iPhoneSimulator.Build.0 = Release|Any CPU
		{8E1028CB-C0CC-4FD8-B205-A5E46E96AD33}.Ad-Hoc|iPhoneSimulator.Deploy.0 = Release|Any CPU
		{8E1028CB-C0CC-4FD8-B205-A5E46E96AD33}.Ad-Hoc|x64.ActiveCfg = Release|Any CPU
		{8E1028CB-C0CC-4FD8-B205-A5E46E96AD33}.Ad-Hoc|x64.Build.0 = Release|Any CPU
		{8E1028CB-C0CC-4FD8-B205-A5E46E96AD33}.Ad-Hoc|x64.Deploy.0 = Release|Any CPU
		{8E1028CB-C0CC-4FD8-B205-A5E46E96AD33}.Ad-Hoc|x86.ActiveCfg = Release|Any CPU
		{8E1028CB-C0CC-4FD8-B205-A5E46E96AD33}.Ad-Hoc|x86.Build.0 = Release|Any CPU
		{8E1028CB-C0CC-4FD8-B205-A5E46E96AD33}.Ad-Hoc|x86.Deploy.0 = Release|Any CPU
		{8E1028CB-C0CC-4FD8-B205-A5E46E96AD33}.AppStore|Any CPU.ActiveCfg = Release|Any CPU
		{8E1028CB-C0CC-4FD8-B205-A5E46E96AD33}.AppStore|Any CPU.Build.0 = Release|Any CPU
		{8E1028CB-C0CC-4FD8-B205-A5E46E96AD33}.AppStore|Any CPU.Deploy.0 = Release|Any CPU
		{8E1028CB-C0CC-4FD8-B205-A5E46E96AD33}.AppStore|ARM.ActiveCfg = Release|Any CPU
		{8E1028CB-C0CC-4FD8-B205-A5E46E96AD33}.AppStore|ARM.Build.0 = Release|Any CPU
		{8E1028CB-C0CC-4FD8-B205-A5E46E96AD33}.AppStore|ARM.Deploy.0 = Release|Any CPU
		{8E1028CB-C0CC-4FD8-B205-A5E46E96AD33}.AppStore|iPhone.ActiveCfg = Release|Any CPU
		{8E1028CB-C0CC-4FD8-B205-A5E46E96AD33}.AppStore|iPhone.Build.0 = Release|Any CPU
		{8E1028CB-C0CC-4FD8-B205-A5E46E96AD33}.AppStore|iPhone.Deploy.0 = Release|Any CPU
		{8E1028CB-C0CC-4FD8-B205-A5E46E96AD33}.AppStore|iPhoneSimulator.ActiveCfg = Release|Any CPU
		{8E1028CB-C0CC-4FD8-B205-A5E46E96AD33}.AppStore|iPhoneSimulator.Build.0 = Release|Any CPU
		{8E1028CB-C0CC-4FD8-B205-A5E46E96AD33}.AppStore|iPhoneSimulator.Deploy.0 = Release|Any CPU
		{8E1028CB-C0CC-4FD8-B205-A5E46E96AD33}.AppStore|x64.ActiveCfg = Release|Any CPU
		{8E1028CB-C0CC-4FD8-B205-A5E46E96AD33}.AppStore|x64.Build.0 = Release|Any CPU
		{8E1028CB-C0CC-4FD8-B205-A5E46E96AD33}.AppStore|x64.Deploy.0 = Release|Any CPU
		{8E1028CB-C0CC-4FD8-B205-A5E46E96AD33}.AppStore|x86.ActiveCfg = Release|Any CPU
		{8E1028CB-C0CC-4FD8-B205-A5E46E96AD33}.AppStore|x86.Build.0 = Release|Any CPU
		{8E1028CB-C0CC-4FD8-B205-A5E46E96AD33}.AppStore|x86.Deploy.0 = Release|Any CPU
		{8E1028CB-C0CC-4FD8-B205-A5E46E96AD33}.Debug|Any CPU.ActiveCfg = Debug|Any CPU
		{8E1028CB-C0CC-4FD8-B205-A5E46E96AD33}.Debug|Any CPU.Build.0 = Debug|Any CPU
		{8E1028CB-C0CC-4FD8-B205-A5E46E96AD33}.Debug|Any CPU.Deploy.0 = Debug|Any CPU
		{8E1028CB-C0CC-4FD8-B205-A5E46E96AD33}.Debug|ARM.ActiveCfg = Debug|Any CPU
		{8E1028CB-C0CC-4FD8-B205-A5E46E96AD33}.Debug|ARM.Build.0 = Debug|Any CPU
		{8E1028CB-C0CC-4FD8-B205-A5E46E96AD33}.Debug|ARM.Deploy.0 = Debug|Any CPU
		{8E1028CB-C0CC-4FD8-B205-A5E46E96AD33}.Debug|iPhone.ActiveCfg = Debug|Any CPU
		{8E1028CB-C0CC-4FD8-B205-A5E46E96AD33}.Debug|iPhoneSimulator.ActiveCfg = Debug|Any CPU
		{8E1028CB-C0CC-4FD8-B205-A5E46E96AD33}.Debug|iPhoneSimulator.Build.0 = Debug|Any CPU
		{8E1028CB-C0CC-4FD8-B205-A5E46E96AD33}.Debug|iPhoneSimulator.Deploy.0 = Debug|Any CPU
		{8E1028CB-C0CC-4FD8-B205-A5E46E96AD33}.Debug|x64.ActiveCfg = Debug|Any CPU
		{8E1028CB-C0CC-4FD8-B205-A5E46E96AD33}.Debug|x64.Build.0 = Debug|Any CPU
		{8E1028CB-C0CC-4FD8-B205-A5E46E96AD33}.Debug|x64.Deploy.0 = Debug|Any CPU
		{8E1028CB-C0CC-4FD8-B205-A5E46E96AD33}.Debug|x86.ActiveCfg = Debug|Any CPU
		{8E1028CB-C0CC-4FD8-B205-A5E46E96AD33}.Debug|x86.Build.0 = Debug|Any CPU
		{8E1028CB-C0CC-4FD8-B205-A5E46E96AD33}.Debug|x86.Deploy.0 = Debug|Any CPU
		{8E1028CB-C0CC-4FD8-B205-A5E46E96AD33}.Release|Any CPU.ActiveCfg = Release|Any CPU
		{8E1028CB-C0CC-4FD8-B205-A5E46E96AD33}.Release|ARM.ActiveCfg = Release|Any CPU
		{8E1028CB-C0CC-4FD8-B205-A5E46E96AD33}.Release|ARM.Build.0 = Release|Any CPU
		{8E1028CB-C0CC-4FD8-B205-A5E46E96AD33}.Release|ARM.Deploy.0 = Release|Any CPU
		{8E1028CB-C0CC-4FD8-B205-A5E46E96AD33}.Release|iPhone.ActiveCfg = Release|Any CPU
		{8E1028CB-C0CC-4FD8-B205-A5E46E96AD33}.Release|iPhone.Build.0 = Release|Any CPU
		{8E1028CB-C0CC-4FD8-B205-A5E46E96AD33}.Release|iPhone.Deploy.0 = Release|Any CPU
		{8E1028CB-C0CC-4FD8-B205-A5E46E96AD33}.Release|iPhoneSimulator.ActiveCfg = Release|Any CPU
		{8E1028CB-C0CC-4FD8-B205-A5E46E96AD33}.Release|iPhoneSimulator.Build.0 = Release|Any CPU
		{8E1028CB-C0CC-4FD8-B205-A5E46E96AD33}.Release|iPhoneSimulator.Deploy.0 = Release|Any CPU
		{8E1028CB-C0CC-4FD8-B205-A5E46E96AD33}.Release|x64.ActiveCfg = Release|Any CPU
		{8E1028CB-C0CC-4FD8-B205-A5E46E96AD33}.Release|x64.Build.0 = Release|Any CPU
		{8E1028CB-C0CC-4FD8-B205-A5E46E96AD33}.Release|x64.Deploy.0 = Release|Any CPU
		{8E1028CB-C0CC-4FD8-B205-A5E46E96AD33}.Release|x86.ActiveCfg = Release|Any CPU
		{8E1028CB-C0CC-4FD8-B205-A5E46E96AD33}.Release|x86.Build.0 = Release|Any CPU
		{8E1028CB-C0CC-4FD8-B205-A5E46E96AD33}.Release|x86.Deploy.0 = Release|Any CPU
		{3107CAB7-B392-4013-A5B0-8A4A6149ADA4}.Ad-Hoc|Any CPU.ActiveCfg = Ad-Hoc|iPhone
		{3107CAB7-B392-4013-A5B0-8A4A6149ADA4}.Ad-Hoc|ARM.ActiveCfg = Ad-Hoc|iPhone
		{3107CAB7-B392-4013-A5B0-8A4A6149ADA4}.Ad-Hoc|iPhone.ActiveCfg = Ad-Hoc|iPhone
		{3107CAB7-B392-4013-A5B0-8A4A6149ADA4}.Ad-Hoc|iPhone.Build.0 = Ad-Hoc|iPhone
		{3107CAB7-B392-4013-A5B0-8A4A6149ADA4}.Ad-Hoc|iPhoneSimulator.ActiveCfg = Ad-Hoc|iPhoneSimulator
		{3107CAB7-B392-4013-A5B0-8A4A6149ADA4}.Ad-Hoc|iPhoneSimulator.Build.0 = Ad-Hoc|iPhoneSimulator
		{3107CAB7-B392-4013-A5B0-8A4A6149ADA4}.Ad-Hoc|x64.ActiveCfg = Ad-Hoc|iPhone
		{3107CAB7-B392-4013-A5B0-8A4A6149ADA4}.Ad-Hoc|x86.ActiveCfg = Ad-Hoc|iPhone
		{3107CAB7-B392-4013-A5B0-8A4A6149ADA4}.AppStore|Any CPU.ActiveCfg = AppStore|iPhone
		{3107CAB7-B392-4013-A5B0-8A4A6149ADA4}.AppStore|ARM.ActiveCfg = AppStore|iPhone
		{3107CAB7-B392-4013-A5B0-8A4A6149ADA4}.AppStore|iPhone.ActiveCfg = AppStore|iPhone
		{3107CAB7-B392-4013-A5B0-8A4A6149ADA4}.AppStore|iPhone.Build.0 = AppStore|iPhone
		{3107CAB7-B392-4013-A5B0-8A4A6149ADA4}.AppStore|iPhoneSimulator.ActiveCfg = AppStore|iPhoneSimulator
		{3107CAB7-B392-4013-A5B0-8A4A6149ADA4}.AppStore|iPhoneSimulator.Build.0 = AppStore|iPhoneSimulator
		{3107CAB7-B392-4013-A5B0-8A4A6149ADA4}.AppStore|x64.ActiveCfg = AppStore|iPhone
		{3107CAB7-B392-4013-A5B0-8A4A6149ADA4}.AppStore|x86.ActiveCfg = AppStore|iPhone
		{3107CAB7-B392-4013-A5B0-8A4A6149ADA4}.Debug|Any CPU.ActiveCfg = Debug|iPhone
		{3107CAB7-B392-4013-A5B0-8A4A6149ADA4}.Debug|Any CPU.Build.0 = Debug|iPhone
		{3107CAB7-B392-4013-A5B0-8A4A6149ADA4}.Debug|ARM.ActiveCfg = Debug|iPhone
		{3107CAB7-B392-4013-A5B0-8A4A6149ADA4}.Debug|iPhone.ActiveCfg = Debug|iPhone
		{3107CAB7-B392-4013-A5B0-8A4A6149ADA4}.Debug|iPhone.Build.0 = Debug|iPhone
		{3107CAB7-B392-4013-A5B0-8A4A6149ADA4}.Debug|iPhoneSimulator.ActiveCfg = Debug|iPhoneSimulator
		{3107CAB7-B392-4013-A5B0-8A4A6149ADA4}.Debug|iPhoneSimulator.Build.0 = Debug|iPhoneSimulator
		{3107CAB7-B392-4013-A5B0-8A4A6149ADA4}.Debug|x64.ActiveCfg = Debug|iPhone
		{3107CAB7-B392-4013-A5B0-8A4A6149ADA4}.Debug|x86.ActiveCfg = Debug|iPhone
		{3107CAB7-B392-4013-A5B0-8A4A6149ADA4}.Release|Any CPU.ActiveCfg = Release|iPhone
		{3107CAB7-B392-4013-A5B0-8A4A6149ADA4}.Release|ARM.ActiveCfg = Release|iPhone
		{3107CAB7-B392-4013-A5B0-8A4A6149ADA4}.Release|iPhone.ActiveCfg = Release|iPhone
		{3107CAB7-B392-4013-A5B0-8A4A6149ADA4}.Release|iPhone.Build.0 = Release|iPhone
		{3107CAB7-B392-4013-A5B0-8A4A6149ADA4}.Release|iPhoneSimulator.ActiveCfg = Release|iPhoneSimulator
		{3107CAB7-B392-4013-A5B0-8A4A6149ADA4}.Release|iPhoneSimulator.Build.0 = Release|iPhoneSimulator
		{3107CAB7-B392-4013-A5B0-8A4A6149ADA4}.Release|x64.ActiveCfg = Release|iPhone
		{3107CAB7-B392-4013-A5B0-8A4A6149ADA4}.Release|x86.ActiveCfg = Release|iPhone
		{AF0917DD-079A-49CB-9115-BA08340E4ED8}.Ad-Hoc|Any CPU.ActiveCfg = Release|Any CPU
		{AF0917DD-079A-49CB-9115-BA08340E4ED8}.Ad-Hoc|Any CPU.Build.0 = Release|Any CPU
		{AF0917DD-079A-49CB-9115-BA08340E4ED8}.Ad-Hoc|ARM.ActiveCfg = Release|Any CPU
		{AF0917DD-079A-49CB-9115-BA08340E4ED8}.Ad-Hoc|ARM.Build.0 = Release|Any CPU
		{AF0917DD-079A-49CB-9115-BA08340E4ED8}.Ad-Hoc|iPhone.ActiveCfg = Release|Any CPU
		{AF0917DD-079A-49CB-9115-BA08340E4ED8}.Ad-Hoc|iPhone.Build.0 = Release|Any CPU
		{AF0917DD-079A-49CB-9115-BA08340E4ED8}.Ad-Hoc|iPhoneSimulator.ActiveCfg = Release|Any CPU
		{AF0917DD-079A-49CB-9115-BA08340E4ED8}.Ad-Hoc|iPhoneSimulator.Build.0 = Release|Any CPU
		{AF0917DD-079A-49CB-9115-BA08340E4ED8}.Ad-Hoc|x64.ActiveCfg = Release|Any CPU
		{AF0917DD-079A-49CB-9115-BA08340E4ED8}.Ad-Hoc|x64.Build.0 = Release|Any CPU
		{AF0917DD-079A-49CB-9115-BA08340E4ED8}.Ad-Hoc|x86.ActiveCfg = Release|Any CPU
		{AF0917DD-079A-49CB-9115-BA08340E4ED8}.Ad-Hoc|x86.Build.0 = Release|Any CPU
		{AF0917DD-079A-49CB-9115-BA08340E4ED8}.AppStore|Any CPU.ActiveCfg = Release|Any CPU
		{AF0917DD-079A-49CB-9115-BA08340E4ED8}.AppStore|Any CPU.Build.0 = Release|Any CPU
		{AF0917DD-079A-49CB-9115-BA08340E4ED8}.AppStore|ARM.ActiveCfg = Release|Any CPU
		{AF0917DD-079A-49CB-9115-BA08340E4ED8}.AppStore|ARM.Build.0 = Release|Any CPU
		{AF0917DD-079A-49CB-9115-BA08340E4ED8}.AppStore|iPhone.ActiveCfg = Release|Any CPU
		{AF0917DD-079A-49CB-9115-BA08340E4ED8}.AppStore|iPhone.Build.0 = Release|Any CPU
		{AF0917DD-079A-49CB-9115-BA08340E4ED8}.AppStore|iPhoneSimulator.ActiveCfg = Release|Any CPU
		{AF0917DD-079A-49CB-9115-BA08340E4ED8}.AppStore|iPhoneSimulator.Build.0 = Release|Any CPU
		{AF0917DD-079A-49CB-9115-BA08340E4ED8}.AppStore|x64.ActiveCfg = Release|Any CPU
		{AF0917DD-079A-49CB-9115-BA08340E4ED8}.AppStore|x64.Build.0 = Release|Any CPU
		{AF0917DD-079A-49CB-9115-BA08340E4ED8}.AppStore|x86.ActiveCfg = Release|Any CPU
		{AF0917DD-079A-49CB-9115-BA08340E4ED8}.AppStore|x86.Build.0 = Release|Any CPU
		{AF0917DD-079A-49CB-9115-BA08340E4ED8}.Debug|Any CPU.ActiveCfg = Debug|Any CPU
		{AF0917DD-079A-49CB-9115-BA08340E4ED8}.Debug|Any CPU.Build.0 = Debug|Any CPU
		{AF0917DD-079A-49CB-9115-BA08340E4ED8}.Debug|ARM.ActiveCfg = Debug|Any CPU
		{AF0917DD-079A-49CB-9115-BA08340E4ED8}.Debug|ARM.Build.0 = Debug|Any CPU
		{AF0917DD-079A-49CB-9115-BA08340E4ED8}.Debug|iPhone.ActiveCfg = Debug|Any CPU
		{AF0917DD-079A-49CB-9115-BA08340E4ED8}.Debug|iPhone.Build.0 = Debug|Any CPU
		{AF0917DD-079A-49CB-9115-BA08340E4ED8}.Debug|iPhoneSimulator.ActiveCfg = Debug|Any CPU
		{AF0917DD-079A-49CB-9115-BA08340E4ED8}.Debug|iPhoneSimulator.Build.0 = Debug|Any CPU
		{AF0917DD-079A-49CB-9115-BA08340E4ED8}.Debug|x64.ActiveCfg = Debug|Any CPU
		{AF0917DD-079A-49CB-9115-BA08340E4ED8}.Debug|x64.Build.0 = Debug|Any CPU
		{AF0917DD-079A-49CB-9115-BA08340E4ED8}.Debug|x86.ActiveCfg = Debug|Any CPU
		{AF0917DD-079A-49CB-9115-BA08340E4ED8}.Debug|x86.Build.0 = Debug|Any CPU
		{AF0917DD-079A-49CB-9115-BA08340E4ED8}.Release|Any CPU.ActiveCfg = Release|Any CPU
		{AF0917DD-079A-49CB-9115-BA08340E4ED8}.Release|Any CPU.Build.0 = Release|Any CPU
		{AF0917DD-079A-49CB-9115-BA08340E4ED8}.Release|ARM.ActiveCfg = Release|Any CPU
		{AF0917DD-079A-49CB-9115-BA08340E4ED8}.Release|ARM.Build.0 = Release|Any CPU
		{AF0917DD-079A-49CB-9115-BA08340E4ED8}.Release|iPhone.ActiveCfg = Release|Any CPU
		{AF0917DD-079A-49CB-9115-BA08340E4ED8}.Release|iPhone.Build.0 = Release|Any CPU
		{AF0917DD-079A-49CB-9115-BA08340E4ED8}.Release|iPhoneSimulator.ActiveCfg = Release|Any CPU
		{AF0917DD-079A-49CB-9115-BA08340E4ED8}.Release|iPhoneSimulator.Build.0 = Release|Any CPU
		{AF0917DD-079A-49CB-9115-BA08340E4ED8}.Release|x64.ActiveCfg = Release|Any CPU
		{AF0917DD-079A-49CB-9115-BA08340E4ED8}.Release|x64.Build.0 = Release|Any CPU
		{AF0917DD-079A-49CB-9115-BA08340E4ED8}.Release|x86.ActiveCfg = Release|Any CPU
		{AF0917DD-079A-49CB-9115-BA08340E4ED8}.Release|x86.Build.0 = Release|Any CPU
		{6ED7A633-FF4E-4A86-91B9-BE95D626B767}.Ad-Hoc|Any CPU.ActiveCfg = Release|x64
		{6ED7A633-FF4E-4A86-91B9-BE95D626B767}.Ad-Hoc|Any CPU.Build.0 = Release|x64
		{6ED7A633-FF4E-4A86-91B9-BE95D626B767}.Ad-Hoc|Any CPU.Deploy.0 = Release|x64
		{6ED7A633-FF4E-4A86-91B9-BE95D626B767}.Ad-Hoc|ARM.ActiveCfg = Release|ARM
		{6ED7A633-FF4E-4A86-91B9-BE95D626B767}.Ad-Hoc|ARM.Build.0 = Release|ARM
		{6ED7A633-FF4E-4A86-91B9-BE95D626B767}.Ad-Hoc|ARM.Deploy.0 = Release|ARM
		{6ED7A633-FF4E-4A86-91B9-BE95D626B767}.Ad-Hoc|iPhone.ActiveCfg = Release|x64
		{6ED7A633-FF4E-4A86-91B9-BE95D626B767}.Ad-Hoc|iPhone.Build.0 = Release|x64
		{6ED7A633-FF4E-4A86-91B9-BE95D626B767}.Ad-Hoc|iPhone.Deploy.0 = Release|x64
		{6ED7A633-FF4E-4A86-91B9-BE95D626B767}.Ad-Hoc|iPhoneSimulator.ActiveCfg = Release|x64
		{6ED7A633-FF4E-4A86-91B9-BE95D626B767}.Ad-Hoc|iPhoneSimulator.Build.0 = Release|x64
		{6ED7A633-FF4E-4A86-91B9-BE95D626B767}.Ad-Hoc|iPhoneSimulator.Deploy.0 = Release|x64
		{6ED7A633-FF4E-4A86-91B9-BE95D626B767}.Ad-Hoc|x64.ActiveCfg = Release|x64
		{6ED7A633-FF4E-4A86-91B9-BE95D626B767}.Ad-Hoc|x64.Build.0 = Release|x64
		{6ED7A633-FF4E-4A86-91B9-BE95D626B767}.Ad-Hoc|x64.Deploy.0 = Release|x64
		{6ED7A633-FF4E-4A86-91B9-BE95D626B767}.Ad-Hoc|x86.ActiveCfg = Release|x86
		{6ED7A633-FF4E-4A86-91B9-BE95D626B767}.Ad-Hoc|x86.Build.0 = Release|x86
		{6ED7A633-FF4E-4A86-91B9-BE95D626B767}.Ad-Hoc|x86.Deploy.0 = Release|x86
		{6ED7A633-FF4E-4A86-91B9-BE95D626B767}.AppStore|Any CPU.ActiveCfg = Release|x64
		{6ED7A633-FF4E-4A86-91B9-BE95D626B767}.AppStore|Any CPU.Build.0 = Release|x64
		{6ED7A633-FF4E-4A86-91B9-BE95D626B767}.AppStore|Any CPU.Deploy.0 = Release|x64
		{6ED7A633-FF4E-4A86-91B9-BE95D626B767}.AppStore|ARM.ActiveCfg = Release|ARM
		{6ED7A633-FF4E-4A86-91B9-BE95D626B767}.AppStore|ARM.Build.0 = Release|ARM
		{6ED7A633-FF4E-4A86-91B9-BE95D626B767}.AppStore|ARM.Deploy.0 = Release|ARM
		{6ED7A633-FF4E-4A86-91B9-BE95D626B767}.AppStore|iPhone.ActiveCfg = Release|x64
		{6ED7A633-FF4E-4A86-91B9-BE95D626B767}.AppStore|iPhone.Build.0 = Release|x64
		{6ED7A633-FF4E-4A86-91B9-BE95D626B767}.AppStore|iPhone.Deploy.0 = Release|x64
		{6ED7A633-FF4E-4A86-91B9-BE95D626B767}.AppStore|iPhoneSimulator.ActiveCfg = Release|x64
		{6ED7A633-FF4E-4A86-91B9-BE95D626B767}.AppStore|iPhoneSimulator.Build.0 = Release|x64
		{6ED7A633-FF4E-4A86-91B9-BE95D626B767}.AppStore|iPhoneSimulator.Deploy.0 = Release|x64
		{6ED7A633-FF4E-4A86-91B9-BE95D626B767}.AppStore|x64.ActiveCfg = Release|x64
		{6ED7A633-FF4E-4A86-91B9-BE95D626B767}.AppStore|x64.Build.0 = Release|x64
		{6ED7A633-FF4E-4A86-91B9-BE95D626B767}.AppStore|x64.Deploy.0 = Release|x64
		{6ED7A633-FF4E-4A86-91B9-BE95D626B767}.AppStore|x86.ActiveCfg = Release|x86
		{6ED7A633-FF4E-4A86-91B9-BE95D626B767}.AppStore|x86.Build.0 = Release|x86
		{6ED7A633-FF4E-4A86-91B9-BE95D626B767}.AppStore|x86.Deploy.0 = Release|x86
		{6ED7A633-FF4E-4A86-91B9-BE95D626B767}.Debug|Any CPU.ActiveCfg = Debug|x86
		{6ED7A633-FF4E-4A86-91B9-BE95D626B767}.Debug|Any CPU.Build.0 = Debug|x86
		{6ED7A633-FF4E-4A86-91B9-BE95D626B767}.Debug|Any CPU.Deploy.0 = Debug|x86
		{6ED7A633-FF4E-4A86-91B9-BE95D626B767}.Debug|ARM.ActiveCfg = Debug|ARM
		{6ED7A633-FF4E-4A86-91B9-BE95D626B767}.Debug|ARM.Build.0 = Debug|ARM
		{6ED7A633-FF4E-4A86-91B9-BE95D626B767}.Debug|ARM.Deploy.0 = Debug|ARM
		{6ED7A633-FF4E-4A86-91B9-BE95D626B767}.Debug|iPhone.ActiveCfg = Debug|x86
		{6ED7A633-FF4E-4A86-91B9-BE95D626B767}.Debug|iPhoneSimulator.ActiveCfg = Debug|x86
		{6ED7A633-FF4E-4A86-91B9-BE95D626B767}.Debug|x64.ActiveCfg = Debug|x64
		{6ED7A633-FF4E-4A86-91B9-BE95D626B767}.Debug|x64.Build.0 = Debug|x64
		{6ED7A633-FF4E-4A86-91B9-BE95D626B767}.Debug|x64.Deploy.0 = Debug|x64
		{6ED7A633-FF4E-4A86-91B9-BE95D626B767}.Debug|x86.ActiveCfg = Debug|x86
		{6ED7A633-FF4E-4A86-91B9-BE95D626B767}.Debug|x86.Build.0 = Debug|x86
		{6ED7A633-FF4E-4A86-91B9-BE95D626B767}.Debug|x86.Deploy.0 = Debug|x86
		{6ED7A633-FF4E-4A86-91B9-BE95D626B767}.Release|Any CPU.ActiveCfg = Release|x86
		{6ED7A633-FF4E-4A86-91B9-BE95D626B767}.Release|ARM.ActiveCfg = Release|ARM
		{6ED7A633-FF4E-4A86-91B9-BE95D626B767}.Release|ARM.Build.0 = Release|ARM
		{6ED7A633-FF4E-4A86-91B9-BE95D626B767}.Release|ARM.Deploy.0 = Release|ARM
		{6ED7A633-FF4E-4A86-91B9-BE95D626B767}.Release|iPhone.ActiveCfg = Release|x86
		{6ED7A633-FF4E-4A86-91B9-BE95D626B767}.Release|iPhoneSimulator.ActiveCfg = Release|x86
		{6ED7A633-FF4E-4A86-91B9-BE95D626B767}.Release|x64.ActiveCfg = Release|x64
		{6ED7A633-FF4E-4A86-91B9-BE95D626B767}.Release|x64.Build.0 = Release|x64
		{6ED7A633-FF4E-4A86-91B9-BE95D626B767}.Release|x64.Deploy.0 = Release|x64
		{6ED7A633-FF4E-4A86-91B9-BE95D626B767}.Release|x86.ActiveCfg = Release|x86
		{6ED7A633-FF4E-4A86-91B9-BE95D626B767}.Release|x86.Build.0 = Release|x86
		{6ED7A633-FF4E-4A86-91B9-BE95D626B767}.Release|x86.Deploy.0 = Release|x86
		{F44FEBBA-7EA7-4B92-BF25-EBDCC1DB1830}.Ad-Hoc|Any CPU.ActiveCfg = Release|Any CPU
		{F44FEBBA-7EA7-4B92-BF25-EBDCC1DB1830}.Ad-Hoc|Any CPU.Build.0 = Release|Any CPU
		{F44FEBBA-7EA7-4B92-BF25-EBDCC1DB1830}.Ad-Hoc|ARM.ActiveCfg = Release|Any CPU
		{F44FEBBA-7EA7-4B92-BF25-EBDCC1DB1830}.Ad-Hoc|ARM.Build.0 = Release|Any CPU
		{F44FEBBA-7EA7-4B92-BF25-EBDCC1DB1830}.Ad-Hoc|iPhone.ActiveCfg = Release|Any CPU
		{F44FEBBA-7EA7-4B92-BF25-EBDCC1DB1830}.Ad-Hoc|iPhone.Build.0 = Release|Any CPU
		{F44FEBBA-7EA7-4B92-BF25-EBDCC1DB1830}.Ad-Hoc|iPhoneSimulator.ActiveCfg = Release|Any CPU
		{F44FEBBA-7EA7-4B92-BF25-EBDCC1DB1830}.Ad-Hoc|iPhoneSimulator.Build.0 = Release|Any CPU
		{F44FEBBA-7EA7-4B92-BF25-EBDCC1DB1830}.Ad-Hoc|x64.ActiveCfg = Release|Any CPU
		{F44FEBBA-7EA7-4B92-BF25-EBDCC1DB1830}.Ad-Hoc|x64.Build.0 = Release|Any CPU
		{F44FEBBA-7EA7-4B92-BF25-EBDCC1DB1830}.Ad-Hoc|x86.ActiveCfg = Release|Any CPU
		{F44FEBBA-7EA7-4B92-BF25-EBDCC1DB1830}.Ad-Hoc|x86.Build.0 = Release|Any CPU
		{F44FEBBA-7EA7-4B92-BF25-EBDCC1DB1830}.AppStore|Any CPU.ActiveCfg = Release|Any CPU
		{F44FEBBA-7EA7-4B92-BF25-EBDCC1DB1830}.AppStore|Any CPU.Build.0 = Release|Any CPU
		{F44FEBBA-7EA7-4B92-BF25-EBDCC1DB1830}.AppStore|ARM.ActiveCfg = Release|Any CPU
		{F44FEBBA-7EA7-4B92-BF25-EBDCC1DB1830}.AppStore|ARM.Build.0 = Release|Any CPU
		{F44FEBBA-7EA7-4B92-BF25-EBDCC1DB1830}.AppStore|iPhone.ActiveCfg = Release|Any CPU
		{F44FEBBA-7EA7-4B92-BF25-EBDCC1DB1830}.AppStore|iPhone.Build.0 = Release|Any CPU
		{F44FEBBA-7EA7-4B92-BF25-EBDCC1DB1830}.AppStore|iPhoneSimulator.ActiveCfg = Release|Any CPU
		{F44FEBBA-7EA7-4B92-BF25-EBDCC1DB1830}.AppStore|iPhoneSimulator.Build.0 = Release|Any CPU
		{F44FEBBA-7EA7-4B92-BF25-EBDCC1DB1830}.AppStore|x64.ActiveCfg = Release|Any CPU
		{F44FEBBA-7EA7-4B92-BF25-EBDCC1DB1830}.AppStore|x64.Build.0 = Release|Any CPU
		{F44FEBBA-7EA7-4B92-BF25-EBDCC1DB1830}.AppStore|x86.ActiveCfg = Release|Any CPU
		{F44FEBBA-7EA7-4B92-BF25-EBDCC1DB1830}.AppStore|x86.Build.0 = Release|Any CPU
		{F44FEBBA-7EA7-4B92-BF25-EBDCC1DB1830}.Debug|Any CPU.ActiveCfg = Debug|Any CPU
		{F44FEBBA-7EA7-4B92-BF25-EBDCC1DB1830}.Debug|Any CPU.Build.0 = Debug|Any CPU
		{F44FEBBA-7EA7-4B92-BF25-EBDCC1DB1830}.Debug|ARM.ActiveCfg = Debug|Any CPU
		{F44FEBBA-7EA7-4B92-BF25-EBDCC1DB1830}.Debug|ARM.Build.0 = Debug|Any CPU
		{F44FEBBA-7EA7-4B92-BF25-EBDCC1DB1830}.Debug|iPhone.ActiveCfg = Debug|Any CPU
		{F44FEBBA-7EA7-4B92-BF25-EBDCC1DB1830}.Debug|iPhone.Build.0 = Debug|Any CPU
		{F44FEBBA-7EA7-4B92-BF25-EBDCC1DB1830}.Debug|iPhoneSimulator.ActiveCfg = Debug|Any CPU
		{F44FEBBA-7EA7-4B92-BF25-EBDCC1DB1830}.Debug|iPhoneSimulator.Build.0 = Debug|Any CPU
		{F44FEBBA-7EA7-4B92-BF25-EBDCC1DB1830}.Debug|x64.ActiveCfg = Debug|Any CPU
		{F44FEBBA-7EA7-4B92-BF25-EBDCC1DB1830}.Debug|x64.Build.0 = Debug|Any CPU
		{F44FEBBA-7EA7-4B92-BF25-EBDCC1DB1830}.Debug|x86.ActiveCfg = Debug|Any CPU
		{F44FEBBA-7EA7-4B92-BF25-EBDCC1DB1830}.Debug|x86.Build.0 = Debug|Any CPU
		{F44FEBBA-7EA7-4B92-BF25-EBDCC1DB1830}.Release|Any CPU.ActiveCfg = Release|Any CPU
		{F44FEBBA-7EA7-4B92-BF25-EBDCC1DB1830}.Release|Any CPU.Build.0 = Release|Any CPU
		{F44FEBBA-7EA7-4B92-BF25-EBDCC1DB1830}.Release|ARM.ActiveCfg = Release|Any CPU
		{F44FEBBA-7EA7-4B92-BF25-EBDCC1DB1830}.Release|ARM.Build.0 = Release|Any CPU
		{F44FEBBA-7EA7-4B92-BF25-EBDCC1DB1830}.Release|iPhone.ActiveCfg = Release|Any CPU
		{F44FEBBA-7EA7-4B92-BF25-EBDCC1DB1830}.Release|iPhone.Build.0 = Release|Any CPU
		{F44FEBBA-7EA7-4B92-BF25-EBDCC1DB1830}.Release|iPhoneSimulator.ActiveCfg = Release|Any CPU
		{F44FEBBA-7EA7-4B92-BF25-EBDCC1DB1830}.Release|iPhoneSimulator.Build.0 = Release|Any CPU
		{F44FEBBA-7EA7-4B92-BF25-EBDCC1DB1830}.Release|x64.ActiveCfg = Release|Any CPU
		{F44FEBBA-7EA7-4B92-BF25-EBDCC1DB1830}.Release|x64.Build.0 = Release|Any CPU
		{F44FEBBA-7EA7-4B92-BF25-EBDCC1DB1830}.Release|x86.ActiveCfg = Release|Any CPU
		{F44FEBBA-7EA7-4B92-BF25-EBDCC1DB1830}.Release|x86.Build.0 = Release|Any CPU
		{57D5FF44-345D-4229-AEFC-E3F7F260A665}.Ad-Hoc|Any CPU.ActiveCfg = Release|Any CPU
		{57D5FF44-345D-4229-AEFC-E3F7F260A665}.Ad-Hoc|Any CPU.Build.0 = Release|Any CPU
		{57D5FF44-345D-4229-AEFC-E3F7F260A665}.Ad-Hoc|ARM.ActiveCfg = Release|Any CPU
		{57D5FF44-345D-4229-AEFC-E3F7F260A665}.Ad-Hoc|ARM.Build.0 = Release|Any CPU
		{57D5FF44-345D-4229-AEFC-E3F7F260A665}.Ad-Hoc|iPhone.ActiveCfg = Release|Any CPU
		{57D5FF44-345D-4229-AEFC-E3F7F260A665}.Ad-Hoc|iPhone.Build.0 = Release|Any CPU
		{57D5FF44-345D-4229-AEFC-E3F7F260A665}.Ad-Hoc|iPhoneSimulator.ActiveCfg = Release|Any CPU
		{57D5FF44-345D-4229-AEFC-E3F7F260A665}.Ad-Hoc|iPhoneSimulator.Build.0 = Release|Any CPU
		{57D5FF44-345D-4229-AEFC-E3F7F260A665}.Ad-Hoc|x64.ActiveCfg = Release|Any CPU
		{57D5FF44-345D-4229-AEFC-E3F7F260A665}.Ad-Hoc|x64.Build.0 = Release|Any CPU
		{57D5FF44-345D-4229-AEFC-E3F7F260A665}.Ad-Hoc|x86.ActiveCfg = Release|Any CPU
		{57D5FF44-345D-4229-AEFC-E3F7F260A665}.Ad-Hoc|x86.Build.0 = Release|Any CPU
		{57D5FF44-345D-4229-AEFC-E3F7F260A665}.AppStore|Any CPU.ActiveCfg = Release|Any CPU
		{57D5FF44-345D-4229-AEFC-E3F7F260A665}.AppStore|Any CPU.Build.0 = Release|Any CPU
		{57D5FF44-345D-4229-AEFC-E3F7F260A665}.AppStore|ARM.ActiveCfg = Release|Any CPU
		{57D5FF44-345D-4229-AEFC-E3F7F260A665}.AppStore|ARM.Build.0 = Release|Any CPU
		{57D5FF44-345D-4229-AEFC-E3F7F260A665}.AppStore|iPhone.ActiveCfg = Release|Any CPU
		{57D5FF44-345D-4229-AEFC-E3F7F260A665}.AppStore|iPhone.Build.0 = Release|Any CPU
		{57D5FF44-345D-4229-AEFC-E3F7F260A665}.AppStore|iPhoneSimulator.ActiveCfg = Release|Any CPU
		{57D5FF44-345D-4229-AEFC-E3F7F260A665}.AppStore|iPhoneSimulator.Build.0 = Release|Any CPU
		{57D5FF44-345D-4229-AEFC-E3F7F260A665}.AppStore|x64.ActiveCfg = Release|Any CPU
		{57D5FF44-345D-4229-AEFC-E3F7F260A665}.AppStore|x64.Build.0 = Release|Any CPU
		{57D5FF44-345D-4229-AEFC-E3F7F260A665}.AppStore|x86.ActiveCfg = Release|Any CPU
		{57D5FF44-345D-4229-AEFC-E3F7F260A665}.AppStore|x86.Build.0 = Release|Any CPU
		{57D5FF44-345D-4229-AEFC-E3F7F260A665}.Debug|Any CPU.ActiveCfg = Debug|Any CPU
		{57D5FF44-345D-4229-AEFC-E3F7F260A665}.Debug|Any CPU.Build.0 = Debug|Any CPU
		{57D5FF44-345D-4229-AEFC-E3F7F260A665}.Debug|ARM.ActiveCfg = Debug|Any CPU
		{57D5FF44-345D-4229-AEFC-E3F7F260A665}.Debug|ARM.Build.0 = Debug|Any CPU
		{57D5FF44-345D-4229-AEFC-E3F7F260A665}.Debug|iPhone.ActiveCfg = Debug|Any CPU
		{57D5FF44-345D-4229-AEFC-E3F7F260A665}.Debug|iPhone.Build.0 = Debug|Any CPU
		{57D5FF44-345D-4229-AEFC-E3F7F260A665}.Debug|iPhoneSimulator.ActiveCfg = Debug|Any CPU
		{57D5FF44-345D-4229-AEFC-E3F7F260A665}.Debug|iPhoneSimulator.Build.0 = Debug|Any CPU
		{57D5FF44-345D-4229-AEFC-E3F7F260A665}.Debug|x64.ActiveCfg = Debug|Any CPU
		{57D5FF44-345D-4229-AEFC-E3F7F260A665}.Debug|x64.Build.0 = Debug|Any CPU
		{57D5FF44-345D-4229-AEFC-E3F7F260A665}.Debug|x86.ActiveCfg = Debug|Any CPU
		{57D5FF44-345D-4229-AEFC-E3F7F260A665}.Debug|x86.Build.0 = Debug|Any CPU
		{57D5FF44-345D-4229-AEFC-E3F7F260A665}.Release|Any CPU.ActiveCfg = Release|Any CPU
		{57D5FF44-345D-4229-AEFC-E3F7F260A665}.Release|Any CPU.Build.0 = Release|Any CPU
		{57D5FF44-345D-4229-AEFC-E3F7F260A665}.Release|ARM.ActiveCfg = Release|Any CPU
		{57D5FF44-345D-4229-AEFC-E3F7F260A665}.Release|ARM.Build.0 = Release|Any CPU
		{57D5FF44-345D-4229-AEFC-E3F7F260A665}.Release|iPhone.ActiveCfg = Release|Any CPU
		{57D5FF44-345D-4229-AEFC-E3F7F260A665}.Release|iPhone.Build.0 = Release|Any CPU
		{57D5FF44-345D-4229-AEFC-E3F7F260A665}.Release|iPhoneSimulator.ActiveCfg = Release|Any CPU
		{57D5FF44-345D-4229-AEFC-E3F7F260A665}.Release|iPhoneSimulator.Build.0 = Release|Any CPU
		{57D5FF44-345D-4229-AEFC-E3F7F260A665}.Release|x64.ActiveCfg = Release|Any CPU
		{57D5FF44-345D-4229-AEFC-E3F7F260A665}.Release|x64.Build.0 = Release|Any CPU
		{57D5FF44-345D-4229-AEFC-E3F7F260A665}.Release|x86.ActiveCfg = Release|Any CPU
		{57D5FF44-345D-4229-AEFC-E3F7F260A665}.Release|x86.Build.0 = Release|Any CPU
		{89F4B2DB-539D-467D-B9B1-74608E636349}.Ad-Hoc|Any CPU.ActiveCfg = Release|Any CPU
		{89F4B2DB-539D-467D-B9B1-74608E636349}.Ad-Hoc|Any CPU.Build.0 = Release|Any CPU
		{89F4B2DB-539D-467D-B9B1-74608E636349}.Ad-Hoc|ARM.ActiveCfg = Release|Any CPU
		{89F4B2DB-539D-467D-B9B1-74608E636349}.Ad-Hoc|ARM.Build.0 = Release|Any CPU
		{89F4B2DB-539D-467D-B9B1-74608E636349}.Ad-Hoc|iPhone.ActiveCfg = Release|Any CPU
		{89F4B2DB-539D-467D-B9B1-74608E636349}.Ad-Hoc|iPhone.Build.0 = Release|Any CPU
		{89F4B2DB-539D-467D-B9B1-74608E636349}.Ad-Hoc|iPhoneSimulator.ActiveCfg = Release|Any CPU
		{89F4B2DB-539D-467D-B9B1-74608E636349}.Ad-Hoc|iPhoneSimulator.Build.0 = Release|Any CPU
		{89F4B2DB-539D-467D-B9B1-74608E636349}.Ad-Hoc|x64.ActiveCfg = Release|Any CPU
		{89F4B2DB-539D-467D-B9B1-74608E636349}.Ad-Hoc|x64.Build.0 = Release|Any CPU
		{89F4B2DB-539D-467D-B9B1-74608E636349}.Ad-Hoc|x86.ActiveCfg = Release|Any CPU
		{89F4B2DB-539D-467D-B9B1-74608E636349}.Ad-Hoc|x86.Build.0 = Release|Any CPU
		{89F4B2DB-539D-467D-B9B1-74608E636349}.AppStore|Any CPU.ActiveCfg = Release|Any CPU
		{89F4B2DB-539D-467D-B9B1-74608E636349}.AppStore|Any CPU.Build.0 = Release|Any CPU
		{89F4B2DB-539D-467D-B9B1-74608E636349}.AppStore|ARM.ActiveCfg = Release|Any CPU
		{89F4B2DB-539D-467D-B9B1-74608E636349}.AppStore|ARM.Build.0 = Release|Any CPU
		{89F4B2DB-539D-467D-B9B1-74608E636349}.AppStore|iPhone.ActiveCfg = Release|Any CPU
		{89F4B2DB-539D-467D-B9B1-74608E636349}.AppStore|iPhone.Build.0 = Release|Any CPU
		{89F4B2DB-539D-467D-B9B1-74608E636349}.AppStore|iPhoneSimulator.ActiveCfg = Release|Any CPU
		{89F4B2DB-539D-467D-B9B1-74608E636349}.AppStore|iPhoneSimulator.Build.0 = Release|Any CPU
		{89F4B2DB-539D-467D-B9B1-74608E636349}.AppStore|x64.ActiveCfg = Release|Any CPU
		{89F4B2DB-539D-467D-B9B1-74608E636349}.AppStore|x64.Build.0 = Release|Any CPU
		{89F4B2DB-539D-467D-B9B1-74608E636349}.AppStore|x86.ActiveCfg = Release|Any CPU
		{89F4B2DB-539D-467D-B9B1-74608E636349}.AppStore|x86.Build.0 = Release|Any CPU
		{89F4B2DB-539D-467D-B9B1-74608E636349}.Debug|Any CPU.ActiveCfg = Debug|Any CPU
		{89F4B2DB-539D-467D-B9B1-74608E636349}.Debug|Any CPU.Build.0 = Debug|Any CPU
		{89F4B2DB-539D-467D-B9B1-74608E636349}.Debug|ARM.ActiveCfg = Debug|Any CPU
		{89F4B2DB-539D-467D-B9B1-74608E636349}.Debug|ARM.Build.0 = Debug|Any CPU
		{89F4B2DB-539D-467D-B9B1-74608E636349}.Debug|iPhone.ActiveCfg = Debug|Any CPU
		{89F4B2DB-539D-467D-B9B1-74608E636349}.Debug|iPhone.Build.0 = Debug|Any CPU
		{89F4B2DB-539D-467D-B9B1-74608E636349}.Debug|iPhoneSimulator.ActiveCfg = Debug|Any CPU
		{89F4B2DB-539D-467D-B9B1-74608E636349}.Debug|iPhoneSimulator.Build.0 = Debug|Any CPU
		{89F4B2DB-539D-467D-B9B1-74608E636349}.Debug|x64.ActiveCfg = Debug|Any CPU
		{89F4B2DB-539D-467D-B9B1-74608E636349}.Debug|x64.Build.0 = Debug|Any CPU
		{89F4B2DB-539D-467D-B9B1-74608E636349}.Debug|x86.ActiveCfg = Debug|Any CPU
		{89F4B2DB-539D-467D-B9B1-74608E636349}.Debug|x86.Build.0 = Debug|Any CPU
		{89F4B2DB-539D-467D-B9B1-74608E636349}.Release|Any CPU.ActiveCfg = Release|Any CPU
		{89F4B2DB-539D-467D-B9B1-74608E636349}.Release|Any CPU.Build.0 = Release|Any CPU
		{89F4B2DB-539D-467D-B9B1-74608E636349}.Release|ARM.ActiveCfg = Release|Any CPU
		{89F4B2DB-539D-467D-B9B1-74608E636349}.Release|ARM.Build.0 = Release|Any CPU
		{89F4B2DB-539D-467D-B9B1-74608E636349}.Release|iPhone.ActiveCfg = Release|Any CPU
		{89F4B2DB-539D-467D-B9B1-74608E636349}.Release|iPhone.Build.0 = Release|Any CPU
		{89F4B2DB-539D-467D-B9B1-74608E636349}.Release|iPhoneSimulator.ActiveCfg = Release|Any CPU
		{89F4B2DB-539D-467D-B9B1-74608E636349}.Release|iPhoneSimulator.Build.0 = Release|Any CPU
		{89F4B2DB-539D-467D-B9B1-74608E636349}.Release|x64.ActiveCfg = Release|Any CPU
		{89F4B2DB-539D-467D-B9B1-74608E636349}.Release|x64.Build.0 = Release|Any CPU
		{89F4B2DB-539D-467D-B9B1-74608E636349}.Release|x86.ActiveCfg = Release|Any CPU
		{89F4B2DB-539D-467D-B9B1-74608E636349}.Release|x86.Build.0 = Release|Any CPU
		{74399318-B10F-47DC-9500-1F5B9E337DBC}.Ad-Hoc|Any CPU.ActiveCfg = Release|Any CPU
		{74399318-B10F-47DC-9500-1F5B9E337DBC}.Ad-Hoc|Any CPU.Build.0 = Release|Any CPU
		{74399318-B10F-47DC-9500-1F5B9E337DBC}.Ad-Hoc|ARM.ActiveCfg = Release|ARM
		{74399318-B10F-47DC-9500-1F5B9E337DBC}.Ad-Hoc|ARM.Build.0 = Release|ARM
		{74399318-B10F-47DC-9500-1F5B9E337DBC}.Ad-Hoc|iPhone.ActiveCfg = Release|Any CPU
		{74399318-B10F-47DC-9500-1F5B9E337DBC}.Ad-Hoc|iPhone.Build.0 = Release|Any CPU
		{74399318-B10F-47DC-9500-1F5B9E337DBC}.Ad-Hoc|iPhoneSimulator.ActiveCfg = Release|Any CPU
		{74399318-B10F-47DC-9500-1F5B9E337DBC}.Ad-Hoc|iPhoneSimulator.Build.0 = Release|Any CPU
		{74399318-B10F-47DC-9500-1F5B9E337DBC}.Ad-Hoc|x64.ActiveCfg = Release|x64
		{74399318-B10F-47DC-9500-1F5B9E337DBC}.Ad-Hoc|x64.Build.0 = Release|x64
		{74399318-B10F-47DC-9500-1F5B9E337DBC}.Ad-Hoc|x86.ActiveCfg = Release|x86
		{74399318-B10F-47DC-9500-1F5B9E337DBC}.Ad-Hoc|x86.Build.0 = Release|x86
		{74399318-B10F-47DC-9500-1F5B9E337DBC}.AppStore|Any CPU.ActiveCfg = Release|Any CPU
		{74399318-B10F-47DC-9500-1F5B9E337DBC}.AppStore|Any CPU.Build.0 = Release|Any CPU
		{74399318-B10F-47DC-9500-1F5B9E337DBC}.AppStore|ARM.ActiveCfg = Release|ARM
		{74399318-B10F-47DC-9500-1F5B9E337DBC}.AppStore|ARM.Build.0 = Release|ARM
		{74399318-B10F-47DC-9500-1F5B9E337DBC}.AppStore|iPhone.ActiveCfg = Release|Any CPU
		{74399318-B10F-47DC-9500-1F5B9E337DBC}.AppStore|iPhone.Build.0 = Release|Any CPU
		{74399318-B10F-47DC-9500-1F5B9E337DBC}.AppStore|iPhoneSimulator.ActiveCfg = Release|Any CPU
		{74399318-B10F-47DC-9500-1F5B9E337DBC}.AppStore|iPhoneSimulator.Build.0 = Release|Any CPU
		{74399318-B10F-47DC-9500-1F5B9E337DBC}.AppStore|x64.ActiveCfg = Release|x64
		{74399318-B10F-47DC-9500-1F5B9E337DBC}.AppStore|x64.Build.0 = Release|x64
		{74399318-B10F-47DC-9500-1F5B9E337DBC}.AppStore|x86.ActiveCfg = Release|x86
		{74399318-B10F-47DC-9500-1F5B9E337DBC}.AppStore|x86.Build.0 = Release|x86
		{74399318-B10F-47DC-9500-1F5B9E337DBC}.Debug|Any CPU.ActiveCfg = Debug|Any CPU
		{74399318-B10F-47DC-9500-1F5B9E337DBC}.Debug|Any CPU.Build.0 = Debug|Any CPU
		{74399318-B10F-47DC-9500-1F5B9E337DBC}.Debug|ARM.ActiveCfg = Debug|ARM
		{74399318-B10F-47DC-9500-1F5B9E337DBC}.Debug|ARM.Build.0 = Debug|ARM
		{74399318-B10F-47DC-9500-1F5B9E337DBC}.Debug|iPhone.ActiveCfg = Debug|Any CPU
		{74399318-B10F-47DC-9500-1F5B9E337DBC}.Debug|iPhone.Build.0 = Debug|Any CPU
		{74399318-B10F-47DC-9500-1F5B9E337DBC}.Debug|iPhoneSimulator.ActiveCfg = Debug|Any CPU
		{74399318-B10F-47DC-9500-1F5B9E337DBC}.Debug|iPhoneSimulator.Build.0 = Debug|Any CPU
		{74399318-B10F-47DC-9500-1F5B9E337DBC}.Debug|x64.ActiveCfg = Debug|x64
		{74399318-B10F-47DC-9500-1F5B9E337DBC}.Debug|x64.Build.0 = Debug|x64
		{74399318-B10F-47DC-9500-1F5B9E337DBC}.Debug|x86.ActiveCfg = Debug|x86
		{74399318-B10F-47DC-9500-1F5B9E337DBC}.Debug|x86.Build.0 = Debug|x86
		{74399318-B10F-47DC-9500-1F5B9E337DBC}.Release|Any CPU.ActiveCfg = Release|Any CPU
		{74399318-B10F-47DC-9500-1F5B9E337DBC}.Release|Any CPU.Build.0 = Release|Any CPU
		{74399318-B10F-47DC-9500-1F5B9E337DBC}.Release|ARM.ActiveCfg = Release|ARM
		{74399318-B10F-47DC-9500-1F5B9E337DBC}.Release|ARM.Build.0 = Release|ARM
		{74399318-B10F-47DC-9500-1F5B9E337DBC}.Release|iPhone.ActiveCfg = Release|Any CPU
		{74399318-B10F-47DC-9500-1F5B9E337DBC}.Release|iPhone.Build.0 = Release|Any CPU
		{74399318-B10F-47DC-9500-1F5B9E337DBC}.Release|iPhoneSimulator.ActiveCfg = Release|Any CPU
		{74399318-B10F-47DC-9500-1F5B9E337DBC}.Release|iPhoneSimulator.Build.0 = Release|Any CPU
		{74399318-B10F-47DC-9500-1F5B9E337DBC}.Release|x64.ActiveCfg = Release|x64
		{74399318-B10F-47DC-9500-1F5B9E337DBC}.Release|x64.Build.0 = Release|x64
		{74399318-B10F-47DC-9500-1F5B9E337DBC}.Release|x86.ActiveCfg = Release|x86
		{74399318-B10F-47DC-9500-1F5B9E337DBC}.Release|x86.Build.0 = Release|x86
		{01D11EF2-074C-4BC0-9C05-5A6A9F974E05}.Ad-Hoc|Any CPU.ActiveCfg = Release|Any CPU
		{01D11EF2-074C-4BC0-9C05-5A6A9F974E05}.Ad-Hoc|Any CPU.Build.0 = Release|Any CPU
		{01D11EF2-074C-4BC0-9C05-5A6A9F974E05}.Ad-Hoc|ARM.ActiveCfg = Release|Any CPU
		{01D11EF2-074C-4BC0-9C05-5A6A9F974E05}.Ad-Hoc|ARM.Build.0 = Release|Any CPU
		{01D11EF2-074C-4BC0-9C05-5A6A9F974E05}.Ad-Hoc|iPhone.ActiveCfg = Release|Any CPU
		{01D11EF2-074C-4BC0-9C05-5A6A9F974E05}.Ad-Hoc|iPhone.Build.0 = Release|Any CPU
		{01D11EF2-074C-4BC0-9C05-5A6A9F974E05}.Ad-Hoc|iPhoneSimulator.ActiveCfg = Release|Any CPU
		{01D11EF2-074C-4BC0-9C05-5A6A9F974E05}.Ad-Hoc|iPhoneSimulator.Build.0 = Release|Any CPU
		{01D11EF2-074C-4BC0-9C05-5A6A9F974E05}.Ad-Hoc|x64.ActiveCfg = Release|Any CPU
		{01D11EF2-074C-4BC0-9C05-5A6A9F974E05}.Ad-Hoc|x64.Build.0 = Release|Any CPU
		{01D11EF2-074C-4BC0-9C05-5A6A9F974E05}.Ad-Hoc|x86.ActiveCfg = Release|Any CPU
		{01D11EF2-074C-4BC0-9C05-5A6A9F974E05}.Ad-Hoc|x86.Build.0 = Release|Any CPU
		{01D11EF2-074C-4BC0-9C05-5A6A9F974E05}.AppStore|Any CPU.ActiveCfg = Release|Any CPU
		{01D11EF2-074C-4BC0-9C05-5A6A9F974E05}.AppStore|Any CPU.Build.0 = Release|Any CPU
		{01D11EF2-074C-4BC0-9C05-5A6A9F974E05}.AppStore|ARM.ActiveCfg = Release|Any CPU
		{01D11EF2-074C-4BC0-9C05-5A6A9F974E05}.AppStore|ARM.Build.0 = Release|Any CPU
		{01D11EF2-074C-4BC0-9C05-5A6A9F974E05}.AppStore|iPhone.ActiveCfg = Release|Any CPU
		{01D11EF2-074C-4BC0-9C05-5A6A9F974E05}.AppStore|iPhone.Build.0 = Release|Any CPU
		{01D11EF2-074C-4BC0-9C05-5A6A9F974E05}.AppStore|iPhoneSimulator.ActiveCfg = Release|Any CPU
		{01D11EF2-074C-4BC0-9C05-5A6A9F974E05}.AppStore|iPhoneSimulator.Build.0 = Release|Any CPU
		{01D11EF2-074C-4BC0-9C05-5A6A9F974E05}.AppStore|x64.ActiveCfg = Release|Any CPU
		{01D11EF2-074C-4BC0-9C05-5A6A9F974E05}.AppStore|x64.Build.0 = Release|Any CPU
		{01D11EF2-074C-4BC0-9C05-5A6A9F974E05}.AppStore|x86.ActiveCfg = Release|Any CPU
		{01D11EF2-074C-4BC0-9C05-5A6A9F974E05}.AppStore|x86.Build.0 = Release|Any CPU
		{01D11EF2-074C-4BC0-9C05-5A6A9F974E05}.Debug|Any CPU.ActiveCfg = Debug|Any CPU
		{01D11EF2-074C-4BC0-9C05-5A6A9F974E05}.Debug|Any CPU.Build.0 = Debug|Any CPU
		{01D11EF2-074C-4BC0-9C05-5A6A9F974E05}.Debug|ARM.ActiveCfg = Debug|Any CPU
		{01D11EF2-074C-4BC0-9C05-5A6A9F974E05}.Debug|ARM.Build.0 = Debug|Any CPU
		{01D11EF2-074C-4BC0-9C05-5A6A9F974E05}.Debug|iPhone.ActiveCfg = Debug|Any CPU
		{01D11EF2-074C-4BC0-9C05-5A6A9F974E05}.Debug|iPhone.Build.0 = Debug|Any CPU
		{01D11EF2-074C-4BC0-9C05-5A6A9F974E05}.Debug|iPhoneSimulator.ActiveCfg = Debug|Any CPU
		{01D11EF2-074C-4BC0-9C05-5A6A9F974E05}.Debug|iPhoneSimulator.Build.0 = Debug|Any CPU
		{01D11EF2-074C-4BC0-9C05-5A6A9F974E05}.Debug|x64.ActiveCfg = Debug|Any CPU
		{01D11EF2-074C-4BC0-9C05-5A6A9F974E05}.Debug|x64.Build.0 = Debug|Any CPU
		{01D11EF2-074C-4BC0-9C05-5A6A9F974E05}.Debug|x86.ActiveCfg = Debug|Any CPU
		{01D11EF2-074C-4BC0-9C05-5A6A9F974E05}.Debug|x86.Build.0 = Debug|Any CPU
		{01D11EF2-074C-4BC0-9C05-5A6A9F974E05}.Release|Any CPU.ActiveCfg = Release|Any CPU
		{01D11EF2-074C-4BC0-9C05-5A6A9F974E05}.Release|Any CPU.Build.0 = Release|Any CPU
		{01D11EF2-074C-4BC0-9C05-5A6A9F974E05}.Release|ARM.ActiveCfg = Release|Any CPU
		{01D11EF2-074C-4BC0-9C05-5A6A9F974E05}.Release|ARM.Build.0 = Release|Any CPU
		{01D11EF2-074C-4BC0-9C05-5A6A9F974E05}.Release|iPhone.ActiveCfg = Release|Any CPU
		{01D11EF2-074C-4BC0-9C05-5A6A9F974E05}.Release|iPhone.Build.0 = Release|Any CPU
		{01D11EF2-074C-4BC0-9C05-5A6A9F974E05}.Release|iPhoneSimulator.ActiveCfg = Release|Any CPU
		{01D11EF2-074C-4BC0-9C05-5A6A9F974E05}.Release|iPhoneSimulator.Build.0 = Release|Any CPU
		{01D11EF2-074C-4BC0-9C05-5A6A9F974E05}.Release|x64.ActiveCfg = Release|Any CPU
		{01D11EF2-074C-4BC0-9C05-5A6A9F974E05}.Release|x64.Build.0 = Release|Any CPU
		{01D11EF2-074C-4BC0-9C05-5A6A9F974E05}.Release|x86.ActiveCfg = Release|Any CPU
		{01D11EF2-074C-4BC0-9C05-5A6A9F974E05}.Release|x86.Build.0 = Release|Any CPU
		{8A0FC475-221D-4FE0-8308-3F703DC08F52}.Ad-Hoc|Any CPU.ActiveCfg = Release|Any CPU
		{8A0FC475-221D-4FE0-8308-3F703DC08F52}.Ad-Hoc|Any CPU.Build.0 = Release|Any CPU
		{8A0FC475-221D-4FE0-8308-3F703DC08F52}.Ad-Hoc|ARM.ActiveCfg = Release|Any CPU
		{8A0FC475-221D-4FE0-8308-3F703DC08F52}.Ad-Hoc|ARM.Build.0 = Release|Any CPU
		{8A0FC475-221D-4FE0-8308-3F703DC08F52}.Ad-Hoc|iPhone.ActiveCfg = Release|Any CPU
		{8A0FC475-221D-4FE0-8308-3F703DC08F52}.Ad-Hoc|iPhone.Build.0 = Release|Any CPU
		{8A0FC475-221D-4FE0-8308-3F703DC08F52}.Ad-Hoc|iPhoneSimulator.ActiveCfg = Release|Any CPU
		{8A0FC475-221D-4FE0-8308-3F703DC08F52}.Ad-Hoc|iPhoneSimulator.Build.0 = Release|Any CPU
		{8A0FC475-221D-4FE0-8308-3F703DC08F52}.Ad-Hoc|x64.ActiveCfg = Release|Any CPU
		{8A0FC475-221D-4FE0-8308-3F703DC08F52}.Ad-Hoc|x64.Build.0 = Release|Any CPU
		{8A0FC475-221D-4FE0-8308-3F703DC08F52}.Ad-Hoc|x86.ActiveCfg = Release|Any CPU
		{8A0FC475-221D-4FE0-8308-3F703DC08F52}.Ad-Hoc|x86.Build.0 = Release|Any CPU
		{8A0FC475-221D-4FE0-8308-3F703DC08F52}.AppStore|Any CPU.ActiveCfg = Release|Any CPU
		{8A0FC475-221D-4FE0-8308-3F703DC08F52}.AppStore|Any CPU.Build.0 = Release|Any CPU
		{8A0FC475-221D-4FE0-8308-3F703DC08F52}.AppStore|ARM.ActiveCfg = Release|Any CPU
		{8A0FC475-221D-4FE0-8308-3F703DC08F52}.AppStore|ARM.Build.0 = Release|Any CPU
		{8A0FC475-221D-4FE0-8308-3F703DC08F52}.AppStore|iPhone.ActiveCfg = Release|Any CPU
		{8A0FC475-221D-4FE0-8308-3F703DC08F52}.AppStore|iPhone.Build.0 = Release|Any CPU
		{8A0FC475-221D-4FE0-8308-3F703DC08F52}.AppStore|iPhoneSimulator.ActiveCfg = Release|Any CPU
		{8A0FC475-221D-4FE0-8308-3F703DC08F52}.AppStore|iPhoneSimulator.Build.0 = Release|Any CPU
		{8A0FC475-221D-4FE0-8308-3F703DC08F52}.AppStore|x64.ActiveCfg = Release|Any CPU
		{8A0FC475-221D-4FE0-8308-3F703DC08F52}.AppStore|x64.Build.0 = Release|Any CPU
		{8A0FC475-221D-4FE0-8308-3F703DC08F52}.AppStore|x86.ActiveCfg = Release|Any CPU
		{8A0FC475-221D-4FE0-8308-3F703DC08F52}.AppStore|x86.Build.0 = Release|Any CPU
		{8A0FC475-221D-4FE0-8308-3F703DC08F52}.Debug|Any CPU.ActiveCfg = Debug|Any CPU
		{8A0FC475-221D-4FE0-8308-3F703DC08F52}.Debug|Any CPU.Build.0 = Debug|Any CPU
		{8A0FC475-221D-4FE0-8308-3F703DC08F52}.Debug|ARM.ActiveCfg = Debug|Any CPU
		{8A0FC475-221D-4FE0-8308-3F703DC08F52}.Debug|ARM.Build.0 = Debug|Any CPU
		{8A0FC475-221D-4FE0-8308-3F703DC08F52}.Debug|iPhone.ActiveCfg = Debug|Any CPU
		{8A0FC475-221D-4FE0-8308-3F703DC08F52}.Debug|iPhoneSimulator.ActiveCfg = Debug|Any CPU
		{8A0FC475-221D-4FE0-8308-3F703DC08F52}.Debug|iPhoneSimulator.Build.0 = Debug|Any CPU
		{8A0FC475-221D-4FE0-8308-3F703DC08F52}.Debug|x64.ActiveCfg = Debug|Any CPU
		{8A0FC475-221D-4FE0-8308-3F703DC08F52}.Debug|x64.Build.0 = Debug|Any CPU
		{8A0FC475-221D-4FE0-8308-3F703DC08F52}.Debug|x86.ActiveCfg = Debug|Any CPU
		{8A0FC475-221D-4FE0-8308-3F703DC08F52}.Debug|x86.Build.0 = Debug|Any CPU
		{8A0FC475-221D-4FE0-8308-3F703DC08F52}.Release|Any CPU.ActiveCfg = Release|Any CPU
		{8A0FC475-221D-4FE0-8308-3F703DC08F52}.Release|Any CPU.Build.0 = Release|Any CPU
		{8A0FC475-221D-4FE0-8308-3F703DC08F52}.Release|ARM.ActiveCfg = Release|Any CPU
		{8A0FC475-221D-4FE0-8308-3F703DC08F52}.Release|ARM.Build.0 = Release|Any CPU
		{8A0FC475-221D-4FE0-8308-3F703DC08F52}.Release|iPhone.ActiveCfg = Release|Any CPU
		{8A0FC475-221D-4FE0-8308-3F703DC08F52}.Release|iPhone.Build.0 = Release|Any CPU
		{8A0FC475-221D-4FE0-8308-3F703DC08F52}.Release|iPhoneSimulator.ActiveCfg = Release|Any CPU
		{8A0FC475-221D-4FE0-8308-3F703DC08F52}.Release|iPhoneSimulator.Build.0 = Release|Any CPU
		{8A0FC475-221D-4FE0-8308-3F703DC08F52}.Release|x64.ActiveCfg = Release|Any CPU
		{8A0FC475-221D-4FE0-8308-3F703DC08F52}.Release|x64.Build.0 = Release|Any CPU
		{8A0FC475-221D-4FE0-8308-3F703DC08F52}.Release|x86.ActiveCfg = Release|Any CPU
		{8A0FC475-221D-4FE0-8308-3F703DC08F52}.Release|x86.Build.0 = Release|Any CPU
		{E9BC91B2-A392-4EED-9000-A0629E69D5A7}.Ad-Hoc|Any CPU.ActiveCfg = Release|Any CPU
		{E9BC91B2-A392-4EED-9000-A0629E69D5A7}.Ad-Hoc|Any CPU.Build.0 = Release|Any CPU
		{E9BC91B2-A392-4EED-9000-A0629E69D5A7}.Ad-Hoc|ARM.ActiveCfg = Release|Any CPU
		{E9BC91B2-A392-4EED-9000-A0629E69D5A7}.Ad-Hoc|ARM.Build.0 = Release|Any CPU
		{E9BC91B2-A392-4EED-9000-A0629E69D5A7}.Ad-Hoc|iPhone.ActiveCfg = Release|Any CPU
		{E9BC91B2-A392-4EED-9000-A0629E69D5A7}.Ad-Hoc|iPhone.Build.0 = Release|Any CPU
		{E9BC91B2-A392-4EED-9000-A0629E69D5A7}.Ad-Hoc|iPhoneSimulator.ActiveCfg = Release|Any CPU
		{E9BC91B2-A392-4EED-9000-A0629E69D5A7}.Ad-Hoc|iPhoneSimulator.Build.0 = Release|Any CPU
		{E9BC91B2-A392-4EED-9000-A0629E69D5A7}.Ad-Hoc|x64.ActiveCfg = Release|Any CPU
		{E9BC91B2-A392-4EED-9000-A0629E69D5A7}.Ad-Hoc|x64.Build.0 = Release|Any CPU
		{E9BC91B2-A392-4EED-9000-A0629E69D5A7}.Ad-Hoc|x86.ActiveCfg = Release|Any CPU
		{E9BC91B2-A392-4EED-9000-A0629E69D5A7}.Ad-Hoc|x86.Build.0 = Release|Any CPU
		{E9BC91B2-A392-4EED-9000-A0629E69D5A7}.AppStore|Any CPU.ActiveCfg = Release|Any CPU
		{E9BC91B2-A392-4EED-9000-A0629E69D5A7}.AppStore|Any CPU.Build.0 = Release|Any CPU
		{E9BC91B2-A392-4EED-9000-A0629E69D5A7}.AppStore|ARM.ActiveCfg = Release|Any CPU
		{E9BC91B2-A392-4EED-9000-A0629E69D5A7}.AppStore|ARM.Build.0 = Release|Any CPU
		{E9BC91B2-A392-4EED-9000-A0629E69D5A7}.AppStore|iPhone.ActiveCfg = Release|Any CPU
		{E9BC91B2-A392-4EED-9000-A0629E69D5A7}.AppStore|iPhone.Build.0 = Release|Any CPU
		{E9BC91B2-A392-4EED-9000-A0629E69D5A7}.AppStore|iPhoneSimulator.ActiveCfg = Release|Any CPU
		{E9BC91B2-A392-4EED-9000-A0629E69D5A7}.AppStore|iPhoneSimulator.Build.0 = Release|Any CPU
		{E9BC91B2-A392-4EED-9000-A0629E69D5A7}.AppStore|x64.ActiveCfg = Release|Any CPU
		{E9BC91B2-A392-4EED-9000-A0629E69D5A7}.AppStore|x64.Build.0 = Release|Any CPU
		{E9BC91B2-A392-4EED-9000-A0629E69D5A7}.AppStore|x86.ActiveCfg = Release|Any CPU
		{E9BC91B2-A392-4EED-9000-A0629E69D5A7}.AppStore|x86.Build.0 = Release|Any CPU
		{E9BC91B2-A392-4EED-9000-A0629E69D5A7}.Debug|Any CPU.ActiveCfg = Debug|Any CPU
		{E9BC91B2-A392-4EED-9000-A0629E69D5A7}.Debug|Any CPU.Build.0 = Debug|Any CPU
		{E9BC91B2-A392-4EED-9000-A0629E69D5A7}.Debug|ARM.ActiveCfg = Debug|Any CPU
		{E9BC91B2-A392-4EED-9000-A0629E69D5A7}.Debug|ARM.Build.0 = Debug|Any CPU
		{E9BC91B2-A392-4EED-9000-A0629E69D5A7}.Debug|iPhone.ActiveCfg = Debug|Any CPU
		{E9BC91B2-A392-4EED-9000-A0629E69D5A7}.Debug|iPhone.Build.0 = Debug|Any CPU
		{E9BC91B2-A392-4EED-9000-A0629E69D5A7}.Debug|iPhoneSimulator.ActiveCfg = Debug|Any CPU
		{E9BC91B2-A392-4EED-9000-A0629E69D5A7}.Debug|iPhoneSimulator.Build.0 = Debug|Any CPU
		{E9BC91B2-A392-4EED-9000-A0629E69D5A7}.Debug|x64.ActiveCfg = Debug|Any CPU
		{E9BC91B2-A392-4EED-9000-A0629E69D5A7}.Debug|x64.Build.0 = Debug|Any CPU
		{E9BC91B2-A392-4EED-9000-A0629E69D5A7}.Debug|x86.ActiveCfg = Debug|Any CPU
		{E9BC91B2-A392-4EED-9000-A0629E69D5A7}.Debug|x86.Build.0 = Debug|Any CPU
		{E9BC91B2-A392-4EED-9000-A0629E69D5A7}.Release|Any CPU.ActiveCfg = Release|Any CPU
		{E9BC91B2-A392-4EED-9000-A0629E69D5A7}.Release|Any CPU.Build.0 = Release|Any CPU
		{E9BC91B2-A392-4EED-9000-A0629E69D5A7}.Release|ARM.ActiveCfg = Release|Any CPU
		{E9BC91B2-A392-4EED-9000-A0629E69D5A7}.Release|ARM.Build.0 = Release|Any CPU
		{E9BC91B2-A392-4EED-9000-A0629E69D5A7}.Release|iPhone.ActiveCfg = Release|Any CPU
		{E9BC91B2-A392-4EED-9000-A0629E69D5A7}.Release|iPhone.Build.0 = Release|Any CPU
		{E9BC91B2-A392-4EED-9000-A0629E69D5A7}.Release|iPhoneSimulator.ActiveCfg = Release|Any CPU
		{E9BC91B2-A392-4EED-9000-A0629E69D5A7}.Release|iPhoneSimulator.Build.0 = Release|Any CPU
		{E9BC91B2-A392-4EED-9000-A0629E69D5A7}.Release|x64.ActiveCfg = Release|Any CPU
		{E9BC91B2-A392-4EED-9000-A0629E69D5A7}.Release|x64.Build.0 = Release|Any CPU
		{E9BC91B2-A392-4EED-9000-A0629E69D5A7}.Release|x86.ActiveCfg = Release|Any CPU
		{E9BC91B2-A392-4EED-9000-A0629E69D5A7}.Release|x86.Build.0 = Release|Any CPU
	EndGlobalSection
	GlobalSection(SolutionProperties) = preSolution
		HideSolutionNode = FALSE
	EndGlobalSection
	GlobalSection(NestedProjects) = preSolution
		{57D5FF44-345D-4229-AEFC-E3F7F260A665} = {E34E9339-D39D-4B55-9F1B-ACB6DE3224BE}
		{8A0FC475-221D-4FE0-8308-3F703DC08F52} = {E34E9339-D39D-4B55-9F1B-ACB6DE3224BE}
		{E9BC91B2-A392-4EED-9000-A0629E69D5A7} = {E34E9339-D39D-4B55-9F1B-ACB6DE3224BE}
	EndGlobalSection
EndGlobal
